// !$*UTF8*$!
{
	archiveVersion = 1;
	classes = {
	};
	objectVersion = 46;
	objects = {

/* Begin PBXBuildFile section */
		183AF4E01B9133C900292936 /* main.m in Sources */ = {isa = PBXBuildFile; fileRef = 183AF4DF1B9133C900292936 /* main.m */; };
		183AF4E31B9133C900292936 /* AppDelegate.m in Sources */ = {isa = PBXBuildFile; fileRef = 183AF4E21B9133C900292936 /* AppDelegate.m */; };
		183AF4E61B9133C900292936 /* ViewController.m in Sources */ = {isa = PBXBuildFile; fileRef = 183AF4E51B9133C900292936 /* ViewController.m */; };
		183AF4E91B9133C900292936 /* Main.storyboard in Resources */ = {isa = PBXBuildFile; fileRef = 183AF4E71B9133C900292936 /* Main.storyboard */; };
		183AF4EB1B9133C900292936 /* Images.xcassets in Resources */ = {isa = PBXBuildFile; fileRef = 183AF4EA1B9133C900292936 /* Images.xcassets */; };
		183AF4EE1B9133C900292936 /* LaunchScreen.xib in Resources */ = {isa = PBXBuildFile; fileRef = 183AF4EC1B9133C900292936 /* LaunchScreen.xib */; };
		183AF4FA1B9133C900292936 /* ChatInputTests.m in Sources */ = {isa = PBXBuildFile; fileRef = 183AF4F91B9133C900292936 /* ChatInputTests.m */; };
		183AF5071B91344800292936 /* CIDetailController.m in Sources */ = {isa = PBXBuildFile; fileRef = 183AF5051B91344800292936 /* CIDetailController.m */; };
		183AF5081B91344800292936 /* CIDetailController.xib in Resources */ = {isa = PBXBuildFile; fileRef = 183AF5061B91344800292936 /* CIDetailController.xib */; };
		183AF5151B9136D300292936 /* CIInputBar.m in Sources */ = {isa = PBXBuildFile; fileRef = 183AF5141B9136D300292936 /* CIInputBar.m */; };
		183AF5171B9136E100292936 /* CIInputBar.xib in Resources */ = {isa = PBXBuildFile; fileRef = 183AF5161B9136E100292936 /* CIInputBar.xib */; };
		183AF5241B91473F00292936 /* CIEmotionView.m in Sources */ = {isa = PBXBuildFile; fileRef = 183AF5231B91473F00292936 /* CIEmotionView.m */; };
		183AF5261B91475300292936 /* CIEmotionView.xib in Resources */ = {isa = PBXBuildFile; fileRef = 183AF5251B91475300292936 /* CIEmotionView.xib */; };
		183AF5291B91568A00292936 /* CIAnotherView.m in Sources */ = {isa = PBXBuildFile; fileRef = 183AF5281B91568A00292936 /* CIAnotherView.m */; };
		183AF52B1B91569A00292936 /* CIAnotherView.xib in Resources */ = {isa = PBXBuildFile; fileRef = 183AF52A1B91569A00292936 /* CIAnotherView.xib */; };
		183AF52E1B917A6500292936 /* CIAnotherContentView.m in Sources */ = {isa = PBXBuildFile; fileRef = 183AF52D1B917A6500292936 /* CIAnotherContentView.m */; };
		183AF5301B917A7400292936 /* CIAnotherContentView.xib in Resources */ = {isa = PBXBuildFile; fileRef = 183AF52F1B917A7400292936 /* CIAnotherContentView.xib */; };
		18A62C421B94569800D04999 /* CIEmotionListBtnView.m in Sources */ = {isa = PBXBuildFile; fileRef = 18A62C411B94569800D04999 /* CIEmotionListBtnView.m */; };
		18A62C441B9456AC00D04999 /* CIEmotionListBtnView.xib in Resources */ = {isa = PBXBuildFile; fileRef = 18A62C431B9456AC00D04999 /* CIEmotionListBtnView.xib */; };
		18A62C481B94573400D04999 /* expression.plist in Resources */ = {isa = PBXBuildFile; fileRef = 18A62C461B94573400D04999 /* expression.plist */; };
		18A62C4B1B95365800D04999 /* CIEmotionBtnView.m in Sources */ = {isa = PBXBuildFile; fileRef = 18A62C4A1B95365800D04999 /* CIEmotionBtnView.m */; };
		18A62C4D1B95366700D04999 /* CIEmotionBtnView.xib in Resources */ = {isa = PBXBuildFile; fileRef = 18A62C4C1B95366700D04999 /* CIEmotionBtnView.xib */; };
		18A62C531B959EA100D04999 /* CIEmotionAlertView.m in Sources */ = {isa = PBXBuildFile; fileRef = 18A62C521B959EA100D04999 /* CIEmotionAlertView.m */; };
		18A62C551B959EB600D04999 /* CIEmotionAlertView.xib in Resources */ = {isa = PBXBuildFile; fileRef = 18A62C541B959EB600D04999 /* CIEmotionAlertView.xib */; };
		18A62CBA1B96886800D04999 /* Expression_1@2x.png in Resources */ = {isa = PBXBuildFile; fileRef = 18A62C561B96886800D04999 /* Expression_1@2x.png */; };
		18A62CBB1B96886800D04999 /* Expression_2@2x.png in Resources */ = {isa = PBXBuildFile; fileRef = 18A62C571B96886800D04999 /* Expression_2@2x.png */; };
		18A62CBC1B96886800D04999 /* Expression_3@2x.png in Resources */ = {isa = PBXBuildFile; fileRef = 18A62C581B96886800D04999 /* Expression_3@2x.png */; };
		18A62CBD1B96886800D04999 /* Expression_4@2x.png in Resources */ = {isa = PBXBuildFile; fileRef = 18A62C591B96886800D04999 /* Expression_4@2x.png */; };
		18A62CBE1B96886800D04999 /* Expression_5@2x.png in Resources */ = {isa = PBXBuildFile; fileRef = 18A62C5A1B96886800D04999 /* Expression_5@2x.png */; };
		18A62CBF1B96886800D04999 /* Expression_6@2x.png in Resources */ = {isa = PBXBuildFile; fileRef = 18A62C5B1B96886800D04999 /* Expression_6@2x.png */; };
		18A62CC01B96886800D04999 /* Expression_7@2x.png in Resources */ = {isa = PBXBuildFile; fileRef = 18A62C5C1B96886800D04999 /* Expression_7@2x.png */; };
		18A62CC11B96886800D04999 /* Expression_8@2x.png in Resources */ = {isa = PBXBuildFile; fileRef = 18A62C5D1B96886800D04999 /* Expression_8@2x.png */; };
		18A62CC21B96886800D04999 /* Expression_9@2x.png in Resources */ = {isa = PBXBuildFile; fileRef = 18A62C5E1B96886800D04999 /* Expression_9@2x.png */; };
		18A62CC31B96886800D04999 /* Expression_10@2x.png in Resources */ = {isa = PBXBuildFile; fileRef = 18A62C5F1B96886800D04999 /* Expression_10@2x.png */; };
		18A62CC41B96886800D04999 /* Expression_11@2x.png in Resources */ = {isa = PBXBuildFile; fileRef = 18A62C601B96886800D04999 /* Expression_11@2x.png */; };
		18A62CC51B96886800D04999 /* Expression_12@2x.png in Resources */ = {isa = PBXBuildFile; fileRef = 18A62C611B96886800D04999 /* Expression_12@2x.png */; };
		18A62CC61B96886800D04999 /* Expression_13@2x.png in Resources */ = {isa = PBXBuildFile; fileRef = 18A62C621B96886800D04999 /* Expression_13@2x.png */; };
		18A62CC71B96886800D04999 /* Expression_14@2x.png in Resources */ = {isa = PBXBuildFile; fileRef = 18A62C631B96886800D04999 /* Expression_14@2x.png */; };
		18A62CC81B96886800D04999 /* Expression_15@2x.png in Resources */ = {isa = PBXBuildFile; fileRef = 18A62C641B96886800D04999 /* Expression_15@2x.png */; };
		18A62CC91B96886800D04999 /* Expression_16@2x.png in Resources */ = {isa = PBXBuildFile; fileRef = 18A62C651B96886800D04999 /* Expression_16@2x.png */; };
		18A62CCA1B96886800D04999 /* Expression_17@2x.png in Resources */ = {isa = PBXBuildFile; fileRef = 18A62C661B96886800D04999 /* Expression_17@2x.png */; };
		18A62CCB1B96886800D04999 /* Expression_18@2x.png in Resources */ = {isa = PBXBuildFile; fileRef = 18A62C671B96886800D04999 /* Expression_18@2x.png */; };
		18A62CCC1B96886800D04999 /* Expression_19@2x.png in Resources */ = {isa = PBXBuildFile; fileRef = 18A62C681B96886800D04999 /* Expression_19@2x.png */; };
		18A62CCD1B96886800D04999 /* Expression_20@2x.png in Resources */ = {isa = PBXBuildFile; fileRef = 18A62C691B96886800D04999 /* Expression_20@2x.png */; };
		18A62CCE1B96886800D04999 /* Expression_21@2x.png in Resources */ = {isa = PBXBuildFile; fileRef = 18A62C6A1B96886800D04999 /* Expression_21@2x.png */; };
		18A62CCF1B96886800D04999 /* Expression_22@2x.png in Resources */ = {isa = PBXBuildFile; fileRef = 18A62C6B1B96886800D04999 /* Expression_22@2x.png */; };
		18A62CD01B96886800D04999 /* Expression_23@2x.png in Resources */ = {isa = PBXBuildFile; fileRef = 18A62C6C1B96886800D04999 /* Expression_23@2x.png */; };
		18A62CD11B96886800D04999 /* Expression_24@2x.png in Resources */ = {isa = PBXBuildFile; fileRef = 18A62C6D1B96886800D04999 /* Expression_24@2x.png */; };
		18A62CD21B96886800D04999 /* Expression_25@2x.png in Resources */ = {isa = PBXBuildFile; fileRef = 18A62C6E1B96886800D04999 /* Expression_25@2x.png */; };
		18A62CD31B96886800D04999 /* Expression_26@2x.png in Resources */ = {isa = PBXBuildFile; fileRef = 18A62C6F1B96886800D04999 /* Expression_26@2x.png */; };
		18A62CD41B96886800D04999 /* Expression_27@2x.png in Resources */ = {isa = PBXBuildFile; fileRef = 18A62C701B96886800D04999 /* Expression_27@2x.png */; };
		18A62CD51B96886800D04999 /* Expression_28@2x.png in Resources */ = {isa = PBXBuildFile; fileRef = 18A62C711B96886800D04999 /* Expression_28@2x.png */; };
		18A62CD61B96886800D04999 /* Expression_29@2x.png in Resources */ = {isa = PBXBuildFile; fileRef = 18A62C721B96886800D04999 /* Expression_29@2x.png */; };
		18A62CD71B96886800D04999 /* Expression_30@2x.png in Resources */ = {isa = PBXBuildFile; fileRef = 18A62C731B96886800D04999 /* Expression_30@2x.png */; };
		18A62CD81B96886800D04999 /* Expression_31@2x.png in Resources */ = {isa = PBXBuildFile; fileRef = 18A62C741B96886800D04999 /* Expression_31@2x.png */; };
		18A62CD91B96886800D04999 /* Expression_32@2x.png in Resources */ = {isa = PBXBuildFile; fileRef = 18A62C751B96886800D04999 /* Expression_32@2x.png */; };
		18A62CDA1B96886800D04999 /* Expression_33@2x.png in Resources */ = {isa = PBXBuildFile; fileRef = 18A62C761B96886800D04999 /* Expression_33@2x.png */; };
		18A62CDB1B96886800D04999 /* Expression_34@2x.png in Resources */ = {isa = PBXBuildFile; fileRef = 18A62C771B96886800D04999 /* Expression_34@2x.png */; };
		18A62CDC1B96886800D04999 /* Expression_35@2x.png in Resources */ = {isa = PBXBuildFile; fileRef = 18A62C781B96886800D04999 /* Expression_35@2x.png */; };
		18A62CDD1B96886800D04999 /* Expression_36@2x.png in Resources */ = {isa = PBXBuildFile; fileRef = 18A62C791B96886800D04999 /* Expression_36@2x.png */; };
		18A62CDE1B96886800D04999 /* Expression_37@2x.png in Resources */ = {isa = PBXBuildFile; fileRef = 18A62C7A1B96886800D04999 /* Expression_37@2x.png */; };
		18A62CDF1B96886800D04999 /* Expression_38@2x.png in Resources */ = {isa = PBXBuildFile; fileRef = 18A62C7B1B96886800D04999 /* Expression_38@2x.png */; };
		18A62CE01B96886800D04999 /* Expression_39@2x.png in Resources */ = {isa = PBXBuildFile; fileRef = 18A62C7C1B96886800D04999 /* Expression_39@2x.png */; };
		18A62CE11B96886800D04999 /* Expression_40@2x.png in Resources */ = {isa = PBXBuildFile; fileRef = 18A62C7D1B96886800D04999 /* Expression_40@2x.png */; };
		18A62CE21B96886800D04999 /* Expression_41@2x.png in Resources */ = {isa = PBXBuildFile; fileRef = 18A62C7E1B96886800D04999 /* Expression_41@2x.png */; };
		18A62CE31B96886800D04999 /* Expression_42@2x.png in Resources */ = {isa = PBXBuildFile; fileRef = 18A62C7F1B96886800D04999 /* Expression_42@2x.png */; };
		18A62CE41B96886800D04999 /* Expression_43@2x.png in Resources */ = {isa = PBXBuildFile; fileRef = 18A62C801B96886800D04999 /* Expression_43@2x.png */; };
		18A62CE51B96886800D04999 /* Expression_44@2x.png in Resources */ = {isa = PBXBuildFile; fileRef = 18A62C811B96886800D04999 /* Expression_44@2x.png */; };
		18A62CE61B96886800D04999 /* Expression_45@2x.png in Resources */ = {isa = PBXBuildFile; fileRef = 18A62C821B96886800D04999 /* Expression_45@2x.png */; };
		18A62CE71B96886800D04999 /* Expression_46@2x.png in Resources */ = {isa = PBXBuildFile; fileRef = 18A62C831B96886800D04999 /* Expression_46@2x.png */; };
		18A62CE81B96886800D04999 /* Expression_47@2x.png in Resources */ = {isa = PBXBuildFile; fileRef = 18A62C841B96886800D04999 /* Expression_47@2x.png */; };
		18A62CE91B96886800D04999 /* Expression_48@2x.png in Resources */ = {isa = PBXBuildFile; fileRef = 18A62C851B96886800D04999 /* Expression_48@2x.png */; };
		18A62CEA1B96886800D04999 /* Expression_49@2x.png in Resources */ = {isa = PBXBuildFile; fileRef = 18A62C861B96886800D04999 /* Expression_49@2x.png */; };
		18A62CEB1B96886800D04999 /* Expression_50@2x.png in Resources */ = {isa = PBXBuildFile; fileRef = 18A62C871B96886800D04999 /* Expression_50@2x.png */; };
		18A62CEC1B96886800D04999 /* Expression_51@2x.png in Resources */ = {isa = PBXBuildFile; fileRef = 18A62C881B96886800D04999 /* Expression_51@2x.png */; };
		18A62CED1B96886800D04999 /* Expression_52@2x.png in Resources */ = {isa = PBXBuildFile; fileRef = 18A62C891B96886800D04999 /* Expression_52@2x.png */; };
		18A62CEE1B96886800D04999 /* Expression_53@2x.png in Resources */ = {isa = PBXBuildFile; fileRef = 18A62C8A1B96886800D04999 /* Expression_53@2x.png */; };
		18A62CEF1B96886800D04999 /* Expression_54@2x.png in Resources */ = {isa = PBXBuildFile; fileRef = 18A62C8B1B96886800D04999 /* Expression_54@2x.png */; };
		18A62CF01B96886800D04999 /* Expression_55@2x.png in Resources */ = {isa = PBXBuildFile; fileRef = 18A62C8C1B96886800D04999 /* Expression_55@2x.png */; };
		18A62CF11B96886800D04999 /* Expression_56@2x.png in Resources */ = {isa = PBXBuildFile; fileRef = 18A62C8D1B96886800D04999 /* Expression_56@2x.png */; };
		18A62CF21B96886800D04999 /* Expression_57@2x.png in Resources */ = {isa = PBXBuildFile; fileRef = 18A62C8E1B96886800D04999 /* Expression_57@2x.png */; };
		18A62CF31B96886800D04999 /* Expression_58@2x.png in Resources */ = {isa = PBXBuildFile; fileRef = 18A62C8F1B96886800D04999 /* Expression_58@2x.png */; };
		18A62CF41B96886800D04999 /* Expression_59@2x.png in Resources */ = {isa = PBXBuildFile; fileRef = 18A62C901B96886800D04999 /* Expression_59@2x.png */; };
		18A62CF51B96886800D04999 /* Expression_60@2x.png in Resources */ = {isa = PBXBuildFile; fileRef = 18A62C911B96886800D04999 /* Expression_60@2x.png */; };
		18A62CF61B96886800D04999 /* Expression_61@2x.png in Resources */ = {isa = PBXBuildFile; fileRef = 18A62C921B96886800D04999 /* Expression_61@2x.png */; };
		18A62CF71B96886800D04999 /* Expression_62@2x.png in Resources */ = {isa = PBXBuildFile; fileRef = 18A62C931B96886800D04999 /* Expression_62@2x.png */; };
		18A62CF81B96886800D04999 /* Expression_63@2x.png in Resources */ = {isa = PBXBuildFile; fileRef = 18A62C941B96886800D04999 /* Expression_63@2x.png */; };
		18A62CF91B96886800D04999 /* Expression_64@2x.png in Resources */ = {isa = PBXBuildFile; fileRef = 18A62C951B96886800D04999 /* Expression_64@2x.png */; };
		18A62CFA1B96886800D04999 /* Expression_65@2x.png in Resources */ = {isa = PBXBuildFile; fileRef = 18A62C961B96886800D04999 /* Expression_65@2x.png */; };
		18A62CFB1B96886800D04999 /* Expression_66@2x.png in Resources */ = {isa = PBXBuildFile; fileRef = 18A62C971B96886800D04999 /* Expression_66@2x.png */; };
		18A62CFC1B96886800D04999 /* Expression_67@2x.png in Resources */ = {isa = PBXBuildFile; fileRef = 18A62C981B96886800D04999 /* Expression_67@2x.png */; };
		18A62CFD1B96886800D04999 /* Expression_68@2x.png in Resources */ = {isa = PBXBuildFile; fileRef = 18A62C991B96886800D04999 /* Expression_68@2x.png */; };
		18A62CFE1B96886800D04999 /* Expression_69@2x.png in Resources */ = {isa = PBXBuildFile; fileRef = 18A62C9A1B96886800D04999 /* Expression_69@2x.png */; };
		18A62CFF1B96886800D04999 /* Expression_70@2x.png in Resources */ = {isa = PBXBuildFile; fileRef = 18A62C9B1B96886800D04999 /* Expression_70@2x.png */; };
		18A62D001B96886800D04999 /* Expression_71@2x.png in Resources */ = {isa = PBXBuildFile; fileRef = 18A62C9C1B96886800D04999 /* Expression_71@2x.png */; };
		18A62D011B96886800D04999 /* Expression_72@2x.png in Resources */ = {isa = PBXBuildFile; fileRef = 18A62C9D1B96886800D04999 /* Expression_72@2x.png */; };
		18A62D021B96886800D04999 /* Expression_73@2x.png in Resources */ = {isa = PBXBuildFile; fileRef = 18A62C9E1B96886800D04999 /* Expression_73@2x.png */; };
		18A62D031B96886800D04999 /* Expression_74@2x.png in Resources */ = {isa = PBXBuildFile; fileRef = 18A62C9F1B96886800D04999 /* Expression_74@2x.png */; };
		18A62D041B96886800D04999 /* Expression_75@2x.png in Resources */ = {isa = PBXBuildFile; fileRef = 18A62CA01B96886800D04999 /* Expression_75@2x.png */; };
		18A62D051B96886800D04999 /* Expression_76@2x.png in Resources */ = {isa = PBXBuildFile; fileRef = 18A62CA11B96886800D04999 /* Expression_76@2x.png */; };
		18A62D061B96886800D04999 /* Expression_77@2x.png in Resources */ = {isa = PBXBuildFile; fileRef = 18A62CA21B96886800D04999 /* Expression_77@2x.png */; };
		18A62D071B96886800D04999 /* Expression_78@2x.png in Resources */ = {isa = PBXBuildFile; fileRef = 18A62CA31B96886800D04999 /* Expression_78@2x.png */; };
		18A62D081B96886800D04999 /* Expression_79@2x.png in Resources */ = {isa = PBXBuildFile; fileRef = 18A62CA41B96886800D04999 /* Expression_79@2x.png */; };
		18A62D091B96886800D04999 /* Expression_80@2x.png in Resources */ = {isa = PBXBuildFile; fileRef = 18A62CA51B96886800D04999 /* Expression_80@2x.png */; };
		18A62D0A1B96886800D04999 /* Expression_81@2x.png in Resources */ = {isa = PBXBuildFile; fileRef = 18A62CA61B96886800D04999 /* Expression_81@2x.png */; };
		18A62D0B1B96886800D04999 /* Expression_82@2x.png in Resources */ = {isa = PBXBuildFile; fileRef = 18A62CA71B96886800D04999 /* Expression_82@2x.png */; };
		18A62D0C1B96886800D04999 /* Expression_83@2x.png in Resources */ = {isa = PBXBuildFile; fileRef = 18A62CA81B96886800D04999 /* Expression_83@2x.png */; };
		18A62D0D1B96886800D04999 /* Expression_84@2x.png in Resources */ = {isa = PBXBuildFile; fileRef = 18A62CA91B96886800D04999 /* Expression_84@2x.png */; };
		18A62D0E1B96886800D04999 /* Expression_85@2x.png in Resources */ = {isa = PBXBuildFile; fileRef = 18A62CAA1B96886800D04999 /* Expression_85@2x.png */; };
		18A62D0F1B96886800D04999 /* Expression_86@2x.png in Resources */ = {isa = PBXBuildFile; fileRef = 18A62CAB1B96886800D04999 /* Expression_86@2x.png */; };
		18A62D101B96886800D04999 /* Expression_87@2x.png in Resources */ = {isa = PBXBuildFile; fileRef = 18A62CAC1B96886800D04999 /* Expression_87@2x.png */; };
		18A62D111B96886800D04999 /* Expression_88@2x.png in Resources */ = {isa = PBXBuildFile; fileRef = 18A62CAD1B96886800D04999 /* Expression_88@2x.png */; };
		18A62D121B96886800D04999 /* Expression_89@2x.png in Resources */ = {isa = PBXBuildFile; fileRef = 18A62CAE1B96886800D04999 /* Expression_89@2x.png */; };
		18A62D131B96886800D04999 /* Expression_90@2x.png in Resources */ = {isa = PBXBuildFile; fileRef = 18A62CAF1B96886800D04999 /* Expression_90@2x.png */; };
		18A62D141B96886800D04999 /* Expression_91@2x.png in Resources */ = {isa = PBXBuildFile; fileRef = 18A62CB01B96886800D04999 /* Expression_91@2x.png */; };
		18A62D151B96886800D04999 /* Expression_92@2x.png in Resources */ = {isa = PBXBuildFile; fileRef = 18A62CB11B96886800D04999 /* Expression_92@2x.png */; };
		18A62D161B96886800D04999 /* Expression_93@2x.png in Resources */ = {isa = PBXBuildFile; fileRef = 18A62CB21B96886800D04999 /* Expression_93@2x.png */; };
		18A62D171B96886800D04999 /* Expression_94@2x.png in Resources */ = {isa = PBXBuildFile; fileRef = 18A62CB31B96886800D04999 /* Expression_94@2x.png */; };
		18A62D181B96886800D04999 /* Expression_95@2x.png in Resources */ = {isa = PBXBuildFile; fileRef = 18A62CB41B96886800D04999 /* Expression_95@2x.png */; };
		18A62D191B96886800D04999 /* Expression_96@2x.png in Resources */ = {isa = PBXBuildFile; fileRef = 18A62CB51B96886800D04999 /* Expression_96@2x.png */; };
		18A62D1A1B96886800D04999 /* Expression_97@2x.png in Resources */ = {isa = PBXBuildFile; fileRef = 18A62CB61B96886800D04999 /* Expression_97@2x.png */; };
		18A62D1B1B96886800D04999 /* Expression_98@2x.png in Resources */ = {isa = PBXBuildFile; fileRef = 18A62CB71B96886800D04999 /* Expression_98@2x.png */; };
		18A62D1C1B96886800D04999 /* Expression_99@2x.png in Resources */ = {isa = PBXBuildFile; fileRef = 18A62CB81B96886800D04999 /* Expression_99@2x.png */; };
		18A62D1D1B96886800D04999 /* Expression_100@2x.png in Resources */ = {isa = PBXBuildFile; fileRef = 18A62CB91B96886800D04999 /* Expression_100@2x.png */; };
		18A62D1F1B9688C500D04999 /* DeleteEmoticonBtn@2x.png in Resources */ = {isa = PBXBuildFile; fileRef = 18A62D1E1B9688C500D04999 /* DeleteEmoticonBtn@2x.png */; };
		18A62D211B96891A00D04999 /* CIEmotion@2x.png in Resources */ = {isa = PBXBuildFile; fileRef = 18A62D201B96891A00D04999 /* CIEmotion@2x.png */; };
		18A62D231B968A7700D04999 /* CIVoice@2x.png in Resources */ = {isa = PBXBuildFile; fileRef = 18A62D221B968A7700D04999 /* CIVoice@2x.png */; };
		18A62D251B968A7E00D04999 /* CIKeyboard@2x.png in Resources */ = {isa = PBXBuildFile; fileRef = 18A62D241B968A7E00D04999 /* CIKeyboard@2x.png */; };
		18A62D271B968A8600D04999 /* CIAnother@2x.png in Resources */ = {isa = PBXBuildFile; fileRef = 18A62D261B968A8600D04999 /* CIAnother@2x.png */; };
		18A62D291B968B0800D04999 /* EmotionsEmojiHL.png in Resources */ = {isa = PBXBuildFile; fileRef = 18A62D281B968B0800D04999 /* EmotionsEmojiHL.png */; };
		18A62D341B968C2000D04999 /* CIAnotherContent9@2x.png in Resources */ = {isa = PBXBuildFile; fileRef = 18A62D2A1B968C2000D04999 /* CIAnotherContent9@2x.png */; };
		18A62D351B968C2000D04999 /* CIAnotherContent7@2x.png in Resources */ = {isa = PBXBuildFile; fileRef = 18A62D2B1B968C2000D04999 /* CIAnotherContent7@2x.png */; };
		18A62D361B968C2000D04999 /* CIAnotherContent8@2x.png in Resources */ = {isa = PBXBuildFile; fileRef = 18A62D2C1B968C2000D04999 /* CIAnotherContent8@2x.png */; };
		18A62D371B968C2000D04999 /* CIAnotherContent1@2x.png in Resources */ = {isa = PBXBuildFile; fileRef = 18A62D2D1B968C2000D04999 /* CIAnotherContent1@2x.png */; };
		18A62D381B968C2000D04999 /* CIAnotherContent3@2x.png in Resources */ = {isa = PBXBuildFile; fileRef = 18A62D2E1B968C2000D04999 /* CIAnotherContent3@2x.png */; };
		18A62D391B968C2000D04999 /* CIAnotherContent2@2x.png in Resources */ = {isa = PBXBuildFile; fileRef = 18A62D2F1B968C2000D04999 /* CIAnotherContent2@2x.png */; };
		18A62D3A1B968C2000D04999 /* CIAnotherContent4@2x.png in Resources */ = {isa = PBXBuildFile; fileRef = 18A62D301B968C2000D04999 /* CIAnotherContent4@2x.png */; };
		18A62D3B1B968C2000D04999 /* CIAnotherContent11@2x.png in Resources */ = {isa = PBXBuildFile; fileRef = 18A62D311B968C2000D04999 /* CIAnotherContent11@2x.png */; };
		18A62D3C1B968C2000D04999 /* CIAnotherContent10@2x.png in Resources */ = {isa = PBXBuildFile; fileRef = 18A62D321B968C2000D04999 /* CIAnotherContent10@2x.png */; };
		18A62D3D1B968C2000D04999 /* CIAnotherContent6@2x.png in Resources */ = {isa = PBXBuildFile; fileRef = 18A62D331B968C2000D04999 /* CIAnotherContent6@2x.png */; };
		18A62D3F1B968DB600D04999 /* CIAnotherContent5@2x.png in Resources */ = {isa = PBXBuildFile; fileRef = 18A62D3E1B968DB600D04999 /* CIAnotherContent5@2x.png */; };
		18A62D431B9693BE00D04999 /* CIMessageLeftCell.m in Sources */ = {isa = PBXBuildFile; fileRef = 18A62D411B9693BE00D04999 /* CIMessageLeftCell.m */; };
		18A62D441B9693BE00D04999 /* CIMessageLeftCell.xib in Resources */ = {isa = PBXBuildFile; fileRef = 18A62D421B9693BE00D04999 /* CIMessageLeftCell.xib */; };
		18A62D481B9693D400D04999 /* CIMessageRightCell.m in Sources */ = {isa = PBXBuildFile; fileRef = 18A62D461B9693D400D04999 /* CIMessageRightCell.m */; };
		18A62D491B9693D400D04999 /* CIMessageRightCell.xib in Resources */ = {isa = PBXBuildFile; fileRef = 18A62D471B9693D400D04999 /* CIMessageRightCell.xib */; };
		18A62D4D1B96948200D04999 /* CIVocieLeftCell.m in Sources */ = {isa = PBXBuildFile; fileRef = 18A62D4B1B96948200D04999 /* CIVocieLeftCell.m */; };
		18A62D4E1B96948200D04999 /* CIVocieLeftCell.xib in Resources */ = {isa = PBXBuildFile; fileRef = 18A62D4C1B96948200D04999 /* CIVocieLeftCell.xib */; };
		18A62D521B96949300D04999 /* CIVoiceRightCell.m in Sources */ = {isa = PBXBuildFile; fileRef = 18A62D501B96949300D04999 /* CIVoiceRightCell.m */; };
		18A62D531B96949300D04999 /* CIVoiceRightCell.xib in Resources */ = {isa = PBXBuildFile; fileRef = 18A62D511B96949300D04999 /* CIVoiceRightCell.xib */; };
		18A62D571B9694D200D04999 /* CITimeCell.m in Sources */ = {isa = PBXBuildFile; fileRef = 18A62D551B9694D200D04999 /* CITimeCell.m */; };
		18A62D581B9694D200D04999 /* CITimeCell.xib in Resources */ = {isa = PBXBuildFile; fileRef = 18A62D561B9694D200D04999 /* CITimeCell.xib */; };
		18A62D621B96957E00D04999 /* CIEmotionLeftCell.m in Sources */ = {isa = PBXBuildFile; fileRef = 18A62D601B96957E00D04999 /* CIEmotionLeftCell.m */; };
		18A62D631B96957E00D04999 /* CIEmotionLeftCell.xib in Resources */ = {isa = PBXBuildFile; fileRef = 18A62D611B96957E00D04999 /* CIEmotionLeftCell.xib */; };
		18A62D671B96958C00D04999 /* CIEmotionRightCell.m in Sources */ = {isa = PBXBuildFile; fileRef = 18A62D651B96958C00D04999 /* CIEmotionRightCell.m */; };
		18A62D681B96958C00D04999 /* CIEmotionRightCell.xib in Resources */ = {isa = PBXBuildFile; fileRef = 18A62D661B96958C00D04999 /* CIEmotionRightCell.xib */; };
		18A62D711B9695DF00D04999 /* CIImageLeftCell.m in Sources */ = {isa = PBXBuildFile; fileRef = 18A62D6F1B9695DF00D04999 /* CIImageLeftCell.m */; };
		18A62D721B9695DF00D04999 /* CIImageLeftCell.xib in Resources */ = {isa = PBXBuildFile; fileRef = 18A62D701B9695DF00D04999 /* CIImageLeftCell.xib */; };
		18A62D761B9695F000D04999 /* CIImageRightCell.m in Sources */ = {isa = PBXBuildFile; fileRef = 18A62D741B9695F000D04999 /* CIImageRightCell.m */; };
		18A62D771B9695F000D04999 /* CIImageRightCell.xib in Resources */ = {isa = PBXBuildFile; fileRef = 18A62D751B9695F000D04999 /* CIImageRightCell.xib */; };
		18A62D7A1B96D32C00D04999 /* SenderTextNodeBkg@2x.png in Resources */ = {isa = PBXBuildFile; fileRef = 18A62D791B96D32C00D04999 /* SenderTextNodeBkg@2x.png */; };
		18A62D7C1B96D37100D04999 /* ReceiverTextNodeBkg@2x.png in Resources */ = {isa = PBXBuildFile; fileRef = 18A62D7B1B96D37100D04999 /* ReceiverTextNodeBkg@2x.png */; };
		18A62D7E1B96F0BB00D04999 /* DefaultAvatar@2x.png in Resources */ = {isa = PBXBuildFile; fileRef = 18A62D7D1B96F0BB00D04999 /* DefaultAvatar@2x.png */; };
		18A62D801B96F54F00D04999 /* TimedOut@2x.png in Resources */ = {isa = PBXBuildFile; fileRef = 18A62D7F1B96F54F00D04999 /* TimedOut@2x.png */; };
		18A62D851B9AAA3B00D04999 /* jpg1.jpg in Resources */ = {isa = PBXBuildFile; fileRef = 18A62D821B9AAA3B00D04999 /* jpg1.jpg */; };
		18A62D861B9AAA3B00D04999 /* jpg2.jpg in Resources */ = {isa = PBXBuildFile; fileRef = 18A62D831B9AAA3B00D04999 /* jpg2.jpg */; };
		18A62D871B9AAA3B00D04999 /* jpg3.jpg in Resources */ = {isa = PBXBuildFile; fileRef = 18A62D841B9AAA3B00D04999 /* jpg3.jpg */; };
/* End PBXBuildFile section */

/* Begin PBXContainerItemProxy section */
		183AF4F41B9133C900292936 /* PBXContainerItemProxy */ = {
			isa = PBXContainerItemProxy;
			containerPortal = 183AF4D21B9133C900292936 /* Project object */;
			proxyType = 1;
			remoteGlobalIDString = 183AF4D91B9133C900292936;
			remoteInfo = ChatInput;
		};
/* End PBXContainerItemProxy section */

/* Begin PBXFileReference section */
		183AF4DA1B9133C900292936 /* ChatInput.app */ = {isa = PBXFileReference; explicitFileType = wrapper.application; includeInIndex = 0; path = ChatInput.app; sourceTree = BUILT_PRODUCTS_DIR; };
		183AF4DE1B9133C900292936 /* Info.plist */ = {isa = PBXFileReference; lastKnownFileType = text.plist.xml; path = Info.plist; sourceTree = "<group>"; };
		183AF4DF1B9133C900292936 /* main.m */ = {isa = PBXFileReference; lastKnownFileType = sourcecode.c.objc; path = main.m; sourceTree = "<group>"; };
		183AF4E11B9133C900292936 /* AppDelegate.h */ = {isa = PBXFileReference; lastKnownFileType = sourcecode.c.h; path = AppDelegate.h; sourceTree = "<group>"; };
		183AF4E21B9133C900292936 /* AppDelegate.m */ = {isa = PBXFileReference; lastKnownFileType = sourcecode.c.objc; path = AppDelegate.m; sourceTree = "<group>"; };
		183AF4E41B9133C900292936 /* ViewController.h */ = {isa = PBXFileReference; lastKnownFileType = sourcecode.c.h; path = ViewController.h; sourceTree = "<group>"; };
		183AF4E51B9133C900292936 /* ViewController.m */ = {isa = PBXFileReference; lastKnownFileType = sourcecode.c.objc; path = ViewController.m; sourceTree = "<group>"; };
		183AF4E81B9133C900292936 /* Base */ = {isa = PBXFileReference; lastKnownFileType = file.storyboard; name = Base; path = Base.lproj/Main.storyboard; sourceTree = "<group>"; };
		183AF4EA1B9133C900292936 /* Images.xcassets */ = {isa = PBXFileReference; lastKnownFileType = folder.assetcatalog; path = Images.xcassets; sourceTree = "<group>"; };
		183AF4ED1B9133C900292936 /* Base */ = {isa = PBXFileReference; lastKnownFileType = file.xib; name = Base; path = Base.lproj/LaunchScreen.xib; sourceTree = "<group>"; };
		183AF4F31B9133C900292936 /* ChatInputTests.xctest */ = {isa = PBXFileReference; explicitFileType = wrapper.cfbundle; includeInIndex = 0; path = ChatInputTests.xctest; sourceTree = BUILT_PRODUCTS_DIR; };
		183AF4F81B9133C900292936 /* Info.plist */ = {isa = PBXFileReference; lastKnownFileType = text.plist.xml; path = Info.plist; sourceTree = "<group>"; };
		183AF4F91B9133C900292936 /* ChatInputTests.m */ = {isa = PBXFileReference; lastKnownFileType = sourcecode.c.objc; path = ChatInputTests.m; sourceTree = "<group>"; };
		183AF5041B91344800292936 /* CIDetailController.h */ = {isa = PBXFileReference; fileEncoding = 4; lastKnownFileType = sourcecode.c.h; path = CIDetailController.h; sourceTree = "<group>"; };
		183AF5051B91344800292936 /* CIDetailController.m */ = {isa = PBXFileReference; fileEncoding = 4; lastKnownFileType = sourcecode.c.objc; path = CIDetailController.m; sourceTree = "<group>"; };
		183AF5061B91344800292936 /* CIDetailController.xib */ = {isa = PBXFileReference; fileEncoding = 4; lastKnownFileType = file.xib; path = CIDetailController.xib; sourceTree = "<group>"; };
		183AF5131B9136D300292936 /* CIInputBar.h */ = {isa = PBXFileReference; fileEncoding = 4; lastKnownFileType = sourcecode.c.h; path = CIInputBar.h; sourceTree = "<group>"; };
		183AF5141B9136D300292936 /* CIInputBar.m */ = {isa = PBXFileReference; fileEncoding = 4; lastKnownFileType = sourcecode.c.objc; path = CIInputBar.m; sourceTree = "<group>"; };
		183AF5161B9136E100292936 /* CIInputBar.xib */ = {isa = PBXFileReference; fileEncoding = 4; lastKnownFileType = file.xib; path = CIInputBar.xib; sourceTree = "<group>"; };
		183AF5221B91473F00292936 /* CIEmotionView.h */ = {isa = PBXFileReference; fileEncoding = 4; lastKnownFileType = sourcecode.c.h; path = CIEmotionView.h; sourceTree = "<group>"; };
		183AF5231B91473F00292936 /* CIEmotionView.m */ = {isa = PBXFileReference; fileEncoding = 4; lastKnownFileType = sourcecode.c.objc; path = CIEmotionView.m; sourceTree = "<group>"; };
		183AF5251B91475300292936 /* CIEmotionView.xib */ = {isa = PBXFileReference; fileEncoding = 4; lastKnownFileType = file.xib; path = CIEmotionView.xib; sourceTree = "<group>"; };
		183AF5271B91568A00292936 /* CIAnotherView.h */ = {isa = PBXFileReference; fileEncoding = 4; lastKnownFileType = sourcecode.c.h; path = CIAnotherView.h; sourceTree = "<group>"; };
		183AF5281B91568A00292936 /* CIAnotherView.m */ = {isa = PBXFileReference; fileEncoding = 4; lastKnownFileType = sourcecode.c.objc; path = CIAnotherView.m; sourceTree = "<group>"; };
		183AF52A1B91569A00292936 /* CIAnotherView.xib */ = {isa = PBXFileReference; fileEncoding = 4; lastKnownFileType = file.xib; path = CIAnotherView.xib; sourceTree = "<group>"; };
		183AF52C1B917A6500292936 /* CIAnotherContentView.h */ = {isa = PBXFileReference; fileEncoding = 4; lastKnownFileType = sourcecode.c.h; path = CIAnotherContentView.h; sourceTree = "<group>"; };
		183AF52D1B917A6500292936 /* CIAnotherContentView.m */ = {isa = PBXFileReference; fileEncoding = 4; lastKnownFileType = sourcecode.c.objc; path = CIAnotherContentView.m; sourceTree = "<group>"; };
		183AF52F1B917A7400292936 /* CIAnotherContentView.xib */ = {isa = PBXFileReference; fileEncoding = 4; lastKnownFileType = file.xib; path = CIAnotherContentView.xib; sourceTree = "<group>"; };
		18A62B621B93FB4900D04999 /* CIConstants.h */ = {isa = PBXFileReference; lastKnownFileType = sourcecode.c.h; path = CIConstants.h; sourceTree = "<group>"; };
		18A62C401B94569800D04999 /* CIEmotionListBtnView.h */ = {isa = PBXFileReference; fileEncoding = 4; lastKnownFileType = sourcecode.c.h; path = CIEmotionListBtnView.h; sourceTree = "<group>"; };
		18A62C411B94569800D04999 /* CIEmotionListBtnView.m */ = {isa = PBXFileReference; fileEncoding = 4; lastKnownFileType = sourcecode.c.objc; path = CIEmotionListBtnView.m; sourceTree = "<group>"; };
		18A62C431B9456AC00D04999 /* CIEmotionListBtnView.xib */ = {isa = PBXFileReference; fileEncoding = 4; lastKnownFileType = file.xib; path = CIEmotionListBtnView.xib; sourceTree = "<group>"; };
		18A62C461B94573400D04999 /* expression.plist */ = {isa = PBXFileReference; fileEncoding = 4; lastKnownFileType = text.plist.xml; path = expression.plist; sourceTree = "<group>"; };
		18A62C491B95365800D04999 /* CIEmotionBtnView.h */ = {isa = PBXFileReference; fileEncoding = 4; lastKnownFileType = sourcecode.c.h; path = CIEmotionBtnView.h; sourceTree = "<group>"; };
		18A62C4A1B95365800D04999 /* CIEmotionBtnView.m */ = {isa = PBXFileReference; fileEncoding = 4; lastKnownFileType = sourcecode.c.objc; path = CIEmotionBtnView.m; sourceTree = "<group>"; };
		18A62C4C1B95366700D04999 /* CIEmotionBtnView.xib */ = {isa = PBXFileReference; fileEncoding = 4; lastKnownFileType = file.xib; path = CIEmotionBtnView.xib; sourceTree = "<group>"; };
		18A62C511B959EA100D04999 /* CIEmotionAlertView.h */ = {isa = PBXFileReference; fileEncoding = 4; lastKnownFileType = sourcecode.c.h; path = CIEmotionAlertView.h; sourceTree = "<group>"; };
		18A62C521B959EA100D04999 /* CIEmotionAlertView.m */ = {isa = PBXFileReference; fileEncoding = 4; lastKnownFileType = sourcecode.c.objc; path = CIEmotionAlertView.m; sourceTree = "<group>"; };
		18A62C541B959EB600D04999 /* CIEmotionAlertView.xib */ = {isa = PBXFileReference; fileEncoding = 4; lastKnownFileType = file.xib; path = CIEmotionAlertView.xib; sourceTree = "<group>"; };
		18A62C561B96886800D04999 /* Expression_1@2x.png */ = {isa = PBXFileReference; lastKnownFileType = image.png; path = "Expression_1@2x.png"; sourceTree = "<group>"; };
		18A62C571B96886800D04999 /* Expression_2@2x.png */ = {isa = PBXFileReference; lastKnownFileType = image.png; path = "Expression_2@2x.png"; sourceTree = "<group>"; };
		18A62C581B96886800D04999 /* Expression_3@2x.png */ = {isa = PBXFileReference; lastKnownFileType = image.png; path = "Expression_3@2x.png"; sourceTree = "<group>"; };
		18A62C591B96886800D04999 /* Expression_4@2x.png */ = {isa = PBXFileReference; lastKnownFileType = image.png; path = "Expression_4@2x.png"; sourceTree = "<group>"; };
		18A62C5A1B96886800D04999 /* Expression_5@2x.png */ = {isa = PBXFileReference; lastKnownFileType = image.png; path = "Expression_5@2x.png"; sourceTree = "<group>"; };
		18A62C5B1B96886800D04999 /* Expression_6@2x.png */ = {isa = PBXFileReference; lastKnownFileType = image.png; path = "Expression_6@2x.png"; sourceTree = "<group>"; };
		18A62C5C1B96886800D04999 /* Expression_7@2x.png */ = {isa = PBXFileReference; lastKnownFileType = image.png; path = "Expression_7@2x.png"; sourceTree = "<group>"; };
		18A62C5D1B96886800D04999 /* Expression_8@2x.png */ = {isa = PBXFileReference; lastKnownFileType = image.png; path = "Expression_8@2x.png"; sourceTree = "<group>"; };
		18A62C5E1B96886800D04999 /* Expression_9@2x.png */ = {isa = PBXFileReference; lastKnownFileType = image.png; path = "Expression_9@2x.png"; sourceTree = "<group>"; };
		18A62C5F1B96886800D04999 /* Expression_10@2x.png */ = {isa = PBXFileReference; lastKnownFileType = image.png; path = "Expression_10@2x.png"; sourceTree = "<group>"; };
		18A62C601B96886800D04999 /* Expression_11@2x.png */ = {isa = PBXFileReference; lastKnownFileType = image.png; path = "Expression_11@2x.png"; sourceTree = "<group>"; };
		18A62C611B96886800D04999 /* Expression_12@2x.png */ = {isa = PBXFileReference; lastKnownFileType = image.png; path = "Expression_12@2x.png"; sourceTree = "<group>"; };
		18A62C621B96886800D04999 /* Expression_13@2x.png */ = {isa = PBXFileReference; lastKnownFileType = image.png; path = "Expression_13@2x.png"; sourceTree = "<group>"; };
		18A62C631B96886800D04999 /* Expression_14@2x.png */ = {isa = PBXFileReference; lastKnownFileType = image.png; path = "Expression_14@2x.png"; sourceTree = "<group>"; };
		18A62C641B96886800D04999 /* Expression_15@2x.png */ = {isa = PBXFileReference; lastKnownFileType = image.png; path = "Expression_15@2x.png"; sourceTree = "<group>"; };
		18A62C651B96886800D04999 /* Expression_16@2x.png */ = {isa = PBXFileReference; lastKnownFileType = image.png; path = "Expression_16@2x.png"; sourceTree = "<group>"; };
		18A62C661B96886800D04999 /* Expression_17@2x.png */ = {isa = PBXFileReference; lastKnownFileType = image.png; path = "Expression_17@2x.png"; sourceTree = "<group>"; };
		18A62C671B96886800D04999 /* Expression_18@2x.png */ = {isa = PBXFileReference; lastKnownFileType = image.png; path = "Expression_18@2x.png"; sourceTree = "<group>"; };
		18A62C681B96886800D04999 /* Expression_19@2x.png */ = {isa = PBXFileReference; lastKnownFileType = image.png; path = "Expression_19@2x.png"; sourceTree = "<group>"; };
		18A62C691B96886800D04999 /* Expression_20@2x.png */ = {isa = PBXFileReference; lastKnownFileType = image.png; path = "Expression_20@2x.png"; sourceTree = "<group>"; };
		18A62C6A1B96886800D04999 /* Expression_21@2x.png */ = {isa = PBXFileReference; lastKnownFileType = image.png; path = "Expression_21@2x.png"; sourceTree = "<group>"; };
		18A62C6B1B96886800D04999 /* Expression_22@2x.png */ = {isa = PBXFileReference; lastKnownFileType = image.png; path = "Expression_22@2x.png"; sourceTree = "<group>"; };
		18A62C6C1B96886800D04999 /* Expression_23@2x.png */ = {isa = PBXFileReference; lastKnownFileType = image.png; path = "Expression_23@2x.png"; sourceTree = "<group>"; };
		18A62C6D1B96886800D04999 /* Expression_24@2x.png */ = {isa = PBXFileReference; lastKnownFileType = image.png; path = "Expression_24@2x.png"; sourceTree = "<group>"; };
		18A62C6E1B96886800D04999 /* Expression_25@2x.png */ = {isa = PBXFileReference; lastKnownFileType = image.png; path = "Expression_25@2x.png"; sourceTree = "<group>"; };
		18A62C6F1B96886800D04999 /* Expression_26@2x.png */ = {isa = PBXFileReference; lastKnownFileType = image.png; path = "Expression_26@2x.png"; sourceTree = "<group>"; };
		18A62C701B96886800D04999 /* Expression_27@2x.png */ = {isa = PBXFileReference; lastKnownFileType = image.png; path = "Expression_27@2x.png"; sourceTree = "<group>"; };
		18A62C711B96886800D04999 /* Expression_28@2x.png */ = {isa = PBXFileReference; lastKnownFileType = image.png; path = "Expression_28@2x.png"; sourceTree = "<group>"; };
		18A62C721B96886800D04999 /* Expression_29@2x.png */ = {isa = PBXFileReference; lastKnownFileType = image.png; path = "Expression_29@2x.png"; sourceTree = "<group>"; };
		18A62C731B96886800D04999 /* Expression_30@2x.png */ = {isa = PBXFileReference; lastKnownFileType = image.png; path = "Expression_30@2x.png"; sourceTree = "<group>"; };
		18A62C741B96886800D04999 /* Expression_31@2x.png */ = {isa = PBXFileReference; lastKnownFileType = image.png; path = "Expression_31@2x.png"; sourceTree = "<group>"; };
		18A62C751B96886800D04999 /* Expression_32@2x.png */ = {isa = PBXFileReference; lastKnownFileType = image.png; path = "Expression_32@2x.png"; sourceTree = "<group>"; };
		18A62C761B96886800D04999 /* Expression_33@2x.png */ = {isa = PBXFileReference; lastKnownFileType = image.png; path = "Expression_33@2x.png"; sourceTree = "<group>"; };
		18A62C771B96886800D04999 /* Expression_34@2x.png */ = {isa = PBXFileReference; lastKnownFileType = image.png; path = "Expression_34@2x.png"; sourceTree = "<group>"; };
		18A62C781B96886800D04999 /* Expression_35@2x.png */ = {isa = PBXFileReference; lastKnownFileType = image.png; path = "Expression_35@2x.png"; sourceTree = "<group>"; };
		18A62C791B96886800D04999 /* Expression_36@2x.png */ = {isa = PBXFileReference; lastKnownFileType = image.png; path = "Expression_36@2x.png"; sourceTree = "<group>"; };
		18A62C7A1B96886800D04999 /* Expression_37@2x.png */ = {isa = PBXFileReference; lastKnownFileType = image.png; path = "Expression_37@2x.png"; sourceTree = "<group>"; };
		18A62C7B1B96886800D04999 /* Expression_38@2x.png */ = {isa = PBXFileReference; lastKnownFileType = image.png; path = "Expression_38@2x.png"; sourceTree = "<group>"; };
		18A62C7C1B96886800D04999 /* Expression_39@2x.png */ = {isa = PBXFileReference; lastKnownFileType = image.png; path = "Expression_39@2x.png"; sourceTree = "<group>"; };
		18A62C7D1B96886800D04999 /* Expression_40@2x.png */ = {isa = PBXFileReference; lastKnownFileType = image.png; path = "Expression_40@2x.png"; sourceTree = "<group>"; };
		18A62C7E1B96886800D04999 /* Expression_41@2x.png */ = {isa = PBXFileReference; lastKnownFileType = image.png; path = "Expression_41@2x.png"; sourceTree = "<group>"; };
		18A62C7F1B96886800D04999 /* Expression_42@2x.png */ = {isa = PBXFileReference; lastKnownFileType = image.png; path = "Expression_42@2x.png"; sourceTree = "<group>"; };
		18A62C801B96886800D04999 /* Expression_43@2x.png */ = {isa = PBXFileReference; lastKnownFileType = image.png; path = "Expression_43@2x.png"; sourceTree = "<group>"; };
		18A62C811B96886800D04999 /* Expression_44@2x.png */ = {isa = PBXFileReference; lastKnownFileType = image.png; path = "Expression_44@2x.png"; sourceTree = "<group>"; };
		18A62C821B96886800D04999 /* Expression_45@2x.png */ = {isa = PBXFileReference; lastKnownFileType = image.png; path = "Expression_45@2x.png"; sourceTree = "<group>"; };
		18A62C831B96886800D04999 /* Expression_46@2x.png */ = {isa = PBXFileReference; lastKnownFileType = image.png; path = "Expression_46@2x.png"; sourceTree = "<group>"; };
		18A62C841B96886800D04999 /* Expression_47@2x.png */ = {isa = PBXFileReference; lastKnownFileType = image.png; path = "Expression_47@2x.png"; sourceTree = "<group>"; };
		18A62C851B96886800D04999 /* Expression_48@2x.png */ = {isa = PBXFileReference; lastKnownFileType = image.png; path = "Expression_48@2x.png"; sourceTree = "<group>"; };
		18A62C861B96886800D04999 /* Expression_49@2x.png */ = {isa = PBXFileReference; lastKnownFileType = image.png; path = "Expression_49@2x.png"; sourceTree = "<group>"; };
		18A62C871B96886800D04999 /* Expression_50@2x.png */ = {isa = PBXFileReference; lastKnownFileType = image.png; path = "Expression_50@2x.png"; sourceTree = "<group>"; };
		18A62C881B96886800D04999 /* Expression_51@2x.png */ = {isa = PBXFileReference; lastKnownFileType = image.png; path = "Expression_51@2x.png"; sourceTree = "<group>"; };
		18A62C891B96886800D04999 /* Expression_52@2x.png */ = {isa = PBXFileReference; lastKnownFileType = image.png; path = "Expression_52@2x.png"; sourceTree = "<group>"; };
		18A62C8A1B96886800D04999 /* Expression_53@2x.png */ = {isa = PBXFileReference; lastKnownFileType = image.png; path = "Expression_53@2x.png"; sourceTree = "<group>"; };
		18A62C8B1B96886800D04999 /* Expression_54@2x.png */ = {isa = PBXFileReference; lastKnownFileType = image.png; path = "Expression_54@2x.png"; sourceTree = "<group>"; };
		18A62C8C1B96886800D04999 /* Expression_55@2x.png */ = {isa = PBXFileReference; lastKnownFileType = image.png; path = "Expression_55@2x.png"; sourceTree = "<group>"; };
		18A62C8D1B96886800D04999 /* Expression_56@2x.png */ = {isa = PBXFileReference; lastKnownFileType = image.png; path = "Expression_56@2x.png"; sourceTree = "<group>"; };
		18A62C8E1B96886800D04999 /* Expression_57@2x.png */ = {isa = PBXFileReference; lastKnownFileType = image.png; path = "Expression_57@2x.png"; sourceTree = "<group>"; };
		18A62C8F1B96886800D04999 /* Expression_58@2x.png */ = {isa = PBXFileReference; lastKnownFileType = image.png; path = "Expression_58@2x.png"; sourceTree = "<group>"; };
		18A62C901B96886800D04999 /* Expression_59@2x.png */ = {isa = PBXFileReference; lastKnownFileType = image.png; path = "Expression_59@2x.png"; sourceTree = "<group>"; };
		18A62C911B96886800D04999 /* Expression_60@2x.png */ = {isa = PBXFileReference; lastKnownFileType = image.png; path = "Expression_60@2x.png"; sourceTree = "<group>"; };
		18A62C921B96886800D04999 /* Expression_61@2x.png */ = {isa = PBXFileReference; lastKnownFileType = image.png; path = "Expression_61@2x.png"; sourceTree = "<group>"; };
		18A62C931B96886800D04999 /* Expression_62@2x.png */ = {isa = PBXFileReference; lastKnownFileType = image.png; path = "Expression_62@2x.png"; sourceTree = "<group>"; };
		18A62C941B96886800D04999 /* Expression_63@2x.png */ = {isa = PBXFileReference; lastKnownFileType = image.png; path = "Expression_63@2x.png"; sourceTree = "<group>"; };
		18A62C951B96886800D04999 /* Expression_64@2x.png */ = {isa = PBXFileReference; lastKnownFileType = image.png; path = "Expression_64@2x.png"; sourceTree = "<group>"; };
		18A62C961B96886800D04999 /* Expression_65@2x.png */ = {isa = PBXFileReference; lastKnownFileType = image.png; path = "Expression_65@2x.png"; sourceTree = "<group>"; };
		18A62C971B96886800D04999 /* Expression_66@2x.png */ = {isa = PBXFileReference; lastKnownFileType = image.png; path = "Expression_66@2x.png"; sourceTree = "<group>"; };
		18A62C981B96886800D04999 /* Expression_67@2x.png */ = {isa = PBXFileReference; lastKnownFileType = image.png; path = "Expression_67@2x.png"; sourceTree = "<group>"; };
		18A62C991B96886800D04999 /* Expression_68@2x.png */ = {isa = PBXFileReference; lastKnownFileType = image.png; path = "Expression_68@2x.png"; sourceTree = "<group>"; };
		18A62C9A1B96886800D04999 /* Expression_69@2x.png */ = {isa = PBXFileReference; lastKnownFileType = image.png; path = "Expression_69@2x.png"; sourceTree = "<group>"; };
		18A62C9B1B96886800D04999 /* Expression_70@2x.png */ = {isa = PBXFileReference; lastKnownFileType = image.png; path = "Expression_70@2x.png"; sourceTree = "<group>"; };
		18A62C9C1B96886800D04999 /* Expression_71@2x.png */ = {isa = PBXFileReference; lastKnownFileType = image.png; path = "Expression_71@2x.png"; sourceTree = "<group>"; };
		18A62C9D1B96886800D04999 /* Expression_72@2x.png */ = {isa = PBXFileReference; lastKnownFileType = image.png; path = "Expression_72@2x.png"; sourceTree = "<group>"; };
		18A62C9E1B96886800D04999 /* Expression_73@2x.png */ = {isa = PBXFileReference; lastKnownFileType = image.png; path = "Expression_73@2x.png"; sourceTree = "<group>"; };
		18A62C9F1B96886800D04999 /* Expression_74@2x.png */ = {isa = PBXFileReference; lastKnownFileType = image.png; path = "Expression_74@2x.png"; sourceTree = "<group>"; };
		18A62CA01B96886800D04999 /* Expression_75@2x.png */ = {isa = PBXFileReference; lastKnownFileType = image.png; path = "Expression_75@2x.png"; sourceTree = "<group>"; };
		18A62CA11B96886800D04999 /* Expression_76@2x.png */ = {isa = PBXFileReference; lastKnownFileType = image.png; path = "Expression_76@2x.png"; sourceTree = "<group>"; };
		18A62CA21B96886800D04999 /* Expression_77@2x.png */ = {isa = PBXFileReference; lastKnownFileType = image.png; path = "Expression_77@2x.png"; sourceTree = "<group>"; };
		18A62CA31B96886800D04999 /* Expression_78@2x.png */ = {isa = PBXFileReference; lastKnownFileType = image.png; path = "Expression_78@2x.png"; sourceTree = "<group>"; };
		18A62CA41B96886800D04999 /* Expression_79@2x.png */ = {isa = PBXFileReference; lastKnownFileType = image.png; path = "Expression_79@2x.png"; sourceTree = "<group>"; };
		18A62CA51B96886800D04999 /* Expression_80@2x.png */ = {isa = PBXFileReference; lastKnownFileType = image.png; path = "Expression_80@2x.png"; sourceTree = "<group>"; };
		18A62CA61B96886800D04999 /* Expression_81@2x.png */ = {isa = PBXFileReference; lastKnownFileType = image.png; path = "Expression_81@2x.png"; sourceTree = "<group>"; };
		18A62CA71B96886800D04999 /* Expression_82@2x.png */ = {isa = PBXFileReference; lastKnownFileType = image.png; path = "Expression_82@2x.png"; sourceTree = "<group>"; };
		18A62CA81B96886800D04999 /* Expression_83@2x.png */ = {isa = PBXFileReference; lastKnownFileType = image.png; path = "Expression_83@2x.png"; sourceTree = "<group>"; };
		18A62CA91B96886800D04999 /* Expression_84@2x.png */ = {isa = PBXFileReference; lastKnownFileType = image.png; path = "Expression_84@2x.png"; sourceTree = "<group>"; };
		18A62CAA1B96886800D04999 /* Expression_85@2x.png */ = {isa = PBXFileReference; lastKnownFileType = image.png; path = "Expression_85@2x.png"; sourceTree = "<group>"; };
		18A62CAB1B96886800D04999 /* Expression_86@2x.png */ = {isa = PBXFileReference; lastKnownFileType = image.png; path = "Expression_86@2x.png"; sourceTree = "<group>"; };
		18A62CAC1B96886800D04999 /* Expression_87@2x.png */ = {isa = PBXFileReference; lastKnownFileType = image.png; path = "Expression_87@2x.png"; sourceTree = "<group>"; };
		18A62CAD1B96886800D04999 /* Expression_88@2x.png */ = {isa = PBXFileReference; lastKnownFileType = image.png; path = "Expression_88@2x.png"; sourceTree = "<group>"; };
		18A62CAE1B96886800D04999 /* Expression_89@2x.png */ = {isa = PBXFileReference; lastKnownFileType = image.png; path = "Expression_89@2x.png"; sourceTree = "<group>"; };
		18A62CAF1B96886800D04999 /* Expression_90@2x.png */ = {isa = PBXFileReference; lastKnownFileType = image.png; path = "Expression_90@2x.png"; sourceTree = "<group>"; };
		18A62CB01B96886800D04999 /* Expression_91@2x.png */ = {isa = PBXFileReference; lastKnownFileType = image.png; path = "Expression_91@2x.png"; sourceTree = "<group>"; };
		18A62CB11B96886800D04999 /* Expression_92@2x.png */ = {isa = PBXFileReference; lastKnownFileType = image.png; path = "Expression_92@2x.png"; sourceTree = "<group>"; };
		18A62CB21B96886800D04999 /* Expression_93@2x.png */ = {isa = PBXFileReference; lastKnownFileType = image.png; path = "Expression_93@2x.png"; sourceTree = "<group>"; };
		18A62CB31B96886800D04999 /* Expression_94@2x.png */ = {isa = PBXFileReference; lastKnownFileType = image.png; path = "Expression_94@2x.png"; sourceTree = "<group>"; };
		18A62CB41B96886800D04999 /* Expression_95@2x.png */ = {isa = PBXFileReference; lastKnownFileType = image.png; path = "Expression_95@2x.png"; sourceTree = "<group>"; };
		18A62CB51B96886800D04999 /* Expression_96@2x.png */ = {isa = PBXFileReference; lastKnownFileType = image.png; path = "Expression_96@2x.png"; sourceTree = "<group>"; };
		18A62CB61B96886800D04999 /* Expression_97@2x.png */ = {isa = PBXFileReference; lastKnownFileType = image.png; path = "Expression_97@2x.png"; sourceTree = "<group>"; };
		18A62CB71B96886800D04999 /* Expression_98@2x.png */ = {isa = PBXFileReference; lastKnownFileType = image.png; path = "Expression_98@2x.png"; sourceTree = "<group>"; };
		18A62CB81B96886800D04999 /* Expression_99@2x.png */ = {isa = PBXFileReference; lastKnownFileType = image.png; path = "Expression_99@2x.png"; sourceTree = "<group>"; };
		18A62CB91B96886800D04999 /* Expression_100@2x.png */ = {isa = PBXFileReference; lastKnownFileType = image.png; path = "Expression_100@2x.png"; sourceTree = "<group>"; };
		18A62D1E1B9688C500D04999 /* DeleteEmoticonBtn@2x.png */ = {isa = PBXFileReference; lastKnownFileType = image.png; path = "DeleteEmoticonBtn@2x.png"; sourceTree = "<group>"; };
		18A62D201B96891A00D04999 /* CIEmotion@2x.png */ = {isa = PBXFileReference; lastKnownFileType = image.png; path = "CIEmotion@2x.png"; sourceTree = "<group>"; };
		18A62D221B968A7700D04999 /* CIVoice@2x.png */ = {isa = PBXFileReference; lastKnownFileType = image.png; path = "CIVoice@2x.png"; sourceTree = "<group>"; };
		18A62D241B968A7E00D04999 /* CIKeyboard@2x.png */ = {isa = PBXFileReference; lastKnownFileType = image.png; path = "CIKeyboard@2x.png"; sourceTree = "<group>"; };
		18A62D261B968A8600D04999 /* CIAnother@2x.png */ = {isa = PBXFileReference; lastKnownFileType = image.png; path = "CIAnother@2x.png"; sourceTree = "<group>"; };
		18A62D281B968B0800D04999 /* EmotionsEmojiHL.png */ = {isa = PBXFileReference; lastKnownFileType = image.png; path = EmotionsEmojiHL.png; sourceTree = "<group>"; };
		18A62D2A1B968C2000D04999 /* CIAnotherContent9@2x.png */ = {isa = PBXFileReference; lastKnownFileType = image.png; path = "CIAnotherContent9@2x.png"; sourceTree = "<group>"; };
		18A62D2B1B968C2000D04999 /* CIAnotherContent7@2x.png */ = {isa = PBXFileReference; lastKnownFileType = image.png; path = "CIAnotherContent7@2x.png"; sourceTree = "<group>"; };
		18A62D2C1B968C2000D04999 /* CIAnotherContent8@2x.png */ = {isa = PBXFileReference; lastKnownFileType = image.png; path = "CIAnotherContent8@2x.png"; sourceTree = "<group>"; };
		18A62D2D1B968C2000D04999 /* CIAnotherContent1@2x.png */ = {isa = PBXFileReference; lastKnownFileType = image.png; path = "CIAnotherContent1@2x.png"; sourceTree = "<group>"; };
		18A62D2E1B968C2000D04999 /* CIAnotherContent3@2x.png */ = {isa = PBXFileReference; lastKnownFileType = image.png; path = "CIAnotherContent3@2x.png"; sourceTree = "<group>"; };
		18A62D2F1B968C2000D04999 /* CIAnotherContent2@2x.png */ = {isa = PBXFileReference; lastKnownFileType = image.png; path = "CIAnotherContent2@2x.png"; sourceTree = "<group>"; };
		18A62D301B968C2000D04999 /* CIAnotherContent4@2x.png */ = {isa = PBXFileReference; lastKnownFileType = image.png; path = "CIAnotherContent4@2x.png"; sourceTree = "<group>"; };
		18A62D311B968C2000D04999 /* CIAnotherContent11@2x.png */ = {isa = PBXFileReference; lastKnownFileType = image.png; path = "CIAnotherContent11@2x.png"; sourceTree = "<group>"; };
		18A62D321B968C2000D04999 /* CIAnotherContent10@2x.png */ = {isa = PBXFileReference; lastKnownFileType = image.png; path = "CIAnotherContent10@2x.png"; sourceTree = "<group>"; };
		18A62D331B968C2000D04999 /* CIAnotherContent6@2x.png */ = {isa = PBXFileReference; lastKnownFileType = image.png; path = "CIAnotherContent6@2x.png"; sourceTree = "<group>"; };
		18A62D3E1B968DB600D04999 /* CIAnotherContent5@2x.png */ = {isa = PBXFileReference; lastKnownFileType = image.png; path = "CIAnotherContent5@2x.png"; sourceTree = "<group>"; };
		18A62D401B9693BE00D04999 /* CIMessageLeftCell.h */ = {isa = PBXFileReference; fileEncoding = 4; lastKnownFileType = sourcecode.c.h; path = CIMessageLeftCell.h; sourceTree = "<group>"; };
		18A62D411B9693BE00D04999 /* CIMessageLeftCell.m */ = {isa = PBXFileReference; fileEncoding = 4; lastKnownFileType = sourcecode.c.objc; path = CIMessageLeftCell.m; sourceTree = "<group>"; };
		18A62D421B9693BE00D04999 /* CIMessageLeftCell.xib */ = {isa = PBXFileReference; fileEncoding = 4; lastKnownFileType = file.xib; path = CIMessageLeftCell.xib; sourceTree = "<group>"; };
		18A62D451B9693D400D04999 /* CIMessageRightCell.h */ = {isa = PBXFileReference; fileEncoding = 4; lastKnownFileType = sourcecode.c.h; path = CIMessageRightCell.h; sourceTree = "<group>"; };
		18A62D461B9693D400D04999 /* CIMessageRightCell.m */ = {isa = PBXFileReference; fileEncoding = 4; lastKnownFileType = sourcecode.c.objc; path = CIMessageRightCell.m; sourceTree = "<group>"; };
		18A62D471B9693D400D04999 /* CIMessageRightCell.xib */ = {isa = PBXFileReference; fileEncoding = 4; lastKnownFileType = file.xib; path = CIMessageRightCell.xib; sourceTree = "<group>"; };
		18A62D4A1B96948200D04999 /* CIVocieLeftCell.h */ = {isa = PBXFileReference; fileEncoding = 4; lastKnownFileType = sourcecode.c.h; path = CIVocieLeftCell.h; sourceTree = "<group>"; };
		18A62D4B1B96948200D04999 /* CIVocieLeftCell.m */ = {isa = PBXFileReference; fileEncoding = 4; lastKnownFileType = sourcecode.c.objc; path = CIVocieLeftCell.m; sourceTree = "<group>"; };
		18A62D4C1B96948200D04999 /* CIVocieLeftCell.xib */ = {isa = PBXFileReference; fileEncoding = 4; lastKnownFileType = file.xib; path = CIVocieLeftCell.xib; sourceTree = "<group>"; };
		18A62D4F1B96949300D04999 /* CIVoiceRightCell.h */ = {isa = PBXFileReference; fileEncoding = 4; lastKnownFileType = sourcecode.c.h; path = CIVoiceRightCell.h; sourceTree = "<group>"; };
		18A62D501B96949300D04999 /* CIVoiceRightCell.m */ = {isa = PBXFileReference; fileEncoding = 4; lastKnownFileType = sourcecode.c.objc; path = CIVoiceRightCell.m; sourceTree = "<group>"; };
		18A62D511B96949300D04999 /* CIVoiceRightCell.xib */ = {isa = PBXFileReference; fileEncoding = 4; lastKnownFileType = file.xib; path = CIVoiceRightCell.xib; sourceTree = "<group>"; };
		18A62D541B9694D200D04999 /* CITimeCell.h */ = {isa = PBXFileReference; fileEncoding = 4; lastKnownFileType = sourcecode.c.h; path = CITimeCell.h; sourceTree = "<group>"; };
		18A62D551B9694D200D04999 /* CITimeCell.m */ = {isa = PBXFileReference; fileEncoding = 4; lastKnownFileType = sourcecode.c.objc; path = CITimeCell.m; sourceTree = "<group>"; };
		18A62D561B9694D200D04999 /* CITimeCell.xib */ = {isa = PBXFileReference; fileEncoding = 4; lastKnownFileType = file.xib; path = CITimeCell.xib; sourceTree = "<group>"; };
		18A62D5F1B96957E00D04999 /* CIEmotionLeftCell.h */ = {isa = PBXFileReference; fileEncoding = 4; lastKnownFileType = sourcecode.c.h; path = CIEmotionLeftCell.h; sourceTree = "<group>"; };
		18A62D601B96957E00D04999 /* CIEmotionLeftCell.m */ = {isa = PBXFileReference; fileEncoding = 4; lastKnownFileType = sourcecode.c.objc; path = CIEmotionLeftCell.m; sourceTree = "<group>"; };
		18A62D611B96957E00D04999 /* CIEmotionLeftCell.xib */ = {isa = PBXFileReference; fileEncoding = 4; lastKnownFileType = file.xib; path = CIEmotionLeftCell.xib; sourceTree = "<group>"; };
		18A62D641B96958C00D04999 /* CIEmotionRightCell.h */ = {isa = PBXFileReference; fileEncoding = 4; lastKnownFileType = sourcecode.c.h; path = CIEmotionRightCell.h; sourceTree = "<group>"; };
		18A62D651B96958C00D04999 /* CIEmotionRightCell.m */ = {isa = PBXFileReference; fileEncoding = 4; lastKnownFileType = sourcecode.c.objc; path = CIEmotionRightCell.m; sourceTree = "<group>"; };
		18A62D661B96958C00D04999 /* CIEmotionRightCell.xib */ = {isa = PBXFileReference; fileEncoding = 4; lastKnownFileType = file.xib; path = CIEmotionRightCell.xib; sourceTree = "<group>"; };
		18A62D6E1B9695DF00D04999 /* CIImageLeftCell.h */ = {isa = PBXFileReference; fileEncoding = 4; lastKnownFileType = sourcecode.c.h; path = CIImageLeftCell.h; sourceTree = "<group>"; };
		18A62D6F1B9695DF00D04999 /* CIImageLeftCell.m */ = {isa = PBXFileReference; fileEncoding = 4; lastKnownFileType = sourcecode.c.objc; path = CIImageLeftCell.m; sourceTree = "<group>"; };
		18A62D701B9695DF00D04999 /* CIImageLeftCell.xib */ = {isa = PBXFileReference; fileEncoding = 4; lastKnownFileType = file.xib; path = CIImageLeftCell.xib; sourceTree = "<group>"; };
		18A62D731B9695F000D04999 /* CIImageRightCell.h */ = {isa = PBXFileReference; fileEncoding = 4; lastKnownFileType = sourcecode.c.h; path = CIImageRightCell.h; sourceTree = "<group>"; };
		18A62D741B9695F000D04999 /* CIImageRightCell.m */ = {isa = PBXFileReference; fileEncoding = 4; lastKnownFileType = sourcecode.c.objc; path = CIImageRightCell.m; sourceTree = "<group>"; };
		18A62D751B9695F000D04999 /* CIImageRightCell.xib */ = {isa = PBXFileReference; fileEncoding = 4; lastKnownFileType = file.xib; path = CIImageRightCell.xib; sourceTree = "<group>"; };
		18A62D791B96D32C00D04999 /* SenderTextNodeBkg@2x.png */ = {isa = PBXFileReference; lastKnownFileType = image.png; path = "SenderTextNodeBkg@2x.png"; sourceTree = "<group>"; };
		18A62D7B1B96D37100D04999 /* ReceiverTextNodeBkg@2x.png */ = {isa = PBXFileReference; lastKnownFileType = image.png; path = "ReceiverTextNodeBkg@2x.png"; sourceTree = "<group>"; };
		18A62D7D1B96F0BB00D04999 /* DefaultAvatar@2x.png */ = {isa = PBXFileReference; lastKnownFileType = image.png; path = "DefaultAvatar@2x.png"; sourceTree = "<group>"; };
		18A62D7F1B96F54F00D04999 /* TimedOut@2x.png */ = {isa = PBXFileReference; lastKnownFileType = image.png; path = "TimedOut@2x.png"; sourceTree = "<group>"; };
		18A62D821B9AAA3B00D04999 /* jpg1.jpg */ = {isa = PBXFileReference; lastKnownFileType = image.jpeg; path = jpg1.jpg; sourceTree = "<group>"; };
		18A62D831B9AAA3B00D04999 /* jpg2.jpg */ = {isa = PBXFileReference; lastKnownFileType = image.jpeg; path = jpg2.jpg; sourceTree = "<group>"; };
		18A62D841B9AAA3B00D04999 /* jpg3.jpg */ = {isa = PBXFileReference; lastKnownFileType = image.jpeg; path = jpg3.jpg; sourceTree = "<group>"; };
/* End PBXFileReference section */

/* Begin PBXFrameworksBuildPhase section */
		183AF4D71B9133C900292936 /* Frameworks */ = {
			isa = PBXFrameworksBuildPhase;
			buildActionMask = 2147483647;
			files = (
			);
			runOnlyForDeploymentPostprocessing = 0;
		};
		183AF4F01B9133C900292936 /* Frameworks */ = {
			isa = PBXFrameworksBuildPhase;
			buildActionMask = 2147483647;
			files = (
			);
			runOnlyForDeploymentPostprocessing = 0;
		};
/* End PBXFrameworksBuildPhase section */

/* Begin PBXGroup section */
		183AF4D11B9133C900292936 = {
			isa = PBXGroup;
			children = (
				183AF4DC1B9133C900292936 /* ChatInput */,
				183AF4F61B9133C900292936 /* ChatInputTests */,
				183AF4DB1B9133C900292936 /* Products */,
			);
			sourceTree = "<group>";
		};
		183AF4DB1B9133C900292936 /* Products */ = {
			isa = PBXGroup;
			children = (
				183AF4DA1B9133C900292936 /* ChatInput.app */,
				183AF4F31B9133C900292936 /* ChatInputTests.xctest */,
			);
			name = Products;
			sourceTree = "<group>";
		};
		183AF4DC1B9133C900292936 /* ChatInput */ = {
			isa = PBXGroup;
			children = (
				183AF5031B91342100292936 /* InputView */,
				183AF4E11B9133C900292936 /* AppDelegate.h */,
				183AF4E21B9133C900292936 /* AppDelegate.m */,
				183AF4E41B9133C900292936 /* ViewController.h */,
				183AF4E51B9133C900292936 /* ViewController.m */,
				183AF4E71B9133C900292936 /* Main.storyboard */,
				183AF4EA1B9133C900292936 /* Images.xcassets */,
				183AF4EC1B9133C900292936 /* LaunchScreen.xib */,
				183AF4DD1B9133C900292936 /* Supporting Files */,
			);
			path = ChatInput;
			sourceTree = "<group>";
		};
		183AF4DD1B9133C900292936 /* Supporting Files */ = {
			isa = PBXGroup;
			children = (
				183AF4DE1B9133C900292936 /* Info.plist */,
				183AF4DF1B9133C900292936 /* main.m */,
			);
			name = "Supporting Files";
			sourceTree = "<group>";
		};
		183AF4F61B9133C900292936 /* ChatInputTests */ = {
			isa = PBXGroup;
			children = (
				183AF4F91B9133C900292936 /* ChatInputTests.m */,
				183AF4F71B9133C900292936 /* Supporting Files */,
			);
			path = ChatInputTests;
			sourceTree = "<group>";
		};
		183AF4F71B9133C900292936 /* Supporting Files */ = {
			isa = PBXGroup;
			children = (
				183AF4F81B9133C900292936 /* Info.plist */,
			);
			name = "Supporting Files";
			sourceTree = "<group>";
		};
		183AF5031B91342100292936 /* InputView */ = {
			isa = PBXGroup;
			children = (
				183AF5041B91344800292936 /* CIDetailController.h */,
				183AF5051B91344800292936 /* CIDetailController.m */,
				183AF5061B91344800292936 /* CIDetailController.xib */,
				18A62D591B9694F100D04999 /* Cells */,
				183AF5201B91406B00292936 /* Images */,
				183AF5211B91407600292936 /* InputViews */,
			);
			name = InputView;
			sourceTree = "<group>";
		};
		183AF5201B91406B00292936 /* Images */ = {
			isa = PBXGroup;
			children = (
				18A62D811B9AAA3300D04999 /* Temp */,
				18A62D781B96D30E00D04999 /* MessageCells */,
				18A62C501B95955B00D04999 /* CustomEmotionBtns */,
				18A62B641B94371400D04999 /* EmotionViewBtns */,
				18A62B631B9436FC00D04999 /* AnotherViewBtns */,
			);
			name = Images;
			sourceTree = "<group>";
		};
		183AF5211B91407600292936 /* InputViews */ = {
			isa = PBXGroup;
			children = (
				18A62B621B93FB4900D04999 /* CIConstants.h */,
				183AF5131B9136D300292936 /* CIInputBar.h */,
				183AF5141B9136D300292936 /* CIInputBar.m */,
				183AF5161B9136E100292936 /* CIInputBar.xib */,
				18A62C3C1B94461600D04999 /* EmotionView */,
				18A62C3B1B94460A00D04999 /* AnotherView */,
			);
			name = InputViews;
			sourceTree = "<group>";
		};
		18A62B631B9436FC00D04999 /* AnotherViewBtns */ = {
			isa = PBXGroup;
			children = (
				18A62D3E1B968DB600D04999 /* CIAnotherContent5@2x.png */,
				18A62D2A1B968C2000D04999 /* CIAnotherContent9@2x.png */,
				18A62D2B1B968C2000D04999 /* CIAnotherContent7@2x.png */,
				18A62D2C1B968C2000D04999 /* CIAnotherContent8@2x.png */,
				18A62D2D1B968C2000D04999 /* CIAnotherContent1@2x.png */,
				18A62D2E1B968C2000D04999 /* CIAnotherContent3@2x.png */,
				18A62D2F1B968C2000D04999 /* CIAnotherContent2@2x.png */,
				18A62D301B968C2000D04999 /* CIAnotherContent4@2x.png */,
				18A62D311B968C2000D04999 /* CIAnotherContent11@2x.png */,
				18A62D321B968C2000D04999 /* CIAnotherContent10@2x.png */,
				18A62D331B968C2000D04999 /* CIAnotherContent6@2x.png */,
				18A62D201B96891A00D04999 /* CIEmotion@2x.png */,
				18A62D221B968A7700D04999 /* CIVoice@2x.png */,
				18A62D241B968A7E00D04999 /* CIKeyboard@2x.png */,
				18A62D261B968A8600D04999 /* CIAnother@2x.png */,
			);
			name = AnotherViewBtns;
			sourceTree = "<group>";
		};
		18A62B641B94371400D04999 /* EmotionViewBtns */ = {
			isa = PBXGroup;
			children = (
				18A62D281B968B0800D04999 /* EmotionsEmojiHL.png */,
				18A62C561B96886800D04999 /* Expression_1@2x.png */,
				18A62C571B96886800D04999 /* Expression_2@2x.png */,
				18A62C581B96886800D04999 /* Expression_3@2x.png */,
				18A62C591B96886800D04999 /* Expression_4@2x.png */,
				18A62C5A1B96886800D04999 /* Expression_5@2x.png */,
				18A62C5B1B96886800D04999 /* Expression_6@2x.png */,
				18A62C5C1B96886800D04999 /* Expression_7@2x.png */,
				18A62C5D1B96886800D04999 /* Expression_8@2x.png */,
				18A62C5E1B96886800D04999 /* Expression_9@2x.png */,
				18A62C5F1B96886800D04999 /* Expression_10@2x.png */,
				18A62C601B96886800D04999 /* Expression_11@2x.png */,
				18A62C611B96886800D04999 /* Expression_12@2x.png */,
				18A62C621B96886800D04999 /* Expression_13@2x.png */,
				18A62C631B96886800D04999 /* Expression_14@2x.png */,
				18A62C641B96886800D04999 /* Expression_15@2x.png */,
				18A62C651B96886800D04999 /* Expression_16@2x.png */,
				18A62C661B96886800D04999 /* Expression_17@2x.png */,
				18A62C671B96886800D04999 /* Expression_18@2x.png */,
				18A62C681B96886800D04999 /* Expression_19@2x.png */,
				18A62C691B96886800D04999 /* Expression_20@2x.png */,
				18A62C6A1B96886800D04999 /* Expression_21@2x.png */,
				18A62C6B1B96886800D04999 /* Expression_22@2x.png */,
				18A62C6C1B96886800D04999 /* Expression_23@2x.png */,
				18A62C6D1B96886800D04999 /* Expression_24@2x.png */,
				18A62C6E1B96886800D04999 /* Expression_25@2x.png */,
				18A62C6F1B96886800D04999 /* Expression_26@2x.png */,
				18A62C701B96886800D04999 /* Expression_27@2x.png */,
				18A62C711B96886800D04999 /* Expression_28@2x.png */,
				18A62C721B96886800D04999 /* Expression_29@2x.png */,
				18A62C731B96886800D04999 /* Expression_30@2x.png */,
				18A62C741B96886800D04999 /* Expression_31@2x.png */,
				18A62C751B96886800D04999 /* Expression_32@2x.png */,
				18A62C761B96886800D04999 /* Expression_33@2x.png */,
				18A62C771B96886800D04999 /* Expression_34@2x.png */,
				18A62C781B96886800D04999 /* Expression_35@2x.png */,
				18A62C791B96886800D04999 /* Expression_36@2x.png */,
				18A62C7A1B96886800D04999 /* Expression_37@2x.png */,
				18A62C7B1B96886800D04999 /* Expression_38@2x.png */,
				18A62C7C1B96886800D04999 /* Expression_39@2x.png */,
				18A62C7D1B96886800D04999 /* Expression_40@2x.png */,
				18A62C7E1B96886800D04999 /* Expression_41@2x.png */,
				18A62C7F1B96886800D04999 /* Expression_42@2x.png */,
				18A62C801B96886800D04999 /* Expression_43@2x.png */,
				18A62C811B96886800D04999 /* Expression_44@2x.png */,
				18A62C821B96886800D04999 /* Expression_45@2x.png */,
				18A62C831B96886800D04999 /* Expression_46@2x.png */,
				18A62C841B96886800D04999 /* Expression_47@2x.png */,
				18A62C851B96886800D04999 /* Expression_48@2x.png */,
				18A62C861B96886800D04999 /* Expression_49@2x.png */,
				18A62C871B96886800D04999 /* Expression_50@2x.png */,
				18A62C881B96886800D04999 /* Expression_51@2x.png */,
				18A62C891B96886800D04999 /* Expression_52@2x.png */,
				18A62C8A1B96886800D04999 /* Expression_53@2x.png */,
				18A62C8B1B96886800D04999 /* Expression_54@2x.png */,
				18A62C8C1B96886800D04999 /* Expression_55@2x.png */,
				18A62C8D1B96886800D04999 /* Expression_56@2x.png */,
				18A62C8E1B96886800D04999 /* Expression_57@2x.png */,
				18A62C8F1B96886800D04999 /* Expression_58@2x.png */,
				18A62C901B96886800D04999 /* Expression_59@2x.png */,
				18A62C911B96886800D04999 /* Expression_60@2x.png */,
				18A62C921B96886800D04999 /* Expression_61@2x.png */,
				18A62C931B96886800D04999 /* Expression_62@2x.png */,
				18A62C941B96886800D04999 /* Expression_63@2x.png */,
				18A62C951B96886800D04999 /* Expression_64@2x.png */,
				18A62C961B96886800D04999 /* Expression_65@2x.png */,
				18A62C971B96886800D04999 /* Expression_66@2x.png */,
				18A62C981B96886800D04999 /* Expression_67@2x.png */,
				18A62C991B96886800D04999 /* Expression_68@2x.png */,
				18A62C9A1B96886800D04999 /* Expression_69@2x.png */,
				18A62C9B1B96886800D04999 /* Expression_70@2x.png */,
				18A62C9C1B96886800D04999 /* Expression_71@2x.png */,
				18A62C9D1B96886800D04999 /* Expression_72@2x.png */,
				18A62C9E1B96886800D04999 /* Expression_73@2x.png */,
				18A62C9F1B96886800D04999 /* Expression_74@2x.png */,
				18A62CA01B96886800D04999 /* Expression_75@2x.png */,
				18A62CA11B96886800D04999 /* Expression_76@2x.png */,
				18A62CA21B96886800D04999 /* Expression_77@2x.png */,
				18A62CA31B96886800D04999 /* Expression_78@2x.png */,
				18A62CA41B96886800D04999 /* Expression_79@2x.png */,
				18A62CA51B96886800D04999 /* Expression_80@2x.png */,
				18A62CA61B96886800D04999 /* Expression_81@2x.png */,
				18A62CA71B96886800D04999 /* Expression_82@2x.png */,
				18A62CA81B96886800D04999 /* Expression_83@2x.png */,
				18A62CA91B96886800D04999 /* Expression_84@2x.png */,
				18A62CAA1B96886800D04999 /* Expression_85@2x.png */,
				18A62CAB1B96886800D04999 /* Expression_86@2x.png */,
				18A62CAC1B96886800D04999 /* Expression_87@2x.png */,
				18A62CAD1B96886800D04999 /* Expression_88@2x.png */,
				18A62CAE1B96886800D04999 /* Expression_89@2x.png */,
				18A62CAF1B96886800D04999 /* Expression_90@2x.png */,
				18A62CB01B96886800D04999 /* Expression_91@2x.png */,
				18A62CB11B96886800D04999 /* Expression_92@2x.png */,
				18A62CB21B96886800D04999 /* Expression_93@2x.png */,
				18A62CB31B96886800D04999 /* Expression_94@2x.png */,
				18A62CB41B96886800D04999 /* Expression_95@2x.png */,
				18A62CB51B96886800D04999 /* Expression_96@2x.png */,
				18A62CB61B96886800D04999 /* Expression_97@2x.png */,
				18A62CB71B96886800D04999 /* Expression_98@2x.png */,
				18A62CB81B96886800D04999 /* Expression_99@2x.png */,
				18A62CB91B96886800D04999 /* Expression_100@2x.png */,
				18A62D1E1B9688C500D04999 /* DeleteEmoticonBtn@2x.png */,
				18A62C461B94573400D04999 /* expression.plist */,
			);
			name = EmotionViewBtns;
			sourceTree = "<group>";
		};
		18A62C3B1B94460A00D04999 /* AnotherView */ = {
			isa = PBXGroup;
			children = (
				183AF5271B91568A00292936 /* CIAnotherView.h */,
				183AF5281B91568A00292936 /* CIAnotherView.m */,
				183AF52A1B91569A00292936 /* CIAnotherView.xib */,
				183AF52C1B917A6500292936 /* CIAnotherContentView.h */,
				183AF52D1B917A6500292936 /* CIAnotherContentView.m */,
				183AF52F1B917A7400292936 /* CIAnotherContentView.xib */,
			);
			name = AnotherView;
			sourceTree = "<group>";
		};
		18A62C3C1B94461600D04999 /* EmotionView */ = {
			isa = PBXGroup;
			children = (
				183AF5221B91473F00292936 /* CIEmotionView.h */,
				183AF5231B91473F00292936 /* CIEmotionView.m */,
				183AF5251B91475300292936 /* CIEmotionView.xib */,
				18A62C401B94569800D04999 /* CIEmotionListBtnView.h */,
				18A62C411B94569800D04999 /* CIEmotionListBtnView.m */,
				18A62C431B9456AC00D04999 /* CIEmotionListBtnView.xib */,
				18A62C491B95365800D04999 /* CIEmotionBtnView.h */,
				18A62C4A1B95365800D04999 /* CIEmotionBtnView.m */,
				18A62C4C1B95366700D04999 /* CIEmotionBtnView.xib */,
				18A62C511B959EA100D04999 /* CIEmotionAlertView.h */,
				18A62C521B959EA100D04999 /* CIEmotionAlertView.m */,
				18A62C541B959EB600D04999 /* CIEmotionAlertView.xib */,
			);
			name = EmotionView;
			sourceTree = "<group>";
		};
		18A62C501B95955B00D04999 /* CustomEmotionBtns */ = {
			isa = PBXGroup;
			children = (
			);
			name = CustomEmotionBtns;
			sourceTree = "<group>";
		};
		18A62D591B9694F100D04999 /* Cells */ = {
			isa = PBXGroup;
			children = (
				18A62D5C1B96951E00D04999 /* TimeCells */,
				18A62D5A1B96950000D04999 /* MessageCells */,
				18A62D5E1B96956600D04999 /* ImageCells */,
				18A62D5B1B96950F00D04999 /* VoiceCells */,
				18A62D5D1B96955A00D04999 /* EmotionCells */,
			);
			name = Cells;
			sourceTree = "<group>";
		};
		18A62D5A1B96950000D04999 /* MessageCells */ = {
			isa = PBXGroup;
			children = (
				18A62D401B9693BE00D04999 /* CIMessageLeftCell.h */,
				18A62D411B9693BE00D04999 /* CIMessageLeftCell.m */,
				18A62D421B9693BE00D04999 /* CIMessageLeftCell.xib */,
				18A62D451B9693D400D04999 /* CIMessageRightCell.h */,
				18A62D461B9693D400D04999 /* CIMessageRightCell.m */,
				18A62D471B9693D400D04999 /* CIMessageRightCell.xib */,
			);
			name = MessageCells;
			sourceTree = "<group>";
		};
		18A62D5B1B96950F00D04999 /* VoiceCells */ = {
			isa = PBXGroup;
			children = (
				18A62D4A1B96948200D04999 /* CIVocieLeftCell.h */,
				18A62D4B1B96948200D04999 /* CIVocieLeftCell.m */,
				18A62D4C1B96948200D04999 /* CIVocieLeftCell.xib */,
				18A62D4F1B96949300D04999 /* CIVoiceRightCell.h */,
				18A62D501B96949300D04999 /* CIVoiceRightCell.m */,
				18A62D511B96949300D04999 /* CIVoiceRightCell.xib */,
			);
			name = VoiceCells;
			sourceTree = "<group>";
		};
		18A62D5C1B96951E00D04999 /* TimeCells */ = {
			isa = PBXGroup;
			children = (
				18A62D541B9694D200D04999 /* CITimeCell.h */,
				18A62D551B9694D200D04999 /* CITimeCell.m */,
				18A62D561B9694D200D04999 /* CITimeCell.xib */,
			);
			name = TimeCells;
			sourceTree = "<group>";
		};
		18A62D5D1B96955A00D04999 /* EmotionCells */ = {
			isa = PBXGroup;
			children = (
				18A62D5F1B96957E00D04999 /* CIEmotionLeftCell.h */,
				18A62D601B96957E00D04999 /* CIEmotionLeftCell.m */,
				18A62D611B96957E00D04999 /* CIEmotionLeftCell.xib */,
				18A62D641B96958C00D04999 /* CIEmotionRightCell.h */,
				18A62D651B96958C00D04999 /* CIEmotionRightCell.m */,
				18A62D661B96958C00D04999 /* CIEmotionRightCell.xib */,
			);
			name = EmotionCells;
			sourceTree = "<group>";
		};
		18A62D5E1B96956600D04999 /* ImageCells */ = {
			isa = PBXGroup;
			children = (
				18A62D6E1B9695DF00D04999 /* CIImageLeftCell.h */,
				18A62D6F1B9695DF00D04999 /* CIImageLeftCell.m */,
				18A62D701B9695DF00D04999 /* CIImageLeftCell.xib */,
				18A62D731B9695F000D04999 /* CIImageRightCell.h */,
				18A62D741B9695F000D04999 /* CIImageRightCell.m */,
				18A62D751B9695F000D04999 /* CIImageRightCell.xib */,
			);
			name = ImageCells;
			sourceTree = "<group>";
		};
		18A62D781B96D30E00D04999 /* MessageCells */ = {
			isa = PBXGroup;
			children = (
				18A62D7F1B96F54F00D04999 /* TimedOut@2x.png */,
				18A62D7D1B96F0BB00D04999 /* DefaultAvatar@2x.png */,
				18A62D791B96D32C00D04999 /* SenderTextNodeBkg@2x.png */,
				18A62D7B1B96D37100D04999 /* ReceiverTextNodeBkg@2x.png */,
			);
			name = MessageCells;
			sourceTree = "<group>";
		};
		18A62D811B9AAA3300D04999 /* Temp */ = {
			isa = PBXGroup;
			children = (
				18A62D821B9AAA3B00D04999 /* jpg1.jpg */,
				18A62D831B9AAA3B00D04999 /* jpg2.jpg */,
				18A62D841B9AAA3B00D04999 /* jpg3.jpg */,
			);
			name = Temp;
			sourceTree = "<group>";
		};
/* End PBXGroup section */

/* Begin PBXNativeTarget section */
		183AF4D91B9133C900292936 /* ChatInput */ = {
			isa = PBXNativeTarget;
			buildConfigurationList = 183AF4FD1B9133C900292936 /* Build configuration list for PBXNativeTarget "ChatInput" */;
			buildPhases = (
				183AF4D61B9133C900292936 /* Sources */,
				183AF4D71B9133C900292936 /* Frameworks */,
				183AF4D81B9133C900292936 /* Resources */,
			);
			buildRules = (
			);
			dependencies = (
			);
			name = ChatInput;
			productName = ChatInput;
			productReference = 183AF4DA1B9133C900292936 /* ChatInput.app */;
			productType = "com.apple.product-type.application";
		};
		183AF4F21B9133C900292936 /* ChatInputTests */ = {
			isa = PBXNativeTarget;
			buildConfigurationList = 183AF5001B9133C900292936 /* Build configuration list for PBXNativeTarget "ChatInputTests" */;
			buildPhases = (
				183AF4EF1B9133C900292936 /* Sources */,
				183AF4F01B9133C900292936 /* Frameworks */,
				183AF4F11B9133C900292936 /* Resources */,
			);
			buildRules = (
			);
			dependencies = (
				183AF4F51B9133C900292936 /* PBXTargetDependency */,
			);
			name = ChatInputTests;
			productName = ChatInputTests;
			productReference = 183AF4F31B9133C900292936 /* ChatInputTests.xctest */;
			productType = "com.apple.product-type.bundle.unit-test";
		};
/* End PBXNativeTarget section */

/* Begin PBXProject section */
		183AF4D21B9133C900292936 /* Project object */ = {
			isa = PBXProject;
			attributes = {
				LastUpgradeCheck = 0640;
				ORGANIZATIONNAME = apple;
				TargetAttributes = {
					183AF4D91B9133C900292936 = {
						CreatedOnToolsVersion = 6.4;
					};
					183AF4F21B9133C900292936 = {
						CreatedOnToolsVersion = 6.4;
						TestTargetID = 183AF4D91B9133C900292936;
					};
				};
			};
			buildConfigurationList = 183AF4D51B9133C900292936 /* Build configuration list for PBXProject "ChatInput" */;
			compatibilityVersion = "Xcode 3.2";
			developmentRegion = English;
			hasScannedForEncodings = 0;
			knownRegions = (
				en,
				Base,
			);
			mainGroup = 183AF4D11B9133C900292936;
			productRefGroup = 183AF4DB1B9133C900292936 /* Products */;
			projectDirPath = "";
			projectRoot = "";
			targets = (
				183AF4D91B9133C900292936 /* ChatInput */,
				183AF4F21B9133C900292936 /* ChatInputTests */,
			);
		};
/* End PBXProject section */

/* Begin PBXResourcesBuildPhase section */
		183AF4D81B9133C900292936 /* Resources */ = {
			isa = PBXResourcesBuildPhase;
			buildActionMask = 2147483647;
			files = (
				18A62CC51B96886800D04999 /* Expression_12@2x.png in Resources */,
				18A62CBF1B96886800D04999 /* Expression_6@2x.png in Resources */,
				18A62D1A1B96886800D04999 /* Expression_97@2x.png in Resources */,
				18A62C551B959EB600D04999 /* CIEmotionAlertView.xib in Resources */,
				18A62D771B9695F000D04999 /* CIImageRightCell.xib in Resources */,
				18A62CC41B96886800D04999 /* Expression_11@2x.png in Resources */,
				18A62D871B9AAA3B00D04999 /* jpg3.jpg in Resources */,
				183AF52B1B91569A00292936 /* CIAnotherView.xib in Resources */,
				18A62D251B968A7E00D04999 /* CIKeyboard@2x.png in Resources */,
				18A62D341B968C2000D04999 /* CIAnotherContent9@2x.png in Resources */,
				18A62CD31B96886800D04999 /* Expression_26@2x.png in Resources */,
				18A62D581B9694D200D04999 /* CITimeCell.xib in Resources */,
				18A62CDE1B96886800D04999 /* Expression_37@2x.png in Resources */,
				18A62CBC1B96886800D04999 /* Expression_3@2x.png in Resources */,
				18A62CFD1B96886800D04999 /* Expression_68@2x.png in Resources */,
				18A62CCA1B96886800D04999 /* Expression_17@2x.png in Resources */,
				18A62CEA1B96886800D04999 /* Expression_49@2x.png in Resources */,
				18A62D851B9AAA3B00D04999 /* jpg1.jpg in Resources */,
				18A62CE61B96886800D04999 /* Expression_45@2x.png in Resources */,
				18A62D3A1B968C2000D04999 /* CIAnotherContent4@2x.png in Resources */,
				18A62CCE1B96886800D04999 /* Expression_21@2x.png in Resources */,
				18A62D351B968C2000D04999 /* CIAnotherContent7@2x.png in Resources */,
				18A62CF91B96886800D04999 /* Expression_64@2x.png in Resources */,
				18A62CE81B96886800D04999 /* Expression_47@2x.png in Resources */,
				18A62CD41B96886800D04999 /* Expression_27@2x.png in Resources */,
				18A62CBA1B96886800D04999 /* Expression_1@2x.png in Resources */,
				18A62CCF1B96886800D04999 /* Expression_22@2x.png in Resources */,
				18A62D371B968C2000D04999 /* CIAnotherContent1@2x.png in Resources */,
				18A62D151B96886800D04999 /* Expression_92@2x.png in Resources */,
				18A62CCD1B96886800D04999 /* Expression_20@2x.png in Resources */,
				18A62D0D1B96886800D04999 /* Expression_84@2x.png in Resources */,
				18A62CF11B96886800D04999 /* Expression_56@2x.png in Resources */,
				183AF4E91B9133C900292936 /* Main.storyboard in Resources */,
				18A62D391B968C2000D04999 /* CIAnotherContent2@2x.png in Resources */,
				18A62D1D1B96886800D04999 /* Expression_100@2x.png in Resources */,
				18A62D0E1B96886800D04999 /* Expression_85@2x.png in Resources */,
				18A62D061B96886800D04999 /* Expression_77@2x.png in Resources */,
				18A62CFC1B96886800D04999 /* Expression_67@2x.png in Resources */,
				18A62CBD1B96886800D04999 /* Expression_4@2x.png in Resources */,
				18A62CDC1B96886800D04999 /* Expression_35@2x.png in Resources */,
				18A62D111B96886800D04999 /* Expression_88@2x.png in Resources */,
				183AF5261B91475300292936 /* CIEmotionView.xib in Resources */,
				18A62CEC1B96886800D04999 /* Expression_51@2x.png in Resources */,
				183AF4EE1B9133C900292936 /* LaunchScreen.xib in Resources */,
				18A62D1C1B96886800D04999 /* Expression_99@2x.png in Resources */,
				18A62D3D1B968C2000D04999 /* CIAnotherContent6@2x.png in Resources */,
				18A62CDD1B96886800D04999 /* Expression_36@2x.png in Resources */,
				18A62CF71B96886800D04999 /* Expression_62@2x.png in Resources */,
				18A62CC71B96886800D04999 /* Expression_14@2x.png in Resources */,
				18A62D681B96958C00D04999 /* CIEmotionRightCell.xib in Resources */,
				18A62CEE1B96886800D04999 /* Expression_53@2x.png in Resources */,
				18A62CF81B96886800D04999 /* Expression_63@2x.png in Resources */,
				18A62CCB1B96886800D04999 /* Expression_18@2x.png in Resources */,
				18A62D0C1B96886800D04999 /* Expression_83@2x.png in Resources */,
				18A62D071B96886800D04999 /* Expression_78@2x.png in Resources */,
				18A62CE11B96886800D04999 /* Expression_40@2x.png in Resources */,
				18A62CF41B96886800D04999 /* Expression_59@2x.png in Resources */,
				18A62D141B96886800D04999 /* Expression_91@2x.png in Resources */,
				18A62D3C1B968C2000D04999 /* CIAnotherContent10@2x.png in Resources */,
				18A62D861B9AAA3B00D04999 /* jpg2.jpg in Resources */,
				18A62CC61B96886800D04999 /* Expression_13@2x.png in Resources */,
				18A62CD21B96886800D04999 /* Expression_25@2x.png in Resources */,
				18A62D231B968A7700D04999 /* CIVoice@2x.png in Resources */,
				18A62D631B96957E00D04999 /* CIEmotionLeftCell.xib in Resources */,
				18A62CFF1B96886800D04999 /* Expression_70@2x.png in Resources */,
				18A62CDF1B96886800D04999 /* Expression_38@2x.png in Resources */,
				18A62D7C1B96D37100D04999 /* ReceiverTextNodeBkg@2x.png in Resources */,
				18A62D271B968A8600D04999 /* CIAnother@2x.png in Resources */,
				18A62CE21B96886800D04999 /* Expression_41@2x.png in Resources */,
				18A62D031B96886800D04999 /* Expression_74@2x.png in Resources */,
				18A62D041B96886800D04999 /* Expression_75@2x.png in Resources */,
				18A62CE01B96886800D04999 /* Expression_39@2x.png in Resources */,
				18A62CD81B96886800D04999 /* Expression_31@2x.png in Resources */,
				18A62D721B9695DF00D04999 /* CIImageLeftCell.xib in Resources */,
				18A62D191B96886800D04999 /* Expression_96@2x.png in Resources */,
				18A62D211B96891A00D04999 /* CIEmotion@2x.png in Resources */,
				18A62D381B968C2000D04999 /* CIAnotherContent3@2x.png in Resources */,
				18A62D161B96886800D04999 /* Expression_93@2x.png in Resources */,
				18A62CFA1B96886800D04999 /* Expression_65@2x.png in Resources */,
				18A62CBE1B96886800D04999 /* Expression_5@2x.png in Resources */,
				18A62D091B96886800D04999 /* Expression_80@2x.png in Resources */,
				18A62D491B9693D400D04999 /* CIMessageRightCell.xib in Resources */,
				18A62CF51B96886800D04999 /* Expression_60@2x.png in Resources */,
				18A62CFB1B96886800D04999 /* Expression_66@2x.png in Resources */,
				18A62CC81B96886800D04999 /* Expression_15@2x.png in Resources */,
				18A62CC31B96886800D04999 /* Expression_10@2x.png in Resources */,
				18A62D3F1B968DB600D04999 /* CIAnotherContent5@2x.png in Resources */,
				18A62CD01B96886800D04999 /* Expression_23@2x.png in Resources */,
				18A62CD71B96886800D04999 /* Expression_30@2x.png in Resources */,
				18A62D801B96F54F00D04999 /* TimedOut@2x.png in Resources */,
				18A62CC01B96886800D04999 /* Expression_7@2x.png in Resources */,
				18A62D7A1B96D32C00D04999 /* SenderTextNodeBkg@2x.png in Resources */,
				18A62CE41B96886800D04999 /* Expression_43@2x.png in Resources */,
				18A62D051B96886800D04999 /* Expression_76@2x.png in Resources */,
				18A62D0B1B96886800D04999 /* Expression_82@2x.png in Resources */,
				18A62CE31B96886800D04999 /* Expression_42@2x.png in Resources */,
				18A62D361B968C2000D04999 /* CIAnotherContent8@2x.png in Resources */,
				18A62CEF1B96886800D04999 /* Expression_54@2x.png in Resources */,
				18A62D4E1B96948200D04999 /* CIVocieLeftCell.xib in Resources */,
				18A62C481B94573400D04999 /* expression.plist in Resources */,
				18A62CD11B96886800D04999 /* Expression_24@2x.png in Resources */,
				18A62CC11B96886800D04999 /* Expression_8@2x.png in Resources */,
				18A62CFE1B96886800D04999 /* Expression_69@2x.png in Resources */,
				18A62D0F1B96886800D04999 /* Expression_86@2x.png in Resources */,
				18A62CCC1B96886800D04999 /* Expression_19@2x.png in Resources */,
				18A62D021B96886800D04999 /* Expression_73@2x.png in Resources */,
				18A62CBB1B96886800D04999 /* Expression_2@2x.png in Resources */,
				18A62CF21B96886800D04999 /* Expression_57@2x.png in Resources */,
				18A62D441B9693BE00D04999 /* CIMessageLeftCell.xib in Resources */,
				18A62CDA1B96886800D04999 /* Expression_33@2x.png in Resources */,
				18A62D131B96886800D04999 /* Expression_90@2x.png in Resources */,
				18A62CDB1B96886800D04999 /* Expression_34@2x.png in Resources */,
				18A62D171B96886800D04999 /* Expression_94@2x.png in Resources */,
				18A62D181B96886800D04999 /* Expression_95@2x.png in Resources */,
				18A62CF61B96886800D04999 /* Expression_61@2x.png in Resources */,
				18A62CD61B96886800D04999 /* Expression_29@2x.png in Resources */,
				18A62CEB1B96886800D04999 /* Expression_50@2x.png in Resources */,
				18A62C4D1B95366700D04999 /* CIEmotionBtnView.xib in Resources */,
				183AF5081B91344800292936 /* CIDetailController.xib in Resources */,
				18A62D1B1B96886800D04999 /* Expression_98@2x.png in Resources */,
				18A62D3B1B968C2000D04999 /* CIAnotherContent11@2x.png in Resources */,
				18A62D011B96886800D04999 /* Expression_72@2x.png in Resources */,
				18A62CD91B96886800D04999 /* Expression_32@2x.png in Resources */,
				18A62D291B968B0800D04999 /* EmotionsEmojiHL.png in Resources */,
				18A62D531B96949300D04999 /* CIVoiceRightCell.xib in Resources */,
				18A62D001B96886800D04999 /* Expression_71@2x.png in Resources */,
				18A62CE71B96886800D04999 /* Expression_46@2x.png in Resources */,
				18A62D121B96886800D04999 /* Expression_89@2x.png in Resources */,
				18A62CF31B96886800D04999 /* Expression_58@2x.png in Resources */,
				183AF5171B9136E100292936 /* CIInputBar.xib in Resources */,
				183AF5301B917A7400292936 /* CIAnotherContentView.xib in Resources */,
				18A62CED1B96886800D04999 /* Expression_52@2x.png in Resources */,
				18A62C441B9456AC00D04999 /* CIEmotionListBtnView.xib in Resources */,
				18A62D081B96886800D04999 /* Expression_79@2x.png in Resources */,
				18A62D101B96886800D04999 /* Expression_87@2x.png in Resources */,
				18A62CE51B96886800D04999 /* Expression_44@2x.png in Resources */,
				18A62CF01B96886800D04999 /* Expression_55@2x.png in Resources */,
				18A62CC91B96886800D04999 /* Expression_16@2x.png in Resources */,
				18A62D0A1B96886800D04999 /* Expression_81@2x.png in Resources */,
				18A62D7E1B96F0BB00D04999 /* DefaultAvatar@2x.png in Resources */,
				18A62CC21B96886800D04999 /* Expression_9@2x.png in Resources */,
				18A62CD51B96886800D04999 /* Expression_28@2x.png in Resources */,
				183AF4EB1B9133C900292936 /* Images.xcassets in Resources */,
				18A62D1F1B9688C500D04999 /* DeleteEmoticonBtn@2x.png in Resources */,
				18A62CE91B96886800D04999 /* Expression_48@2x.png in Resources */,
			);
			runOnlyForDeploymentPostprocessing = 0;
		};
		183AF4F11B9133C900292936 /* Resources */ = {
			isa = PBXResourcesBuildPhase;
			buildActionMask = 2147483647;
			files = (
			);
			runOnlyForDeploymentPostprocessing = 0;
		};
/* End PBXResourcesBuildPhase section */

/* Begin PBXSourcesBuildPhase section */
		183AF4D61B9133C900292936 /* Sources */ = {
			isa = PBXSourcesBuildPhase;
			buildActionMask = 2147483647;
			files = (
				18A62D481B9693D400D04999 /* CIMessageRightCell.m in Sources */,
				183AF5151B9136D300292936 /* CIInputBar.m in Sources */,
				183AF4E61B9133C900292936 /* ViewController.m in Sources */,
				183AF52E1B917A6500292936 /* CIAnotherContentView.m in Sources */,
				18A62D431B9693BE00D04999 /* CIMessageLeftCell.m in Sources */,
				18A62D711B9695DF00D04999 /* CIImageLeftCell.m in Sources */,
				18A62D761B9695F000D04999 /* CIImageRightCell.m in Sources */,
				183AF4E31B9133C900292936 /* AppDelegate.m in Sources */,
				18A62D621B96957E00D04999 /* CIEmotionLeftCell.m in Sources */,
				183AF5071B91344800292936 /* CIDetailController.m in Sources */,
				18A62C531B959EA100D04999 /* CIEmotionAlertView.m in Sources */,
				183AF5291B91568A00292936 /* CIAnotherView.m in Sources */,
				183AF5241B91473F00292936 /* CIEmotionView.m in Sources */,
				18A62D4D1B96948200D04999 /* CIVocieLeftCell.m in Sources */,
				18A62D571B9694D200D04999 /* CITimeCell.m in Sources */,
				18A62C4B1B95365800D04999 /* CIEmotionBtnView.m in Sources */,
				18A62D671B96958C00D04999 /* CIEmotionRightCell.m in Sources */,
				183AF4E01B9133C900292936 /* main.m in Sources */,
				18A62C421B94569800D04999 /* CIEmotionListBtnView.m in Sources */,
				18A62D521B96949300D04999 /* CIVoiceRightCell.m in Sources */,
			);
			runOnlyForDeploymentPostprocessing = 0;
		};
		183AF4EF1B9133C900292936 /* Sources */ = {
			isa = PBXSourcesBuildPhase;
			buildActionMask = 2147483647;
			files = (
				183AF4FA1B9133C900292936 /* ChatInputTests.m in Sources */,
			);
			runOnlyForDeploymentPostprocessing = 0;
		};
/* End PBXSourcesBuildPhase section */

/* Begin PBXTargetDependency section */
		183AF4F51B9133C900292936 /* PBXTargetDependency */ = {
			isa = PBXTargetDependency;
			target = 183AF4D91B9133C900292936 /* ChatInput */;
			targetProxy = 183AF4F41B9133C900292936 /* PBXContainerItemProxy */;
		};
/* End PBXTargetDependency section */

/* Begin PBXVariantGroup section */
		183AF4E71B9133C900292936 /* Main.storyboard */ = {
			isa = PBXVariantGroup;
			children = (
				183AF4E81B9133C900292936 /* Base */,
			);
			name = Main.storyboard;
			sourceTree = "<group>";
		};
		183AF4EC1B9133C900292936 /* LaunchScreen.xib */ = {
			isa = PBXVariantGroup;
			children = (
				183AF4ED1B9133C900292936 /* Base */,
			);
			name = LaunchScreen.xib;
			sourceTree = "<group>";
		};
/* End PBXVariantGroup section */

/* Begin XCBuildConfiguration section */
		183AF4FB1B9133C900292936 /* Debug */ = {
			isa = XCBuildConfiguration;
			buildSettings = {
				ALWAYS_SEARCH_USER_PATHS = NO;
				CLANG_CXX_LANGUAGE_STANDARD = "gnu++0x";
				CLANG_CXX_LIBRARY = "libc++";
				CLANG_ENABLE_MODULES = YES;
				CLANG_ENABLE_OBJC_ARC = YES;
				CLANG_WARN_BOOL_CONVERSION = YES;
				CLANG_WARN_CONSTANT_CONVERSION = YES;
				CLANG_WARN_DIRECT_OBJC_ISA_USAGE = YES_ERROR;
				CLANG_WARN_EMPTY_BODY = YES;
				CLANG_WARN_ENUM_CONVERSION = YES;
				CLANG_WARN_INT_CONVERSION = YES;
				CLANG_WARN_OBJC_ROOT_CLASS = YES_ERROR;
				CLANG_WARN_UNREACHABLE_CODE = YES;
				CLANG_WARN__DUPLICATE_METHOD_MATCH = YES;
				"CODE_SIGN_IDENTITY[sdk=iphoneos*]" = "iPhone Developer";
				COPY_PHASE_STRIP = NO;
				DEBUG_INFORMATION_FORMAT = "dwarf-with-dsym";
				ENABLE_STRICT_OBJC_MSGSEND = YES;
				GCC_C_LANGUAGE_STANDARD = gnu99;
				GCC_DYNAMIC_NO_PIC = NO;
				GCC_NO_COMMON_BLOCKS = YES;
				GCC_OPTIMIZATION_LEVEL = 0;
				GCC_PREPROCESSOR_DEFINITIONS = (
					"DEBUG=1",
					"$(inherited)",
				);
				GCC_SYMBOLS_PRIVATE_EXTERN = NO;
				GCC_WARN_64_TO_32_BIT_CONVERSION = YES;
				GCC_WARN_ABOUT_RETURN_TYPE = YES_ERROR;
				GCC_WARN_UNDECLARED_SELECTOR = YES;
				GCC_WARN_UNINITIALIZED_AUTOS = YES_AGGRESSIVE;
				GCC_WARN_UNUSED_FUNCTION = YES;
				GCC_WARN_UNUSED_VARIABLE = YES;
				IPHONEOS_DEPLOYMENT_TARGET = 8.4;
				MTL_ENABLE_DEBUG_INFO = YES;
				ONLY_ACTIVE_ARCH = YES;
				SDKROOT = iphoneos;
				TARGETED_DEVICE_FAMILY = "1,2";
			};
			name = Debug;
		};
		183AF4FC1B9133C900292936 /* Release */ = {
			isa = XCBuildConfiguration;
			buildSettings = {
				ALWAYS_SEARCH_USER_PATHS = NO;
				CLANG_CXX_LANGUAGE_STANDARD = "gnu++0x";
				CLANG_CXX_LIBRARY = "libc++";
				CLANG_ENABLE_MODULES = YES;
				CLANG_ENABLE_OBJC_ARC = YES;
				CLANG_WARN_BOOL_CONVERSION = YES;
				CLANG_WARN_CONSTANT_CONVERSION = YES;
				CLANG_WARN_DIRECT_OBJC_ISA_USAGE = YES_ERROR;
				CLANG_WARN_EMPTY_BODY = YES;
				CLANG_WARN_ENUM_CONVERSION = YES;
				CLANG_WARN_INT_CONVERSION = YES;
				CLANG_WARN_OBJC_ROOT_CLASS = YES_ERROR;
				CLANG_WARN_UNREACHABLE_CODE = YES;
				CLANG_WARN__DUPLICATE_METHOD_MATCH = YES;
				"CODE_SIGN_IDENTITY[sdk=iphoneos*]" = "iPhone Developer";
				COPY_PHASE_STRIP = NO;
				DEBUG_INFORMATION_FORMAT = "dwarf-with-dsym";
				ENABLE_NS_ASSERTIONS = NO;
				ENABLE_STRICT_OBJC_MSGSEND = YES;
				GCC_C_LANGUAGE_STANDARD = gnu99;
				GCC_NO_COMMON_BLOCKS = YES;
				GCC_WARN_64_TO_32_BIT_CONVERSION = YES;
				GCC_WARN_ABOUT_RETURN_TYPE = YES_ERROR;
				GCC_WARN_UNDECLARED_SELECTOR = YES;
				GCC_WARN_UNINITIALIZED_AUTOS = YES_AGGRESSIVE;
				GCC_WARN_UNUSED_FUNCTION = YES;
				GCC_WARN_UNUSED_VARIABLE = YES;
				IPHONEOS_DEPLOYMENT_TARGET = 8.4;
				MTL_ENABLE_DEBUG_INFO = NO;
				SDKROOT = iphoneos;
				TARGETED_DEVICE_FAMILY = "1,2";
				VALIDATE_PRODUCT = YES;
			};
			name = Release;
		};
		183AF4FE1B9133C900292936 /* Debug */ = {
			isa = XCBuildConfiguration;
			buildSettings = {
				ASSETCATALOG_COMPILER_APPICON_NAME = AppIcon;
				INFOPLIST_FILE = ChatInput/Info.plist;
				LD_RUNPATH_SEARCH_PATHS = "$(inherited) @executable_path/Frameworks";
				PRODUCT_NAME = "$(TARGET_NAME)";
			};
			name = Debug;
		};
		183AF4FF1B9133C900292936 /* Release */ = {
			isa = XCBuildConfiguration;
			buildSettings = {
				ASSETCATALOG_COMPILER_APPICON_NAME = AppIcon;
				INFOPLIST_FILE = ChatInput/Info.plist;
				LD_RUNPATH_SEARCH_PATHS = "$(inherited) @executable_path/Frameworks";
				PRODUCT_NAME = "$(TARGET_NAME)";
			};
			name = Release;
		};
		183AF5011B9133C900292936 /* Debug */ = {
			isa = XCBuildConfiguration;
			buildSettings = {
				BUNDLE_LOADER = "$(TEST_HOST)";
				FRAMEWORK_SEARCH_PATHS = (
					"$(SDKROOT)/Developer/Library/Frameworks",
					"$(inherited)",
				);
				GCC_PREPROCESSOR_DEFINITIONS = (
					"DEBUG=1",
					"$(inherited)",
				);
				INFOPLIST_FILE = ChatInputTests/Info.plist;
				LD_RUNPATH_SEARCH_PATHS = "$(inherited) @executable_path/Frameworks @loader_path/Frameworks";
				PRODUCT_NAME = "$(TARGET_NAME)";
				TEST_HOST = "$(BUILT_PRODUCTS_DIR)/ChatInput.app/ChatInput";
			};
			name = Debug;
		};
		183AF5021B9133C900292936 /* Release */ = {
			isa = XCBuildConfiguration;
			buildSettings = {
				BUNDLE_LOADER = "$(TEST_HOST)";
				FRAMEWORK_SEARCH_PATHS = (
					"$(SDKROOT)/Developer/Library/Frameworks",
					"$(inherited)",
				);
				INFOPLIST_FILE = ChatInputTests/Info.plist;
				LD_RUNPATH_SEARCH_PATHS = "$(inherited) @executable_path/Frameworks @loader_path/Frameworks";
				PRODUCT_NAME = "$(TARGET_NAME)";
				TEST_HOST = "$(BUILT_PRODUCTS_DIR)/ChatInput.app/ChatInput";
			};
			name = Release;
		};
/* End XCBuildConfiguration section */

/* Begin XCConfigurationList section */
		183AF4D51B9133C900292936 /* Build configuration list for PBXProject "ChatInput" */ = {
			isa = XCConfigurationList;
			buildConfigurations = (
				183AF4FB1B9133C900292936 /* Debug */,
				183AF4FC1B9133C900292936 /* Release */,
			);
			defaultConfigurationIsVisible = 0;
			defaultConfigurationName = Release;
		};
		183AF4FD1B9133C900292936 /* Build configuration list for PBXNativeTarget "ChatInput" */ = {
			isa = XCConfigurationList;
			buildConfigurations = (
				183AF4FE1B9133C900292936 /* Debug */,
				183AF4FF1B9133C900292936 /* Release */,
			);
			defaultConfigurationIsVisible = 0;
			defaultConfigurationName = Release;
		};
		183AF5001B9133C900292936 /* Build configuration list for PBXNativeTarget "ChatInputTests" */ = {
			isa = XCConfigurationList;
			buildConfigurations = (
				183AF5011B9133C900292936 /* Debug */,
				183AF5021B9133C900292936 /* Release */,
			);
			defaultConfigurationIsVisible = 0;
			defaultConfigurationName = Release;
		};
/* End XCConfigurationList section */
	};
	rootObject = 183AF4D21B9133C900292936 /* Project object */;
}
