// !$*UTF8*$!
{
	archiveVersion = 1;
	classes = {
	};
	objectVersion = 46;
	objects = {

/* Begin PBXBuildFile section */
		183AF4E01B9133C900292936 /* main.m in Sources */ = {isa = PBXBuildFile; fileRef = 183AF4DF1B9133C900292936 /* main.m */; };
		183AF4E31B9133C900292936 /* AppDelegate.m in Sources */ = {isa = PBXBuildFile; fileRef = 183AF4E21B9133C900292936 /* AppDelegate.m */; };
		183AF4E61B9133C900292936 /* ViewController.m in Sources */ = {isa = PBXBuildFile; fileRef = 183AF4E51B9133C900292936 /* ViewController.m */; };
		183AF4E91B9133C900292936 /* Main.storyboard in Resources */ = {isa = PBXBuildFile; fileRef = 183AF4E71B9133C900292936 /* Main.storyboard */; };
		183AF4EB1B9133C900292936 /* Images.xcassets in Resources */ = {isa = PBXBuildFile; fileRef = 183AF4EA1B9133C900292936 /* Images.xcassets */; };
		183AF4EE1B9133C900292936 /* LaunchScreen.xib in Resources */ = {isa = PBXBuildFile; fileRef = 183AF4EC1B9133C900292936 /* LaunchScreen.xib */; };
		183AF4FA1B9133C900292936 /* ChatInputTests.m in Sources */ = {isa = PBXBuildFile; fileRef = 183AF4F91B9133C900292936 /* ChatInputTests.m */; };
		183AF5071B91344800292936 /* CIDetailController.m in Sources */ = {isa = PBXBuildFile; fileRef = 183AF5051B91344800292936 /* CIDetailController.m */; };
		183AF5081B91344800292936 /* CIDetailController.xib in Resources */ = {isa = PBXBuildFile; fileRef = 183AF5061B91344800292936 /* CIDetailController.xib */; };
		183AF5111B91355600292936 /* CIDetailCell.m in Sources */ = {isa = PBXBuildFile; fileRef = 183AF50F1B91355600292936 /* CIDetailCell.m */; };
		183AF5121B91355600292936 /* CIDetailCell.xib in Resources */ = {isa = PBXBuildFile; fileRef = 183AF5101B91355600292936 /* CIDetailCell.xib */; };
		183AF5151B9136D300292936 /* CIInputBar.m in Sources */ = {isa = PBXBuildFile; fileRef = 183AF5141B9136D300292936 /* CIInputBar.m */; };
		183AF5171B9136E100292936 /* CIInputBar.xib in Resources */ = {isa = PBXBuildFile; fileRef = 183AF5161B9136E100292936 /* CIInputBar.xib */; };
		183AF51C1B91376100292936 /* CIEmotion.png in Resources */ = {isa = PBXBuildFile; fileRef = 183AF5181B91376100292936 /* CIEmotion.png */; };
		183AF51D1B91376100292936 /* CIVoice.png in Resources */ = {isa = PBXBuildFile; fileRef = 183AF5191B91376100292936 /* CIVoice.png */; };
		183AF51E1B91376100292936 /* CIKeyboard.png in Resources */ = {isa = PBXBuildFile; fileRef = 183AF51A1B91376100292936 /* CIKeyboard.png */; };
		183AF51F1B91376100292936 /* CIAnother.png in Resources */ = {isa = PBXBuildFile; fileRef = 183AF51B1B91376100292936 /* CIAnother.png */; };
		183AF5241B91473F00292936 /* CIEmotionView.m in Sources */ = {isa = PBXBuildFile; fileRef = 183AF5231B91473F00292936 /* CIEmotionView.m */; };
		183AF5261B91475300292936 /* CIEmotionView.xib in Resources */ = {isa = PBXBuildFile; fileRef = 183AF5251B91475300292936 /* CIEmotionView.xib */; };
		183AF5291B91568A00292936 /* CIAnotherView.m in Sources */ = {isa = PBXBuildFile; fileRef = 183AF5281B91568A00292936 /* CIAnotherView.m */; };
		183AF52B1B91569A00292936 /* CIAnotherView.xib in Resources */ = {isa = PBXBuildFile; fileRef = 183AF52A1B91569A00292936 /* CIAnotherView.xib */; };
		183AF52E1B917A6500292936 /* CIAnotherContentView.m in Sources */ = {isa = PBXBuildFile; fileRef = 183AF52D1B917A6500292936 /* CIAnotherContentView.m */; };
		183AF5301B917A7400292936 /* CIAnotherContentView.xib in Resources */ = {isa = PBXBuildFile; fileRef = 183AF52F1B917A7400292936 /* CIAnotherContentView.xib */; };
		183AF5351B91810700292936 /* CIAnotherContent4.png in Resources */ = {isa = PBXBuildFile; fileRef = 183AF5311B91810700292936 /* CIAnotherContent4.png */; };
		183AF5361B91810700292936 /* CIAnotherContent1.png in Resources */ = {isa = PBXBuildFile; fileRef = 183AF5321B91810700292936 /* CIAnotherContent1.png */; };
		183AF5371B91810700292936 /* CIAnotherContent2.png in Resources */ = {isa = PBXBuildFile; fileRef = 183AF5331B91810700292936 /* CIAnotherContent2.png */; };
		183AF5381B91810700292936 /* CIAnotherContent3.png in Resources */ = {isa = PBXBuildFile; fileRef = 183AF5341B91810700292936 /* CIAnotherContent3.png */; };
		18A62BCF1B94372100D04999 /* Expression_1.tiff in Resources */ = {isa = PBXBuildFile; fileRef = 18A62B651B94372100D04999 /* Expression_1.tiff */; };
		18A62BD01B94372100D04999 /* Expression_2.tiff in Resources */ = {isa = PBXBuildFile; fileRef = 18A62B661B94372100D04999 /* Expression_2.tiff */; };
		18A62BD11B94372100D04999 /* Expression_3.tiff in Resources */ = {isa = PBXBuildFile; fileRef = 18A62B671B94372100D04999 /* Expression_3.tiff */; };
		18A62BD21B94372100D04999 /* Expression_4.tiff in Resources */ = {isa = PBXBuildFile; fileRef = 18A62B681B94372100D04999 /* Expression_4.tiff */; };
		18A62BD31B94372100D04999 /* Expression_5.tiff in Resources */ = {isa = PBXBuildFile; fileRef = 18A62B691B94372100D04999 /* Expression_5.tiff */; };
		18A62BD41B94372100D04999 /* Expression_6.tiff in Resources */ = {isa = PBXBuildFile; fileRef = 18A62B6A1B94372100D04999 /* Expression_6.tiff */; };
		18A62BD51B94372100D04999 /* Expression_7.tiff in Resources */ = {isa = PBXBuildFile; fileRef = 18A62B6B1B94372100D04999 /* Expression_7.tiff */; };
		18A62BD61B94372100D04999 /* Expression_8.tiff in Resources */ = {isa = PBXBuildFile; fileRef = 18A62B6C1B94372100D04999 /* Expression_8.tiff */; };
		18A62BD71B94372100D04999 /* Expression_9.tiff in Resources */ = {isa = PBXBuildFile; fileRef = 18A62B6D1B94372100D04999 /* Expression_9.tiff */; };
		18A62BD81B94372100D04999 /* Expression_10.tiff in Resources */ = {isa = PBXBuildFile; fileRef = 18A62B6E1B94372100D04999 /* Expression_10.tiff */; };
		18A62BD91B94372100D04999 /* Expression_11.tiff in Resources */ = {isa = PBXBuildFile; fileRef = 18A62B6F1B94372100D04999 /* Expression_11.tiff */; };
		18A62BDA1B94372100D04999 /* Expression_12.tiff in Resources */ = {isa = PBXBuildFile; fileRef = 18A62B701B94372100D04999 /* Expression_12.tiff */; };
		18A62BDB1B94372100D04999 /* Expression_13.tiff in Resources */ = {isa = PBXBuildFile; fileRef = 18A62B711B94372100D04999 /* Expression_13.tiff */; };
		18A62BDC1B94372100D04999 /* Expression_14.tiff in Resources */ = {isa = PBXBuildFile; fileRef = 18A62B721B94372100D04999 /* Expression_14.tiff */; };
		18A62BDD1B94372100D04999 /* Expression_15.tiff in Resources */ = {isa = PBXBuildFile; fileRef = 18A62B731B94372100D04999 /* Expression_15.tiff */; };
		18A62BDE1B94372100D04999 /* Expression_16.tiff in Resources */ = {isa = PBXBuildFile; fileRef = 18A62B741B94372100D04999 /* Expression_16.tiff */; };
		18A62BDF1B94372100D04999 /* Expression_17.tiff in Resources */ = {isa = PBXBuildFile; fileRef = 18A62B751B94372100D04999 /* Expression_17.tiff */; };
		18A62BE01B94372100D04999 /* Expression_18.tiff in Resources */ = {isa = PBXBuildFile; fileRef = 18A62B761B94372100D04999 /* Expression_18.tiff */; };
		18A62BE11B94372100D04999 /* Expression_19.tiff in Resources */ = {isa = PBXBuildFile; fileRef = 18A62B771B94372100D04999 /* Expression_19.tiff */; };
		18A62BE21B94372100D04999 /* Expression_20.tiff in Resources */ = {isa = PBXBuildFile; fileRef = 18A62B781B94372100D04999 /* Expression_20.tiff */; };
		18A62BE31B94372100D04999 /* Expression_21.tiff in Resources */ = {isa = PBXBuildFile; fileRef = 18A62B791B94372100D04999 /* Expression_21.tiff */; };
		18A62BE41B94372100D04999 /* Expression_22.tiff in Resources */ = {isa = PBXBuildFile; fileRef = 18A62B7A1B94372100D04999 /* Expression_22.tiff */; };
		18A62BE51B94372100D04999 /* Expression_23.tiff in Resources */ = {isa = PBXBuildFile; fileRef = 18A62B7B1B94372100D04999 /* Expression_23.tiff */; };
		18A62BE61B94372100D04999 /* Expression_24.tiff in Resources */ = {isa = PBXBuildFile; fileRef = 18A62B7C1B94372100D04999 /* Expression_24.tiff */; };
		18A62BE71B94372100D04999 /* Expression_25.tiff in Resources */ = {isa = PBXBuildFile; fileRef = 18A62B7D1B94372100D04999 /* Expression_25.tiff */; };
		18A62BE81B94372100D04999 /* Expression_26.tiff in Resources */ = {isa = PBXBuildFile; fileRef = 18A62B7E1B94372100D04999 /* Expression_26.tiff */; };
		18A62BE91B94372100D04999 /* Expression_27.tiff in Resources */ = {isa = PBXBuildFile; fileRef = 18A62B7F1B94372100D04999 /* Expression_27.tiff */; };
		18A62BEA1B94372100D04999 /* Expression_28.tiff in Resources */ = {isa = PBXBuildFile; fileRef = 18A62B801B94372100D04999 /* Expression_28.tiff */; };
		18A62BEB1B94372100D04999 /* Expression_29.tiff in Resources */ = {isa = PBXBuildFile; fileRef = 18A62B811B94372100D04999 /* Expression_29.tiff */; };
		18A62BEC1B94372100D04999 /* Expression_30.tiff in Resources */ = {isa = PBXBuildFile; fileRef = 18A62B821B94372100D04999 /* Expression_30.tiff */; };
		18A62BED1B94372100D04999 /* Expression_31.tiff in Resources */ = {isa = PBXBuildFile; fileRef = 18A62B831B94372100D04999 /* Expression_31.tiff */; };
		18A62BEE1B94372100D04999 /* Expression_32.tiff in Resources */ = {isa = PBXBuildFile; fileRef = 18A62B841B94372100D04999 /* Expression_32.tiff */; };
		18A62BEF1B94372100D04999 /* Expression_33.tiff in Resources */ = {isa = PBXBuildFile; fileRef = 18A62B851B94372100D04999 /* Expression_33.tiff */; };
		18A62BF01B94372100D04999 /* Expression_34.tiff in Resources */ = {isa = PBXBuildFile; fileRef = 18A62B861B94372100D04999 /* Expression_34.tiff */; };
		18A62BF11B94372100D04999 /* Expression_35.tiff in Resources */ = {isa = PBXBuildFile; fileRef = 18A62B871B94372100D04999 /* Expression_35.tiff */; };
		18A62BF21B94372100D04999 /* Expression_36.tiff in Resources */ = {isa = PBXBuildFile; fileRef = 18A62B881B94372100D04999 /* Expression_36.tiff */; };
		18A62BF31B94372100D04999 /* Expression_37.tiff in Resources */ = {isa = PBXBuildFile; fileRef = 18A62B891B94372100D04999 /* Expression_37.tiff */; };
		18A62BF41B94372100D04999 /* Expression_38.tiff in Resources */ = {isa = PBXBuildFile; fileRef = 18A62B8A1B94372100D04999 /* Expression_38.tiff */; };
		18A62BF51B94372100D04999 /* Expression_39.tiff in Resources */ = {isa = PBXBuildFile; fileRef = 18A62B8B1B94372100D04999 /* Expression_39.tiff */; };
		18A62BF61B94372100D04999 /* Expression_40.tiff in Resources */ = {isa = PBXBuildFile; fileRef = 18A62B8C1B94372100D04999 /* Expression_40.tiff */; };
		18A62BF71B94372100D04999 /* Expression_41.tiff in Resources */ = {isa = PBXBuildFile; fileRef = 18A62B8D1B94372100D04999 /* Expression_41.tiff */; };
		18A62BF81B94372100D04999 /* Expression_42.tiff in Resources */ = {isa = PBXBuildFile; fileRef = 18A62B8E1B94372100D04999 /* Expression_42.tiff */; };
		18A62BF91B94372100D04999 /* Expression_43.tiff in Resources */ = {isa = PBXBuildFile; fileRef = 18A62B8F1B94372100D04999 /* Expression_43.tiff */; };
		18A62BFA1B94372100D04999 /* Expression_44.tiff in Resources */ = {isa = PBXBuildFile; fileRef = 18A62B901B94372100D04999 /* Expression_44.tiff */; };
		18A62BFB1B94372100D04999 /* Expression_45.tiff in Resources */ = {isa = PBXBuildFile; fileRef = 18A62B911B94372100D04999 /* Expression_45.tiff */; };
		18A62BFC1B94372100D04999 /* Expression_46.tiff in Resources */ = {isa = PBXBuildFile; fileRef = 18A62B921B94372100D04999 /* Expression_46.tiff */; };
		18A62BFD1B94372100D04999 /* Expression_47.tiff in Resources */ = {isa = PBXBuildFile; fileRef = 18A62B931B94372100D04999 /* Expression_47.tiff */; };
		18A62BFE1B94372100D04999 /* Expression_48.tiff in Resources */ = {isa = PBXBuildFile; fileRef = 18A62B941B94372100D04999 /* Expression_48.tiff */; };
		18A62BFF1B94372100D04999 /* Expression_49.tiff in Resources */ = {isa = PBXBuildFile; fileRef = 18A62B951B94372100D04999 /* Expression_49.tiff */; };
		18A62C001B94372100D04999 /* Expression_50.tiff in Resources */ = {isa = PBXBuildFile; fileRef = 18A62B961B94372100D04999 /* Expression_50.tiff */; };
		18A62C011B94372100D04999 /* Expression_51.tiff in Resources */ = {isa = PBXBuildFile; fileRef = 18A62B971B94372100D04999 /* Expression_51.tiff */; };
		18A62C021B94372100D04999 /* Expression_52.tiff in Resources */ = {isa = PBXBuildFile; fileRef = 18A62B981B94372100D04999 /* Expression_52.tiff */; };
		18A62C031B94372100D04999 /* Expression_53.tiff in Resources */ = {isa = PBXBuildFile; fileRef = 18A62B991B94372100D04999 /* Expression_53.tiff */; };
		18A62C041B94372100D04999 /* Expression_54.tiff in Resources */ = {isa = PBXBuildFile; fileRef = 18A62B9A1B94372100D04999 /* Expression_54.tiff */; };
		18A62C051B94372100D04999 /* Expression_55.tiff in Resources */ = {isa = PBXBuildFile; fileRef = 18A62B9B1B94372100D04999 /* Expression_55.tiff */; };
		18A62C061B94372100D04999 /* Expression_56.tiff in Resources */ = {isa = PBXBuildFile; fileRef = 18A62B9C1B94372100D04999 /* Expression_56.tiff */; };
		18A62C071B94372100D04999 /* Expression_57.tiff in Resources */ = {isa = PBXBuildFile; fileRef = 18A62B9D1B94372100D04999 /* Expression_57.tiff */; };
		18A62C081B94372100D04999 /* Expression_58.tiff in Resources */ = {isa = PBXBuildFile; fileRef = 18A62B9E1B94372100D04999 /* Expression_58.tiff */; };
		18A62C091B94372100D04999 /* Expression_59.tiff in Resources */ = {isa = PBXBuildFile; fileRef = 18A62B9F1B94372100D04999 /* Expression_59.tiff */; };
		18A62C0A1B94372100D04999 /* Expression_60.tiff in Resources */ = {isa = PBXBuildFile; fileRef = 18A62BA01B94372100D04999 /* Expression_60.tiff */; };
		18A62C0B1B94372100D04999 /* Expression_61.tiff in Resources */ = {isa = PBXBuildFile; fileRef = 18A62BA11B94372100D04999 /* Expression_61.tiff */; };
		18A62C0C1B94372100D04999 /* Expression_62.tiff in Resources */ = {isa = PBXBuildFile; fileRef = 18A62BA21B94372100D04999 /* Expression_62.tiff */; };
		18A62C0D1B94372100D04999 /* Expression_63.tiff in Resources */ = {isa = PBXBuildFile; fileRef = 18A62BA31B94372100D04999 /* Expression_63.tiff */; };
		18A62C0E1B94372100D04999 /* Expression_64.tiff in Resources */ = {isa = PBXBuildFile; fileRef = 18A62BA41B94372100D04999 /* Expression_64.tiff */; };
		18A62C0F1B94372100D04999 /* Expression_65.tiff in Resources */ = {isa = PBXBuildFile; fileRef = 18A62BA51B94372100D04999 /* Expression_65.tiff */; };
		18A62C101B94372100D04999 /* Expression_66.tiff in Resources */ = {isa = PBXBuildFile; fileRef = 18A62BA61B94372100D04999 /* Expression_66.tiff */; };
		18A62C111B94372100D04999 /* Expression_67.tiff in Resources */ = {isa = PBXBuildFile; fileRef = 18A62BA71B94372100D04999 /* Expression_67.tiff */; };
		18A62C121B94372100D04999 /* Expression_68.tiff in Resources */ = {isa = PBXBuildFile; fileRef = 18A62BA81B94372100D04999 /* Expression_68.tiff */; };
		18A62C131B94372100D04999 /* Expression_69.tiff in Resources */ = {isa = PBXBuildFile; fileRef = 18A62BA91B94372100D04999 /* Expression_69.tiff */; };
		18A62C141B94372100D04999 /* Expression_70.tiff in Resources */ = {isa = PBXBuildFile; fileRef = 18A62BAA1B94372100D04999 /* Expression_70.tiff */; };
		18A62C151B94372100D04999 /* Expression_71.tiff in Resources */ = {isa = PBXBuildFile; fileRef = 18A62BAB1B94372100D04999 /* Expression_71.tiff */; };
		18A62C161B94372100D04999 /* Expression_72.tiff in Resources */ = {isa = PBXBuildFile; fileRef = 18A62BAC1B94372100D04999 /* Expression_72.tiff */; };
		18A62C171B94372100D04999 /* Expression_73.tiff in Resources */ = {isa = PBXBuildFile; fileRef = 18A62BAD1B94372100D04999 /* Expression_73.tiff */; };
		18A62C181B94372100D04999 /* Expression_74.tiff in Resources */ = {isa = PBXBuildFile; fileRef = 18A62BAE1B94372100D04999 /* Expression_74.tiff */; };
		18A62C191B94372100D04999 /* Expression_75.tiff in Resources */ = {isa = PBXBuildFile; fileRef = 18A62BAF1B94372100D04999 /* Expression_75.tiff */; };
		18A62C1A1B94372100D04999 /* Expression_76.tiff in Resources */ = {isa = PBXBuildFile; fileRef = 18A62BB01B94372100D04999 /* Expression_76.tiff */; };
		18A62C1B1B94372100D04999 /* Expression_77.tiff in Resources */ = {isa = PBXBuildFile; fileRef = 18A62BB11B94372100D04999 /* Expression_77.tiff */; };
		18A62C1C1B94372100D04999 /* Expression_78.tiff in Resources */ = {isa = PBXBuildFile; fileRef = 18A62BB21B94372100D04999 /* Expression_78.tiff */; };
		18A62C1D1B94372100D04999 /* Expression_79.tiff in Resources */ = {isa = PBXBuildFile; fileRef = 18A62BB31B94372100D04999 /* Expression_79.tiff */; };
		18A62C1E1B94372100D04999 /* Expression_80.tiff in Resources */ = {isa = PBXBuildFile; fileRef = 18A62BB41B94372100D04999 /* Expression_80.tiff */; };
		18A62C1F1B94372100D04999 /* Expression_81.tiff in Resources */ = {isa = PBXBuildFile; fileRef = 18A62BB51B94372100D04999 /* Expression_81.tiff */; };
		18A62C201B94372100D04999 /* Expression_82.tiff in Resources */ = {isa = PBXBuildFile; fileRef = 18A62BB61B94372100D04999 /* Expression_82.tiff */; };
		18A62C211B94372100D04999 /* Expression_83.tiff in Resources */ = {isa = PBXBuildFile; fileRef = 18A62BB71B94372100D04999 /* Expression_83.tiff */; };
		18A62C221B94372100D04999 /* Expression_84.tiff in Resources */ = {isa = PBXBuildFile; fileRef = 18A62BB81B94372100D04999 /* Expression_84.tiff */; };
		18A62C231B94372100D04999 /* Expression_85.tiff in Resources */ = {isa = PBXBuildFile; fileRef = 18A62BB91B94372100D04999 /* Expression_85.tiff */; };
		18A62C241B94372100D04999 /* Expression_86.tiff in Resources */ = {isa = PBXBuildFile; fileRef = 18A62BBA1B94372100D04999 /* Expression_86.tiff */; };
		18A62C251B94372100D04999 /* Expression_87.tiff in Resources */ = {isa = PBXBuildFile; fileRef = 18A62BBB1B94372100D04999 /* Expression_87.tiff */; };
		18A62C261B94372100D04999 /* Expression_88.tiff in Resources */ = {isa = PBXBuildFile; fileRef = 18A62BBC1B94372100D04999 /* Expression_88.tiff */; };
		18A62C271B94372100D04999 /* Expression_89.tiff in Resources */ = {isa = PBXBuildFile; fileRef = 18A62BBD1B94372100D04999 /* Expression_89.tiff */; };
		18A62C281B94372100D04999 /* Expression_90.tiff in Resources */ = {isa = PBXBuildFile; fileRef = 18A62BBE1B94372100D04999 /* Expression_90.tiff */; };
		18A62C291B94372100D04999 /* Expression_91.tiff in Resources */ = {isa = PBXBuildFile; fileRef = 18A62BBF1B94372100D04999 /* Expression_91.tiff */; };
		18A62C2A1B94372100D04999 /* Expression_92.tiff in Resources */ = {isa = PBXBuildFile; fileRef = 18A62BC01B94372100D04999 /* Expression_92.tiff */; };
		18A62C2B1B94372100D04999 /* Expression_93.tiff in Resources */ = {isa = PBXBuildFile; fileRef = 18A62BC11B94372100D04999 /* Expression_93.tiff */; };
		18A62C2C1B94372100D04999 /* Expression_94.tiff in Resources */ = {isa = PBXBuildFile; fileRef = 18A62BC21B94372100D04999 /* Expression_94.tiff */; };
		18A62C2D1B94372100D04999 /* Expression_95.tiff in Resources */ = {isa = PBXBuildFile; fileRef = 18A62BC31B94372100D04999 /* Expression_95.tiff */; };
		18A62C2E1B94372100D04999 /* Expression_96.tiff in Resources */ = {isa = PBXBuildFile; fileRef = 18A62BC41B94372100D04999 /* Expression_96.tiff */; };
		18A62C2F1B94372100D04999 /* Expression_97.tiff in Resources */ = {isa = PBXBuildFile; fileRef = 18A62BC51B94372100D04999 /* Expression_97.tiff */; };
		18A62C301B94372100D04999 /* Expression_98.tiff in Resources */ = {isa = PBXBuildFile; fileRef = 18A62BC61B94372100D04999 /* Expression_98.tiff */; };
		18A62C311B94372100D04999 /* Expression_99.tiff in Resources */ = {isa = PBXBuildFile; fileRef = 18A62BC71B94372100D04999 /* Expression_99.tiff */; };
		18A62C321B94372100D04999 /* Expression_100.tiff in Resources */ = {isa = PBXBuildFile; fileRef = 18A62BC81B94372100D04999 /* Expression_100.tiff */; };
		18A62C421B94569800D04999 /* CIEmotionListBtnView.m in Sources */ = {isa = PBXBuildFile; fileRef = 18A62C411B94569800D04999 /* CIEmotionListBtnView.m */; };
		18A62C441B9456AC00D04999 /* CIEmotionListBtnView.xib in Resources */ = {isa = PBXBuildFile; fileRef = 18A62C431B9456AC00D04999 /* CIEmotionListBtnView.xib */; };
		18A62C471B94573400D04999 /* Expression_list.tiff in Resources */ = {isa = PBXBuildFile; fileRef = 18A62C451B94573400D04999 /* Expression_list.tiff */; };
		18A62C481B94573400D04999 /* expression.plist in Resources */ = {isa = PBXBuildFile; fileRef = 18A62C461B94573400D04999 /* expression.plist */; };
		18A62C4B1B95365800D04999 /* CIEmotionBtnView.m in Sources */ = {isa = PBXBuildFile; fileRef = 18A62C4A1B95365800D04999 /* CIEmotionBtnView.m */; };
		18A62C4D1B95366700D04999 /* CIEmotionBtnView.xib in Resources */ = {isa = PBXBuildFile; fileRef = 18A62C4C1B95366700D04999 /* CIEmotionBtnView.xib */; };
		18A62C4F1B953E1100D04999 /* Expression_delete.png in Resources */ = {isa = PBXBuildFile; fileRef = 18A62C4E1B953E1100D04999 /* Expression_delete.png */; };
		18A62C531B959EA100D04999 /* CIEmotionAlertView.m in Sources */ = {isa = PBXBuildFile; fileRef = 18A62C521B959EA100D04999 /* CIEmotionAlertView.m */; };
		18A62C551B959EB600D04999 /* CIEmotionAlertView.xib in Resources */ = {isa = PBXBuildFile; fileRef = 18A62C541B959EB600D04999 /* CIEmotionAlertView.xib */; };
/* End PBXBuildFile section */

/* Begin PBXContainerItemProxy section */
		183AF4F41B9133C900292936 /* PBXContainerItemProxy */ = {
			isa = PBXContainerItemProxy;
			containerPortal = 183AF4D21B9133C900292936 /* Project object */;
			proxyType = 1;
			remoteGlobalIDString = 183AF4D91B9133C900292936;
			remoteInfo = ChatInput;
		};
/* End PBXContainerItemProxy section */

/* Begin PBXFileReference section */
		183AF4DA1B9133C900292936 /* ChatInput.app */ = {isa = PBXFileReference; explicitFileType = wrapper.application; includeInIndex = 0; path = ChatInput.app; sourceTree = BUILT_PRODUCTS_DIR; };
		183AF4DE1B9133C900292936 /* Info.plist */ = {isa = PBXFileReference; lastKnownFileType = text.plist.xml; path = Info.plist; sourceTree = "<group>"; };
		183AF4DF1B9133C900292936 /* main.m */ = {isa = PBXFileReference; lastKnownFileType = sourcecode.c.objc; path = main.m; sourceTree = "<group>"; };
		183AF4E11B9133C900292936 /* AppDelegate.h */ = {isa = PBXFileReference; lastKnownFileType = sourcecode.c.h; path = AppDelegate.h; sourceTree = "<group>"; };
		183AF4E21B9133C900292936 /* AppDelegate.m */ = {isa = PBXFileReference; lastKnownFileType = sourcecode.c.objc; path = AppDelegate.m; sourceTree = "<group>"; };
		183AF4E41B9133C900292936 /* ViewController.h */ = {isa = PBXFileReference; lastKnownFileType = sourcecode.c.h; path = ViewController.h; sourceTree = "<group>"; };
		183AF4E51B9133C900292936 /* ViewController.m */ = {isa = PBXFileReference; lastKnownFileType = sourcecode.c.objc; path = ViewController.m; sourceTree = "<group>"; };
		183AF4E81B9133C900292936 /* Base */ = {isa = PBXFileReference; lastKnownFileType = file.storyboard; name = Base; path = Base.lproj/Main.storyboard; sourceTree = "<group>"; };
		183AF4EA1B9133C900292936 /* Images.xcassets */ = {isa = PBXFileReference; lastKnownFileType = folder.assetcatalog; path = Images.xcassets; sourceTree = "<group>"; };
		183AF4ED1B9133C900292936 /* Base */ = {isa = PBXFileReference; lastKnownFileType = file.xib; name = Base; path = Base.lproj/LaunchScreen.xib; sourceTree = "<group>"; };
		183AF4F31B9133C900292936 /* ChatInputTests.xctest */ = {isa = PBXFileReference; explicitFileType = wrapper.cfbundle; includeInIndex = 0; path = ChatInputTests.xctest; sourceTree = BUILT_PRODUCTS_DIR; };
		183AF4F81B9133C900292936 /* Info.plist */ = {isa = PBXFileReference; lastKnownFileType = text.plist.xml; path = Info.plist; sourceTree = "<group>"; };
		183AF4F91B9133C900292936 /* ChatInputTests.m */ = {isa = PBXFileReference; lastKnownFileType = sourcecode.c.objc; path = ChatInputTests.m; sourceTree = "<group>"; };
		183AF5041B91344800292936 /* CIDetailController.h */ = {isa = PBXFileReference; fileEncoding = 4; lastKnownFileType = sourcecode.c.h; path = CIDetailController.h; sourceTree = "<group>"; };
		183AF5051B91344800292936 /* CIDetailController.m */ = {isa = PBXFileReference; fileEncoding = 4; lastKnownFileType = sourcecode.c.objc; path = CIDetailController.m; sourceTree = "<group>"; };
		183AF5061B91344800292936 /* CIDetailController.xib */ = {isa = PBXFileReference; fileEncoding = 4; lastKnownFileType = file.xib; path = CIDetailController.xib; sourceTree = "<group>"; };
		183AF50E1B91355600292936 /* CIDetailCell.h */ = {isa = PBXFileReference; fileEncoding = 4; lastKnownFileType = sourcecode.c.h; path = CIDetailCell.h; sourceTree = "<group>"; };
		183AF50F1B91355600292936 /* CIDetailCell.m */ = {isa = PBXFileReference; fileEncoding = 4; lastKnownFileType = sourcecode.c.objc; path = CIDetailCell.m; sourceTree = "<group>"; };
		183AF5101B91355600292936 /* CIDetailCell.xib */ = {isa = PBXFileReference; fileEncoding = 4; lastKnownFileType = file.xib; path = CIDetailCell.xib; sourceTree = "<group>"; };
		183AF5131B9136D300292936 /* CIInputBar.h */ = {isa = PBXFileReference; fileEncoding = 4; lastKnownFileType = sourcecode.c.h; path = CIInputBar.h; sourceTree = "<group>"; };
		183AF5141B9136D300292936 /* CIInputBar.m */ = {isa = PBXFileReference; fileEncoding = 4; lastKnownFileType = sourcecode.c.objc; path = CIInputBar.m; sourceTree = "<group>"; };
		183AF5161B9136E100292936 /* CIInputBar.xib */ = {isa = PBXFileReference; fileEncoding = 4; lastKnownFileType = file.xib; path = CIInputBar.xib; sourceTree = "<group>"; };
		183AF5181B91376100292936 /* CIEmotion.png */ = {isa = PBXFileReference; lastKnownFileType = image.png; path = CIEmotion.png; sourceTree = "<group>"; };
		183AF5191B91376100292936 /* CIVoice.png */ = {isa = PBXFileReference; lastKnownFileType = image.png; path = CIVoice.png; sourceTree = "<group>"; };
		183AF51A1B91376100292936 /* CIKeyboard.png */ = {isa = PBXFileReference; lastKnownFileType = image.png; path = CIKeyboard.png; sourceTree = "<group>"; };
		183AF51B1B91376100292936 /* CIAnother.png */ = {isa = PBXFileReference; lastKnownFileType = image.png; path = CIAnother.png; sourceTree = "<group>"; };
		183AF5221B91473F00292936 /* CIEmotionView.h */ = {isa = PBXFileReference; fileEncoding = 4; lastKnownFileType = sourcecode.c.h; path = CIEmotionView.h; sourceTree = "<group>"; };
		183AF5231B91473F00292936 /* CIEmotionView.m */ = {isa = PBXFileReference; fileEncoding = 4; lastKnownFileType = sourcecode.c.objc; path = CIEmotionView.m; sourceTree = "<group>"; };
		183AF5251B91475300292936 /* CIEmotionView.xib */ = {isa = PBXFileReference; fileEncoding = 4; lastKnownFileType = file.xib; path = CIEmotionView.xib; sourceTree = "<group>"; };
		183AF5271B91568A00292936 /* CIAnotherView.h */ = {isa = PBXFileReference; fileEncoding = 4; lastKnownFileType = sourcecode.c.h; path = CIAnotherView.h; sourceTree = "<group>"; };
		183AF5281B91568A00292936 /* CIAnotherView.m */ = {isa = PBXFileReference; fileEncoding = 4; lastKnownFileType = sourcecode.c.objc; path = CIAnotherView.m; sourceTree = "<group>"; };
		183AF52A1B91569A00292936 /* CIAnotherView.xib */ = {isa = PBXFileReference; fileEncoding = 4; lastKnownFileType = file.xib; path = CIAnotherView.xib; sourceTree = "<group>"; };
		183AF52C1B917A6500292936 /* CIAnotherContentView.h */ = {isa = PBXFileReference; fileEncoding = 4; lastKnownFileType = sourcecode.c.h; path = CIAnotherContentView.h; sourceTree = "<group>"; };
		183AF52D1B917A6500292936 /* CIAnotherContentView.m */ = {isa = PBXFileReference; fileEncoding = 4; lastKnownFileType = sourcecode.c.objc; path = CIAnotherContentView.m; sourceTree = "<group>"; };
		183AF52F1B917A7400292936 /* CIAnotherContentView.xib */ = {isa = PBXFileReference; fileEncoding = 4; lastKnownFileType = file.xib; path = CIAnotherContentView.xib; sourceTree = "<group>"; };
		183AF5311B91810700292936 /* CIAnotherContent4.png */ = {isa = PBXFileReference; lastKnownFileType = image.png; path = CIAnotherContent4.png; sourceTree = "<group>"; };
		183AF5321B91810700292936 /* CIAnotherContent1.png */ = {isa = PBXFileReference; lastKnownFileType = image.png; path = CIAnotherContent1.png; sourceTree = "<group>"; };
		183AF5331B91810700292936 /* CIAnotherContent2.png */ = {isa = PBXFileReference; lastKnownFileType = image.png; path = CIAnotherContent2.png; sourceTree = "<group>"; };
		183AF5341B91810700292936 /* CIAnotherContent3.png */ = {isa = PBXFileReference; lastKnownFileType = image.png; path = CIAnotherContent3.png; sourceTree = "<group>"; };
		18A62B621B93FB4900D04999 /* CIConstants.h */ = {isa = PBXFileReference; lastKnownFileType = sourcecode.c.h; path = CIConstants.h; sourceTree = "<group>"; };
		18A62B651B94372100D04999 /* Expression_1.tiff */ = {isa = PBXFileReference; lastKnownFileType = image.tiff; path = Expression_1.tiff; sourceTree = "<group>"; };
		18A62B661B94372100D04999 /* Expression_2.tiff */ = {isa = PBXFileReference; lastKnownFileType = image.tiff; path = Expression_2.tiff; sourceTree = "<group>"; };
		18A62B671B94372100D04999 /* Expression_3.tiff */ = {isa = PBXFileReference; lastKnownFileType = image.tiff; path = Expression_3.tiff; sourceTree = "<group>"; };
		18A62B681B94372100D04999 /* Expression_4.tiff */ = {isa = PBXFileReference; lastKnownFileType = image.tiff; path = Expression_4.tiff; sourceTree = "<group>"; };
		18A62B691B94372100D04999 /* Expression_5.tiff */ = {isa = PBXFileReference; lastKnownFileType = image.tiff; path = Expression_5.tiff; sourceTree = "<group>"; };
		18A62B6A1B94372100D04999 /* Expression_6.tiff */ = {isa = PBXFileReference; lastKnownFileType = image.tiff; path = Expression_6.tiff; sourceTree = "<group>"; };
		18A62B6B1B94372100D04999 /* Expression_7.tiff */ = {isa = PBXFileReference; lastKnownFileType = image.tiff; path = Expression_7.tiff; sourceTree = "<group>"; };
		18A62B6C1B94372100D04999 /* Expression_8.tiff */ = {isa = PBXFileReference; lastKnownFileType = image.tiff; path = Expression_8.tiff; sourceTree = "<group>"; };
		18A62B6D1B94372100D04999 /* Expression_9.tiff */ = {isa = PBXFileReference; lastKnownFileType = image.tiff; path = Expression_9.tiff; sourceTree = "<group>"; };
		18A62B6E1B94372100D04999 /* Expression_10.tiff */ = {isa = PBXFileReference; lastKnownFileType = image.tiff; path = Expression_10.tiff; sourceTree = "<group>"; };
		18A62B6F1B94372100D04999 /* Expression_11.tiff */ = {isa = PBXFileReference; lastKnownFileType = image.tiff; path = Expression_11.tiff; sourceTree = "<group>"; };
		18A62B701B94372100D04999 /* Expression_12.tiff */ = {isa = PBXFileReference; lastKnownFileType = image.tiff; path = Expression_12.tiff; sourceTree = "<group>"; };
		18A62B711B94372100D04999 /* Expression_13.tiff */ = {isa = PBXFileReference; lastKnownFileType = image.tiff; path = Expression_13.tiff; sourceTree = "<group>"; };
		18A62B721B94372100D04999 /* Expression_14.tiff */ = {isa = PBXFileReference; lastKnownFileType = image.tiff; path = Expression_14.tiff; sourceTree = "<group>"; };
		18A62B731B94372100D04999 /* Expression_15.tiff */ = {isa = PBXFileReference; lastKnownFileType = image.tiff; path = Expression_15.tiff; sourceTree = "<group>"; };
		18A62B741B94372100D04999 /* Expression_16.tiff */ = {isa = PBXFileReference; lastKnownFileType = image.tiff; path = Expression_16.tiff; sourceTree = "<group>"; };
		18A62B751B94372100D04999 /* Expression_17.tiff */ = {isa = PBXFileReference; lastKnownFileType = image.tiff; path = Expression_17.tiff; sourceTree = "<group>"; };
		18A62B761B94372100D04999 /* Expression_18.tiff */ = {isa = PBXFileReference; lastKnownFileType = image.tiff; path = Expression_18.tiff; sourceTree = "<group>"; };
		18A62B771B94372100D04999 /* Expression_19.tiff */ = {isa = PBXFileReference; lastKnownFileType = image.tiff; path = Expression_19.tiff; sourceTree = "<group>"; };
		18A62B781B94372100D04999 /* Expression_20.tiff */ = {isa = PBXFileReference; lastKnownFileType = image.tiff; path = Expression_20.tiff; sourceTree = "<group>"; };
		18A62B791B94372100D04999 /* Expression_21.tiff */ = {isa = PBXFileReference; lastKnownFileType = image.tiff; path = Expression_21.tiff; sourceTree = "<group>"; };
		18A62B7A1B94372100D04999 /* Expression_22.tiff */ = {isa = PBXFileReference; lastKnownFileType = image.tiff; path = Expression_22.tiff; sourceTree = "<group>"; };
		18A62B7B1B94372100D04999 /* Expression_23.tiff */ = {isa = PBXFileReference; lastKnownFileType = image.tiff; path = Expression_23.tiff; sourceTree = "<group>"; };
		18A62B7C1B94372100D04999 /* Expression_24.tiff */ = {isa = PBXFileReference; lastKnownFileType = image.tiff; path = Expression_24.tiff; sourceTree = "<group>"; };
		18A62B7D1B94372100D04999 /* Expression_25.tiff */ = {isa = PBXFileReference; lastKnownFileType = image.tiff; path = Expression_25.tiff; sourceTree = "<group>"; };
		18A62B7E1B94372100D04999 /* Expression_26.tiff */ = {isa = PBXFileReference; lastKnownFileType = image.tiff; path = Expression_26.tiff; sourceTree = "<group>"; };
		18A62B7F1B94372100D04999 /* Expression_27.tiff */ = {isa = PBXFileReference; lastKnownFileType = image.tiff; path = Expression_27.tiff; sourceTree = "<group>"; };
		18A62B801B94372100D04999 /* Expression_28.tiff */ = {isa = PBXFileReference; lastKnownFileType = image.tiff; path = Expression_28.tiff; sourceTree = "<group>"; };
		18A62B811B94372100D04999 /* Expression_29.tiff */ = {isa = PBXFileReference; lastKnownFileType = image.tiff; path = Expression_29.tiff; sourceTree = "<group>"; };
		18A62B821B94372100D04999 /* Expression_30.tiff */ = {isa = PBXFileReference; lastKnownFileType = image.tiff; path = Expression_30.tiff; sourceTree = "<group>"; };
		18A62B831B94372100D04999 /* Expression_31.tiff */ = {isa = PBXFileReference; lastKnownFileType = image.tiff; path = Expression_31.tiff; sourceTree = "<group>"; };
		18A62B841B94372100D04999 /* Expression_32.tiff */ = {isa = PBXFileReference; lastKnownFileType = image.tiff; path = Expression_32.tiff; sourceTree = "<group>"; };
		18A62B851B94372100D04999 /* Expression_33.tiff */ = {isa = PBXFileReference; lastKnownFileType = image.tiff; path = Expression_33.tiff; sourceTree = "<group>"; };
		18A62B861B94372100D04999 /* Expression_34.tiff */ = {isa = PBXFileReference; lastKnownFileType = image.tiff; path = Expression_34.tiff; sourceTree = "<group>"; };
		18A62B871B94372100D04999 /* Expression_35.tiff */ = {isa = PBXFileReference; lastKnownFileType = image.tiff; path = Expression_35.tiff; sourceTree = "<group>"; };
		18A62B881B94372100D04999 /* Expression_36.tiff */ = {isa = PBXFileReference; lastKnownFileType = image.tiff; path = Expression_36.tiff; sourceTree = "<group>"; };
		18A62B891B94372100D04999 /* Expression_37.tiff */ = {isa = PBXFileReference; lastKnownFileType = image.tiff; path = Expression_37.tiff; sourceTree = "<group>"; };
		18A62B8A1B94372100D04999 /* Expression_38.tiff */ = {isa = PBXFileReference; lastKnownFileType = image.tiff; path = Expression_38.tiff; sourceTree = "<group>"; };
		18A62B8B1B94372100D04999 /* Expression_39.tiff */ = {isa = PBXFileReference; lastKnownFileType = image.tiff; path = Expression_39.tiff; sourceTree = "<group>"; };
		18A62B8C1B94372100D04999 /* Expression_40.tiff */ = {isa = PBXFileReference; lastKnownFileType = image.tiff; path = Expression_40.tiff; sourceTree = "<group>"; };
		18A62B8D1B94372100D04999 /* Expression_41.tiff */ = {isa = PBXFileReference; lastKnownFileType = image.tiff; path = Expression_41.tiff; sourceTree = "<group>"; };
		18A62B8E1B94372100D04999 /* Expression_42.tiff */ = {isa = PBXFileReference; lastKnownFileType = image.tiff; path = Expression_42.tiff; sourceTree = "<group>"; };
		18A62B8F1B94372100D04999 /* Expression_43.tiff */ = {isa = PBXFileReference; lastKnownFileType = image.tiff; path = Expression_43.tiff; sourceTree = "<group>"; };
		18A62B901B94372100D04999 /* Expression_44.tiff */ = {isa = PBXFileReference; lastKnownFileType = image.tiff; path = Expression_44.tiff; sourceTree = "<group>"; };
		18A62B911B94372100D04999 /* Expression_45.tiff */ = {isa = PBXFileReference; lastKnownFileType = image.tiff; path = Expression_45.tiff; sourceTree = "<group>"; };
		18A62B921B94372100D04999 /* Expression_46.tiff */ = {isa = PBXFileReference; lastKnownFileType = image.tiff; path = Expression_46.tiff; sourceTree = "<group>"; };
		18A62B931B94372100D04999 /* Expression_47.tiff */ = {isa = PBXFileReference; lastKnownFileType = image.tiff; path = Expression_47.tiff; sourceTree = "<group>"; };
		18A62B941B94372100D04999 /* Expression_48.tiff */ = {isa = PBXFileReference; lastKnownFileType = image.tiff; path = Expression_48.tiff; sourceTree = "<group>"; };
		18A62B951B94372100D04999 /* Expression_49.tiff */ = {isa = PBXFileReference; lastKnownFileType = image.tiff; path = Expression_49.tiff; sourceTree = "<group>"; };
		18A62B961B94372100D04999 /* Expression_50.tiff */ = {isa = PBXFileReference; lastKnownFileType = image.tiff; path = Expression_50.tiff; sourceTree = "<group>"; };
		18A62B971B94372100D04999 /* Expression_51.tiff */ = {isa = PBXFileReference; lastKnownFileType = image.tiff; path = Expression_51.tiff; sourceTree = "<group>"; };
		18A62B981B94372100D04999 /* Expression_52.tiff */ = {isa = PBXFileReference; lastKnownFileType = image.tiff; path = Expression_52.tiff; sourceTree = "<group>"; };
		18A62B991B94372100D04999 /* Expression_53.tiff */ = {isa = PBXFileReference; lastKnownFileType = image.tiff; path = Expression_53.tiff; sourceTree = "<group>"; };
		18A62B9A1B94372100D04999 /* Expression_54.tiff */ = {isa = PBXFileReference; lastKnownFileType = image.tiff; path = Expression_54.tiff; sourceTree = "<group>"; };
		18A62B9B1B94372100D04999 /* Expression_55.tiff */ = {isa = PBXFileReference; lastKnownFileType = image.tiff; path = Expression_55.tiff; sourceTree = "<group>"; };
		18A62B9C1B94372100D04999 /* Expression_56.tiff */ = {isa = PBXFileReference; lastKnownFileType = image.tiff; path = Expression_56.tiff; sourceTree = "<group>"; };
		18A62B9D1B94372100D04999 /* Expression_57.tiff */ = {isa = PBXFileReference; lastKnownFileType = image.tiff; path = Expression_57.tiff; sourceTree = "<group>"; };
		18A62B9E1B94372100D04999 /* Expression_58.tiff */ = {isa = PBXFileReference; lastKnownFileType = image.tiff; path = Expression_58.tiff; sourceTree = "<group>"; };
		18A62B9F1B94372100D04999 /* Expression_59.tiff */ = {isa = PBXFileReference; lastKnownFileType = image.tiff; path = Expression_59.tiff; sourceTree = "<group>"; };
		18A62BA01B94372100D04999 /* Expression_60.tiff */ = {isa = PBXFileReference; lastKnownFileType = image.tiff; path = Expression_60.tiff; sourceTree = "<group>"; };
		18A62BA11B94372100D04999 /* Expression_61.tiff */ = {isa = PBXFileReference; lastKnownFileType = image.tiff; path = Expression_61.tiff; sourceTree = "<group>"; };
		18A62BA21B94372100D04999 /* Expression_62.tiff */ = {isa = PBXFileReference; lastKnownFileType = image.tiff; path = Expression_62.tiff; sourceTree = "<group>"; };
		18A62BA31B94372100D04999 /* Expression_63.tiff */ = {isa = PBXFileReference; lastKnownFileType = image.tiff; path = Expression_63.tiff; sourceTree = "<group>"; };
		18A62BA41B94372100D04999 /* Expression_64.tiff */ = {isa = PBXFileReference; lastKnownFileType = image.tiff; path = Expression_64.tiff; sourceTree = "<group>"; };
		18A62BA51B94372100D04999 /* Expression_65.tiff */ = {isa = PBXFileReference; lastKnownFileType = image.tiff; path = Expression_65.tiff; sourceTree = "<group>"; };
		18A62BA61B94372100D04999 /* Expression_66.tiff */ = {isa = PBXFileReference; lastKnownFileType = image.tiff; path = Expression_66.tiff; sourceTree = "<group>"; };
		18A62BA71B94372100D04999 /* Expression_67.tiff */ = {isa = PBXFileReference; lastKnownFileType = image.tiff; path = Expression_67.tiff; sourceTree = "<group>"; };
		18A62BA81B94372100D04999 /* Expression_68.tiff */ = {isa = PBXFileReference; lastKnownFileType = image.tiff; path = Expression_68.tiff; sourceTree = "<group>"; };
		18A62BA91B94372100D04999 /* Expression_69.tiff */ = {isa = PBXFileReference; lastKnownFileType = image.tiff; path = Expression_69.tiff; sourceTree = "<group>"; };
		18A62BAA1B94372100D04999 /* Expression_70.tiff */ = {isa = PBXFileReference; lastKnownFileType = image.tiff; path = Expression_70.tiff; sourceTree = "<group>"; };
		18A62BAB1B94372100D04999 /* Expression_71.tiff */ = {isa = PBXFileReference; lastKnownFileType = image.tiff; path = Expression_71.tiff; sourceTree = "<group>"; };
		18A62BAC1B94372100D04999 /* Expression_72.tiff */ = {isa = PBXFileReference; lastKnownFileType = image.tiff; path = Expression_72.tiff; sourceTree = "<group>"; };
		18A62BAD1B94372100D04999 /* Expression_73.tiff */ = {isa = PBXFileReference; lastKnownFileType = image.tiff; path = Expression_73.tiff; sourceTree = "<group>"; };
		18A62BAE1B94372100D04999 /* Expression_74.tiff */ = {isa = PBXFileReference; lastKnownFileType = image.tiff; path = Expression_74.tiff; sourceTree = "<group>"; };
		18A62BAF1B94372100D04999 /* Expression_75.tiff */ = {isa = PBXFileReference; lastKnownFileType = image.tiff; path = Expression_75.tiff; sourceTree = "<group>"; };
		18A62BB01B94372100D04999 /* Expression_76.tiff */ = {isa = PBXFileReference; lastKnownFileType = image.tiff; path = Expression_76.tiff; sourceTree = "<group>"; };
		18A62BB11B94372100D04999 /* Expression_77.tiff */ = {isa = PBXFileReference; lastKnownFileType = image.tiff; path = Expression_77.tiff; sourceTree = "<group>"; };
		18A62BB21B94372100D04999 /* Expression_78.tiff */ = {isa = PBXFileReference; lastKnownFileType = image.tiff; path = Expression_78.tiff; sourceTree = "<group>"; };
		18A62BB31B94372100D04999 /* Expression_79.tiff */ = {isa = PBXFileReference; lastKnownFileType = image.tiff; path = Expression_79.tiff; sourceTree = "<group>"; };
		18A62BB41B94372100D04999 /* Expression_80.tiff */ = {isa = PBXFileReference; lastKnownFileType = image.tiff; path = Expression_80.tiff; sourceTree = "<group>"; };
		18A62BB51B94372100D04999 /* Expression_81.tiff */ = {isa = PBXFileReference; lastKnownFileType = image.tiff; path = Expression_81.tiff; sourceTree = "<group>"; };
		18A62BB61B94372100D04999 /* Expression_82.tiff */ = {isa = PBXFileReference; lastKnownFileType = image.tiff; path = Expression_82.tiff; sourceTree = "<group>"; };
		18A62BB71B94372100D04999 /* Expression_83.tiff */ = {isa = PBXFileReference; lastKnownFileType = image.tiff; path = Expression_83.tiff; sourceTree = "<group>"; };
		18A62BB81B94372100D04999 /* Expression_84.tiff */ = {isa = PBXFileReference; lastKnownFileType = image.tiff; path = Expression_84.tiff; sourceTree = "<group>"; };
		18A62BB91B94372100D04999 /* Expression_85.tiff */ = {isa = PBXFileReference; lastKnownFileType = image.tiff; path = Expression_85.tiff; sourceTree = "<group>"; };
		18A62BBA1B94372100D04999 /* Expression_86.tiff */ = {isa = PBXFileReference; lastKnownFileType = image.tiff; path = Expression_86.tiff; sourceTree = "<group>"; };
		18A62BBB1B94372100D04999 /* Expression_87.tiff */ = {isa = PBXFileReference; lastKnownFileType = image.tiff; path = Expression_87.tiff; sourceTree = "<group>"; };
		18A62BBC1B94372100D04999 /* Expression_88.tiff */ = {isa = PBXFileReference; lastKnownFileType = image.tiff; path = Expression_88.tiff; sourceTree = "<group>"; };
		18A62BBD1B94372100D04999 /* Expression_89.tiff */ = {isa = PBXFileReference; lastKnownFileType = image.tiff; path = Expression_89.tiff; sourceTree = "<group>"; };
		18A62BBE1B94372100D04999 /* Expression_90.tiff */ = {isa = PBXFileReference; lastKnownFileType = image.tiff; path = Expression_90.tiff; sourceTree = "<group>"; };
		18A62BBF1B94372100D04999 /* Expression_91.tiff */ = {isa = PBXFileReference; lastKnownFileType = image.tiff; path = Expression_91.tiff; sourceTree = "<group>"; };
		18A62BC01B94372100D04999 /* Expression_92.tiff */ = {isa = PBXFileReference; lastKnownFileType = image.tiff; path = Expression_92.tiff; sourceTree = "<group>"; };
		18A62BC11B94372100D04999 /* Expression_93.tiff */ = {isa = PBXFileReference; lastKnownFileType = image.tiff; path = Expression_93.tiff; sourceTree = "<group>"; };
		18A62BC21B94372100D04999 /* Expression_94.tiff */ = {isa = PBXFileReference; lastKnownFileType = image.tiff; path = Expression_94.tiff; sourceTree = "<group>"; };
		18A62BC31B94372100D04999 /* Expression_95.tiff */ = {isa = PBXFileReference; lastKnownFileType = image.tiff; path = Expression_95.tiff; sourceTree = "<group>"; };
		18A62BC41B94372100D04999 /* Expression_96.tiff */ = {isa = PBXFileReference; lastKnownFileType = image.tiff; path = Expression_96.tiff; sourceTree = "<group>"; };
		18A62BC51B94372100D04999 /* Expression_97.tiff */ = {isa = PBXFileReference; lastKnownFileType = image.tiff; path = Expression_97.tiff; sourceTree = "<group>"; };
		18A62BC61B94372100D04999 /* Expression_98.tiff */ = {isa = PBXFileReference; lastKnownFileType = image.tiff; path = Expression_98.tiff; sourceTree = "<group>"; };
		18A62BC71B94372100D04999 /* Expression_99.tiff */ = {isa = PBXFileReference; lastKnownFileType = image.tiff; path = Expression_99.tiff; sourceTree = "<group>"; };
		18A62BC81B94372100D04999 /* Expression_100.tiff */ = {isa = PBXFileReference; lastKnownFileType = image.tiff; path = Expression_100.tiff; sourceTree = "<group>"; };
		18A62C401B94569800D04999 /* CIEmotionListBtnView.h */ = {isa = PBXFileReference; fileEncoding = 4; lastKnownFileType = sourcecode.c.h; path = CIEmotionListBtnView.h; sourceTree = "<group>"; };
		18A62C411B94569800D04999 /* CIEmotionListBtnView.m */ = {isa = PBXFileReference; fileEncoding = 4; lastKnownFileType = sourcecode.c.objc; path = CIEmotionListBtnView.m; sourceTree = "<group>"; };
		18A62C431B9456AC00D04999 /* CIEmotionListBtnView.xib */ = {isa = PBXFileReference; fileEncoding = 4; lastKnownFileType = file.xib; path = CIEmotionListBtnView.xib; sourceTree = "<group>"; };
		18A62C451B94573400D04999 /* Expression_list.tiff */ = {isa = PBXFileReference; lastKnownFileType = image.tiff; path = Expression_list.tiff; sourceTree = "<group>"; };
		18A62C461B94573400D04999 /* expression.plist */ = {isa = PBXFileReference; fileEncoding = 4; lastKnownFileType = text.plist.xml; path = expression.plist; sourceTree = "<group>"; };
		18A62C491B95365800D04999 /* CIEmotionBtnView.h */ = {isa = PBXFileReference; fileEncoding = 4; lastKnownFileType = sourcecode.c.h; path = CIEmotionBtnView.h; sourceTree = "<group>"; };
		18A62C4A1B95365800D04999 /* CIEmotionBtnView.m */ = {isa = PBXFileReference; fileEncoding = 4; lastKnownFileType = sourcecode.c.objc; path = CIEmotionBtnView.m; sourceTree = "<group>"; };
		18A62C4C1B95366700D04999 /* CIEmotionBtnView.xib */ = {isa = PBXFileReference; fileEncoding = 4; lastKnownFileType = file.xib; path = CIEmotionBtnView.xib; sourceTree = "<group>"; };
		18A62C4E1B953E1100D04999 /* Expression_delete.png */ = {isa = PBXFileReference; lastKnownFileType = image.png; path = Expression_delete.png; sourceTree = "<group>"; };
		18A62C511B959EA100D04999 /* CIEmotionAlertView.h */ = {isa = PBXFileReference; fileEncoding = 4; lastKnownFileType = sourcecode.c.h; path = CIEmotionAlertView.h; sourceTree = "<group>"; };
		18A62C521B959EA100D04999 /* CIEmotionAlertView.m */ = {isa = PBXFileReference; fileEncoding = 4; lastKnownFileType = sourcecode.c.objc; path = CIEmotionAlertView.m; sourceTree = "<group>"; };
		18A62C541B959EB600D04999 /* CIEmotionAlertView.xib */ = {isa = PBXFileReference; fileEncoding = 4; lastKnownFileType = file.xib; path = CIEmotionAlertView.xib; sourceTree = "<group>"; };
/* End PBXFileReference section */

/* Begin PBXFrameworksBuildPhase section */
		183AF4D71B9133C900292936 /* Frameworks */ = {
			isa = PBXFrameworksBuildPhase;
			buildActionMask = 2147483647;
			files = (
			);
			runOnlyForDeploymentPostprocessing = 0;
		};
		183AF4F01B9133C900292936 /* Frameworks */ = {
			isa = PBXFrameworksBuildPhase;
			buildActionMask = 2147483647;
			files = (
			);
			runOnlyForDeploymentPostprocessing = 0;
		};
/* End PBXFrameworksBuildPhase section */

/* Begin PBXGroup section */
		183AF4D11B9133C900292936 = {
			isa = PBXGroup;
			children = (
				183AF4DC1B9133C900292936 /* ChatInput */,
				183AF4F61B9133C900292936 /* ChatInputTests */,
				183AF4DB1B9133C900292936 /* Products */,
			);
			sourceTree = "<group>";
		};
		183AF4DB1B9133C900292936 /* Products */ = {
			isa = PBXGroup;
			children = (
				183AF4DA1B9133C900292936 /* ChatInput.app */,
				183AF4F31B9133C900292936 /* ChatInputTests.xctest */,
			);
			name = Products;
			sourceTree = "<group>";
		};
		183AF4DC1B9133C900292936 /* ChatInput */ = {
			isa = PBXGroup;
			children = (
				183AF5031B91342100292936 /* InputView */,
				183AF4E11B9133C900292936 /* AppDelegate.h */,
				183AF4E21B9133C900292936 /* AppDelegate.m */,
				183AF4E41B9133C900292936 /* ViewController.h */,
				183AF4E51B9133C900292936 /* ViewController.m */,
				183AF4E71B9133C900292936 /* Main.storyboard */,
				183AF4EA1B9133C900292936 /* Images.xcassets */,
				183AF4EC1B9133C900292936 /* LaunchScreen.xib */,
				183AF4DD1B9133C900292936 /* Supporting Files */,
			);
			path = ChatInput;
			sourceTree = "<group>";
		};
		183AF4DD1B9133C900292936 /* Supporting Files */ = {
			isa = PBXGroup;
			children = (
				183AF4DE1B9133C900292936 /* Info.plist */,
				183AF4DF1B9133C900292936 /* main.m */,
			);
			name = "Supporting Files";
			sourceTree = "<group>";
		};
		183AF4F61B9133C900292936 /* ChatInputTests */ = {
			isa = PBXGroup;
			children = (
				183AF4F91B9133C900292936 /* ChatInputTests.m */,
				183AF4F71B9133C900292936 /* Supporting Files */,
			);
			path = ChatInputTests;
			sourceTree = "<group>";
		};
		183AF4F71B9133C900292936 /* Supporting Files */ = {
			isa = PBXGroup;
			children = (
				183AF4F81B9133C900292936 /* Info.plist */,
			);
			name = "Supporting Files";
			sourceTree = "<group>";
		};
		183AF5031B91342100292936 /* InputView */ = {
			isa = PBXGroup;
			children = (
				183AF5041B91344800292936 /* CIDetailController.h */,
				183AF5051B91344800292936 /* CIDetailController.m */,
				183AF5061B91344800292936 /* CIDetailController.xib */,
				183AF50E1B91355600292936 /* CIDetailCell.h */,
				183AF50F1B91355600292936 /* CIDetailCell.m */,
				183AF5101B91355600292936 /* CIDetailCell.xib */,
				183AF5201B91406B00292936 /* Images */,
				183AF5211B91407600292936 /* InputViews */,
			);
			name = InputView;
			sourceTree = "<group>";
		};
		183AF5201B91406B00292936 /* Images */ = {
			isa = PBXGroup;
			children = (
				18A62C501B95955B00D04999 /* CustomEmotionBtns */,
				18A62B641B94371400D04999 /* EmotionViewBtns */,
				18A62B631B9436FC00D04999 /* AnotherViewBtns */,
			);
			name = Images;
			sourceTree = "<group>";
		};
		183AF5211B91407600292936 /* InputViews */ = {
			isa = PBXGroup;
			children = (
				18A62B621B93FB4900D04999 /* CIConstants.h */,
				183AF5131B9136D300292936 /* CIInputBar.h */,
				183AF5141B9136D300292936 /* CIInputBar.m */,
				183AF5161B9136E100292936 /* CIInputBar.xib */,
				18A62C3C1B94461600D04999 /* EmotionView */,
				18A62C3B1B94460A00D04999 /* AnotherView */,
			);
			name = InputViews;
			sourceTree = "<group>";
		};
		18A62B631B9436FC00D04999 /* AnotherViewBtns */ = {
			isa = PBXGroup;
			children = (
				183AF5181B91376100292936 /* CIEmotion.png */,
				183AF5191B91376100292936 /* CIVoice.png */,
				183AF51A1B91376100292936 /* CIKeyboard.png */,
				183AF51B1B91376100292936 /* CIAnother.png */,
				183AF5321B91810700292936 /* CIAnotherContent1.png */,
				183AF5331B91810700292936 /* CIAnotherContent2.png */,
				183AF5341B91810700292936 /* CIAnotherContent3.png */,
				183AF5311B91810700292936 /* CIAnotherContent4.png */,
			);
			name = AnotherViewBtns;
			sourceTree = "<group>";
		};
		18A62B641B94371400D04999 /* EmotionViewBtns */ = {
			isa = PBXGroup;
			children = (
				18A62B651B94372100D04999 /* Expression_1.tiff */,
				18A62B661B94372100D04999 /* Expression_2.tiff */,
				18A62B671B94372100D04999 /* Expression_3.tiff */,
				18A62B681B94372100D04999 /* Expression_4.tiff */,
				18A62B691B94372100D04999 /* Expression_5.tiff */,
				18A62B6A1B94372100D04999 /* Expression_6.tiff */,
				18A62B6B1B94372100D04999 /* Expression_7.tiff */,
				18A62B6C1B94372100D04999 /* Expression_8.tiff */,
				18A62B6D1B94372100D04999 /* Expression_9.tiff */,
				18A62B6E1B94372100D04999 /* Expression_10.tiff */,
				18A62B6F1B94372100D04999 /* Expression_11.tiff */,
				18A62B701B94372100D04999 /* Expression_12.tiff */,
				18A62B711B94372100D04999 /* Expression_13.tiff */,
				18A62B721B94372100D04999 /* Expression_14.tiff */,
				18A62B731B94372100D04999 /* Expression_15.tiff */,
				18A62B741B94372100D04999 /* Expression_16.tiff */,
				18A62B751B94372100D04999 /* Expression_17.tiff */,
				18A62B761B94372100D04999 /* Expression_18.tiff */,
				18A62B771B94372100D04999 /* Expression_19.tiff */,
				18A62B781B94372100D04999 /* Expression_20.tiff */,
				18A62B791B94372100D04999 /* Expression_21.tiff */,
				18A62B7A1B94372100D04999 /* Expression_22.tiff */,
				18A62B7B1B94372100D04999 /* Expression_23.tiff */,
				18A62B7C1B94372100D04999 /* Expression_24.tiff */,
				18A62B7D1B94372100D04999 /* Expression_25.tiff */,
				18A62B7E1B94372100D04999 /* Expression_26.tiff */,
				18A62B7F1B94372100D04999 /* Expression_27.tiff */,
				18A62B801B94372100D04999 /* Expression_28.tiff */,
				18A62B811B94372100D04999 /* Expression_29.tiff */,
				18A62B821B94372100D04999 /* Expression_30.tiff */,
				18A62B831B94372100D04999 /* Expression_31.tiff */,
				18A62B841B94372100D04999 /* Expression_32.tiff */,
				18A62B851B94372100D04999 /* Expression_33.tiff */,
				18A62B861B94372100D04999 /* Expression_34.tiff */,
				18A62B871B94372100D04999 /* Expression_35.tiff */,
				18A62B881B94372100D04999 /* Expression_36.tiff */,
				18A62B891B94372100D04999 /* Expression_37.tiff */,
				18A62B8A1B94372100D04999 /* Expression_38.tiff */,
				18A62B8B1B94372100D04999 /* Expression_39.tiff */,
				18A62B8C1B94372100D04999 /* Expression_40.tiff */,
				18A62B8D1B94372100D04999 /* Expression_41.tiff */,
				18A62B8E1B94372100D04999 /* Expression_42.tiff */,
				18A62B8F1B94372100D04999 /* Expression_43.tiff */,
				18A62B901B94372100D04999 /* Expression_44.tiff */,
				18A62B911B94372100D04999 /* Expression_45.tiff */,
				18A62B921B94372100D04999 /* Expression_46.tiff */,
				18A62B931B94372100D04999 /* Expression_47.tiff */,
				18A62B941B94372100D04999 /* Expression_48.tiff */,
				18A62B951B94372100D04999 /* Expression_49.tiff */,
				18A62B961B94372100D04999 /* Expression_50.tiff */,
				18A62B971B94372100D04999 /* Expression_51.tiff */,
				18A62B981B94372100D04999 /* Expression_52.tiff */,
				18A62B991B94372100D04999 /* Expression_53.tiff */,
				18A62B9A1B94372100D04999 /* Expression_54.tiff */,
				18A62B9B1B94372100D04999 /* Expression_55.tiff */,
				18A62B9C1B94372100D04999 /* Expression_56.tiff */,
				18A62B9D1B94372100D04999 /* Expression_57.tiff */,
				18A62B9E1B94372100D04999 /* Expression_58.tiff */,
				18A62B9F1B94372100D04999 /* Expression_59.tiff */,
				18A62BA01B94372100D04999 /* Expression_60.tiff */,
				18A62BA11B94372100D04999 /* Expression_61.tiff */,
				18A62BA21B94372100D04999 /* Expression_62.tiff */,
				18A62BA31B94372100D04999 /* Expression_63.tiff */,
				18A62BA41B94372100D04999 /* Expression_64.tiff */,
				18A62BA51B94372100D04999 /* Expression_65.tiff */,
				18A62BA61B94372100D04999 /* Expression_66.tiff */,
				18A62BA71B94372100D04999 /* Expression_67.tiff */,
				18A62BA81B94372100D04999 /* Expression_68.tiff */,
				18A62BA91B94372100D04999 /* Expression_69.tiff */,
				18A62BAA1B94372100D04999 /* Expression_70.tiff */,
				18A62BAB1B94372100D04999 /* Expression_71.tiff */,
				18A62BAC1B94372100D04999 /* Expression_72.tiff */,
				18A62BAD1B94372100D04999 /* Expression_73.tiff */,
				18A62BAE1B94372100D04999 /* Expression_74.tiff */,
				18A62BAF1B94372100D04999 /* Expression_75.tiff */,
				18A62BB01B94372100D04999 /* Expression_76.tiff */,
				18A62BB11B94372100D04999 /* Expression_77.tiff */,
				18A62BB21B94372100D04999 /* Expression_78.tiff */,
				18A62BB31B94372100D04999 /* Expression_79.tiff */,
				18A62BB41B94372100D04999 /* Expression_80.tiff */,
				18A62BB51B94372100D04999 /* Expression_81.tiff */,
				18A62BB61B94372100D04999 /* Expression_82.tiff */,
				18A62BB71B94372100D04999 /* Expression_83.tiff */,
				18A62BB81B94372100D04999 /* Expression_84.tiff */,
				18A62BB91B94372100D04999 /* Expression_85.tiff */,
				18A62BBA1B94372100D04999 /* Expression_86.tiff */,
				18A62BBB1B94372100D04999 /* Expression_87.tiff */,
				18A62BBC1B94372100D04999 /* Expression_88.tiff */,
				18A62BBD1B94372100D04999 /* Expression_89.tiff */,
				18A62BBE1B94372100D04999 /* Expression_90.tiff */,
				18A62BBF1B94372100D04999 /* Expression_91.tiff */,
				18A62BC01B94372100D04999 /* Expression_92.tiff */,
				18A62BC11B94372100D04999 /* Expression_93.tiff */,
				18A62BC21B94372100D04999 /* Expression_94.tiff */,
				18A62BC31B94372100D04999 /* Expression_95.tiff */,
				18A62BC41B94372100D04999 /* Expression_96.tiff */,
				18A62BC51B94372100D04999 /* Expression_97.tiff */,
				18A62BC61B94372100D04999 /* Expression_98.tiff */,
				18A62BC71B94372100D04999 /* Expression_99.tiff */,
				18A62BC81B94372100D04999 /* Expression_100.tiff */,
				18A62C451B94573400D04999 /* Expression_list.tiff */,
				18A62C4E1B953E1100D04999 /* Expression_delete.png */,
				18A62C461B94573400D04999 /* expression.plist */,
			);
			name = EmotionViewBtns;
			sourceTree = "<group>";
		};
		18A62C3B1B94460A00D04999 /* AnotherView */ = {
			isa = PBXGroup;
			children = (
				183AF5271B91568A00292936 /* CIAnotherView.h */,
				183AF5281B91568A00292936 /* CIAnotherView.m */,
				183AF52A1B91569A00292936 /* CIAnotherView.xib */,
				183AF52C1B917A6500292936 /* CIAnotherContentView.h */,
				183AF52D1B917A6500292936 /* CIAnotherContentView.m */,
				183AF52F1B917A7400292936 /* CIAnotherContentView.xib */,
			);
			name = AnotherView;
			sourceTree = "<group>";
		};
		18A62C3C1B94461600D04999 /* EmotionView */ = {
			isa = PBXGroup;
			children = (
				183AF5221B91473F00292936 /* CIEmotionView.h */,
				183AF5231B91473F00292936 /* CIEmotionView.m */,
				183AF5251B91475300292936 /* CIEmotionView.xib */,
				18A62C401B94569800D04999 /* CIEmotionListBtnView.h */,
				18A62C411B94569800D04999 /* CIEmotionListBtnView.m */,
				18A62C431B9456AC00D04999 /* CIEmotionListBtnView.xib */,
				18A62C491B95365800D04999 /* CIEmotionBtnView.h */,
				18A62C4A1B95365800D04999 /* CIEmotionBtnView.m */,
				18A62C4C1B95366700D04999 /* CIEmotionBtnView.xib */,
				18A62C511B959EA100D04999 /* CIEmotionAlertView.h */,
				18A62C521B959EA100D04999 /* CIEmotionAlertView.m */,
				18A62C541B959EB600D04999 /* CIEmotionAlertView.xib */,
			);
			name = EmotionView;
			sourceTree = "<group>";
		};
		18A62C501B95955B00D04999 /* CustomEmotionBtns */ = {
			isa = PBXGroup;
			children = (
			);
			name = CustomEmotionBtns;
			sourceTree = "<group>";
		};
/* End PBXGroup section */

/* Begin PBXNativeTarget section */
		183AF4D91B9133C900292936 /* ChatInput */ = {
			isa = PBXNativeTarget;
			buildConfigurationList = 183AF4FD1B9133C900292936 /* Build configuration list for PBXNativeTarget "ChatInput" */;
			buildPhases = (
				183AF4D61B9133C900292936 /* Sources */,
				183AF4D71B9133C900292936 /* Frameworks */,
				183AF4D81B9133C900292936 /* Resources */,
			);
			buildRules = (
			);
			dependencies = (
			);
			name = ChatInput;
			productName = ChatInput;
			productReference = 183AF4DA1B9133C900292936 /* ChatInput.app */;
			productType = "com.apple.product-type.application";
		};
		183AF4F21B9133C900292936 /* ChatInputTests */ = {
			isa = PBXNativeTarget;
			buildConfigurationList = 183AF5001B9133C900292936 /* Build configuration list for PBXNativeTarget "ChatInputTests" */;
			buildPhases = (
				183AF4EF1B9133C900292936 /* Sources */,
				183AF4F01B9133C900292936 /* Frameworks */,
				183AF4F11B9133C900292936 /* Resources */,
			);
			buildRules = (
			);
			dependencies = (
				183AF4F51B9133C900292936 /* PBXTargetDependency */,
			);
			name = ChatInputTests;
			productName = ChatInputTests;
			productReference = 183AF4F31B9133C900292936 /* ChatInputTests.xctest */;
			productType = "com.apple.product-type.bundle.unit-test";
		};
/* End PBXNativeTarget section */

/* Begin PBXProject section */
		183AF4D21B9133C900292936 /* Project object */ = {
			isa = PBXProject;
			attributes = {
				LastUpgradeCheck = 0640;
				ORGANIZATIONNAME = apple;
				TargetAttributes = {
					183AF4D91B9133C900292936 = {
						CreatedOnToolsVersion = 6.4;
					};
					183AF4F21B9133C900292936 = {
						CreatedOnToolsVersion = 6.4;
						TestTargetID = 183AF4D91B9133C900292936;
					};
				};
			};
			buildConfigurationList = 183AF4D51B9133C900292936 /* Build configuration list for PBXProject "ChatInput" */;
			compatibilityVersion = "Xcode 3.2";
			developmentRegion = English;
			hasScannedForEncodings = 0;
			knownRegions = (
				en,
				Base,
			);
			mainGroup = 183AF4D11B9133C900292936;
			productRefGroup = 183AF4DB1B9133C900292936 /* Products */;
			projectDirPath = "";
			projectRoot = "";
			targets = (
				183AF4D91B9133C900292936 /* ChatInput */,
				183AF4F21B9133C900292936 /* ChatInputTests */,
			);
		};
/* End PBXProject section */

/* Begin PBXResourcesBuildPhase section */
		183AF4D81B9133C900292936 /* Resources */ = {
			isa = PBXResourcesBuildPhase;
			buildActionMask = 2147483647;
			files = (
				18A62BCF1B94372100D04999 /* Expression_1.tiff in Resources */,
				18A62C161B94372100D04999 /* Expression_72.tiff in Resources */,
				18A62C471B94573400D04999 /* Expression_list.tiff in Resources */,
				18A62C551B959EB600D04999 /* CIEmotionAlertView.xib in Resources */,
				18A62C0D1B94372100D04999 /* Expression_63.tiff in Resources */,
				18A62BF71B94372100D04999 /* Expression_41.tiff in Resources */,
				18A62C0C1B94372100D04999 /* Expression_62.tiff in Resources */,
				18A62BD81B94372100D04999 /* Expression_10.tiff in Resources */,
				18A62C171B94372100D04999 /* Expression_73.tiff in Resources */,
				18A62BFB1B94372100D04999 /* Expression_45.tiff in Resources */,
				18A62BD01B94372100D04999 /* Expression_2.tiff in Resources */,
				183AF52B1B91569A00292936 /* CIAnotherView.xib in Resources */,
				18A62BDE1B94372100D04999 /* Expression_16.tiff in Resources */,
				18A62C271B94372100D04999 /* Expression_89.tiff in Resources */,
				18A62C2A1B94372100D04999 /* Expression_92.tiff in Resources */,
				18A62BE91B94372100D04999 /* Expression_27.tiff in Resources */,
				18A62C0E1B94372100D04999 /* Expression_64.tiff in Resources */,
				18A62BDA1B94372100D04999 /* Expression_12.tiff in Resources */,
				183AF51F1B91376100292936 /* CIAnother.png in Resources */,
				18A62C111B94372100D04999 /* Expression_67.tiff in Resources */,
				18A62C011B94372100D04999 /* Expression_51.tiff in Resources */,
				18A62BF11B94372100D04999 /* Expression_35.tiff in Resources */,
				183AF4E91B9133C900292936 /* Main.storyboard in Resources */,
				183AF5261B91475300292936 /* CIEmotionView.xib in Resources */,
				18A62BF41B94372100D04999 /* Expression_38.tiff in Resources */,
				18A62C181B94372100D04999 /* Expression_74.tiff in Resources */,
				18A62BD51B94372100D04999 /* Expression_7.tiff in Resources */,
				18A62C2E1B94372100D04999 /* Expression_96.tiff in Resources */,
				18A62BE81B94372100D04999 /* Expression_26.tiff in Resources */,
				18A62BE11B94372100D04999 /* Expression_19.tiff in Resources */,
				183AF4EE1B9133C900292936 /* LaunchScreen.xib in Resources */,
				18A62BFC1B94372100D04999 /* Expression_46.tiff in Resources */,
				18A62C151B94372100D04999 /* Expression_71.tiff in Resources */,
				183AF5371B91810700292936 /* CIAnotherContent2.png in Resources */,
				18A62BD91B94372100D04999 /* Expression_11.tiff in Resources */,
				18A62C0F1B94372100D04999 /* Expression_65.tiff in Resources */,
				18A62BFE1B94372100D04999 /* Expression_48.tiff in Resources */,
				18A62BEF1B94372100D04999 /* Expression_33.tiff in Resources */,
				18A62C071B94372100D04999 /* Expression_57.tiff in Resources */,
				18A62C2B1B94372100D04999 /* Expression_93.tiff in Resources */,
				18A62BD31B94372100D04999 /* Expression_5.tiff in Resources */,
				18A62BD61B94372100D04999 /* Expression_8.tiff in Resources */,
				18A62C031B94372100D04999 /* Expression_53.tiff in Resources */,
				183AF5381B91810700292936 /* CIAnotherContent3.png in Resources */,
				18A62BEE1B94372100D04999 /* Expression_32.tiff in Resources */,
				18A62C091B94372100D04999 /* Expression_59.tiff in Resources */,
				18A62C121B94372100D04999 /* Expression_68.tiff in Resources */,
				18A62BF31B94372100D04999 /* Expression_37.tiff in Resources */,
				183AF51E1B91376100292936 /* CIKeyboard.png in Resources */,
				18A62BE01B94372100D04999 /* Expression_18.tiff in Resources */,
				18A62BD11B94372100D04999 /* Expression_3.tiff in Resources */,
				18A62C481B94573400D04999 /* expression.plist in Resources */,
				183AF51C1B91376100292936 /* CIEmotion.png in Resources */,
				18A62BDC1B94372100D04999 /* Expression_14.tiff in Resources */,
				18A62C251B94372100D04999 /* Expression_87.tiff in Resources */,
				18A62C001B94372100D04999 /* Expression_50.tiff in Resources */,
				18A62C021B94372100D04999 /* Expression_52.tiff in Resources */,
				18A62BD41B94372100D04999 /* Expression_6.tiff in Resources */,
				183AF5361B91810700292936 /* CIAnotherContent1.png in Resources */,
				18A62C041B94372100D04999 /* Expression_54.tiff in Resources */,
				18A62C081B94372100D04999 /* Expression_58.tiff in Resources */,
				18A62BEA1B94372100D04999 /* Expression_28.tiff in Resources */,
				18A62BFD1B94372100D04999 /* Expression_47.tiff in Resources */,
				18A62C4D1B95366700D04999 /* CIEmotionBtnView.xib in Resources */,
				18A62C141B94372100D04999 /* Expression_70.tiff in Resources */,
				18A62BE41B94372100D04999 /* Expression_22.tiff in Resources */,
				18A62C2C1B94372100D04999 /* Expression_94.tiff in Resources */,
				18A62BF61B94372100D04999 /* Expression_40.tiff in Resources */,
				18A62BFF1B94372100D04999 /* Expression_49.tiff in Resources */,
				18A62BE61B94372100D04999 /* Expression_24.tiff in Resources */,
				183AF51D1B91376100292936 /* CIVoice.png in Resources */,
				183AF5081B91344800292936 /* CIDetailController.xib in Resources */,
				18A62BF81B94372100D04999 /* Expression_42.tiff in Resources */,
				18A62C061B94372100D04999 /* Expression_56.tiff in Resources */,
				18A62C131B94372100D04999 /* Expression_69.tiff in Resources */,
				18A62C221B94372100D04999 /* Expression_84.tiff in Resources */,
				18A62BDB1B94372100D04999 /* Expression_13.tiff in Resources */,
				18A62C1A1B94372100D04999 /* Expression_76.tiff in Resources */,
				18A62C051B94372100D04999 /* Expression_55.tiff in Resources */,
				18A62BD21B94372100D04999 /* Expression_4.tiff in Resources */,
				18A62C261B94372100D04999 /* Expression_88.tiff in Resources */,
				18A62BDF1B94372100D04999 /* Expression_17.tiff in Resources */,
				18A62C241B94372100D04999 /* Expression_86.tiff in Resources */,
				18A62C231B94372100D04999 /* Expression_85.tiff in Resources */,
				183AF5121B91355600292936 /* CIDetailCell.xib in Resources */,
				18A62C1F1B94372100D04999 /* Expression_81.tiff in Resources */,
				183AF5351B91810700292936 /* CIAnotherContent4.png in Resources */,
				18A62C1D1B94372100D04999 /* Expression_79.tiff in Resources */,
				18A62C201B94372100D04999 /* Expression_82.tiff in Resources */,
				183AF5171B9136E100292936 /* CIInputBar.xib in Resources */,
				18A62C301B94372100D04999 /* Expression_98.tiff in Resources */,
				18A62C191B94372100D04999 /* Expression_75.tiff in Resources */,
				18A62C2D1B94372100D04999 /* Expression_95.tiff in Resources */,
				18A62C1B1B94372100D04999 /* Expression_77.tiff in Resources */,
				18A62BEB1B94372100D04999 /* Expression_29.tiff in Resources */,
				18A62C101B94372100D04999 /* Expression_66.tiff in Resources */,
				183AF5301B917A7400292936 /* CIAnotherContentView.xib in Resources */,
				18A62C0A1B94372100D04999 /* Expression_60.tiff in Resources */,
				18A62C311B94372100D04999 /* Expression_99.tiff in Resources */,
				18A62BD71B94372100D04999 /* Expression_9.tiff in Resources */,
				18A62C2F1B94372100D04999 /* Expression_97.tiff in Resources */,
				18A62BEC1B94372100D04999 /* Expression_30.tiff in Resources */,
				18A62C281B94372100D04999 /* Expression_90.tiff in Resources */,
				18A62C4F1B953E1100D04999 /* Expression_delete.png in Resources */,
				18A62C321B94372100D04999 /* Expression_100.tiff in Resources */,
				18A62C441B9456AC00D04999 /* CIEmotionListBtnView.xib in Resources */,
				18A62C1C1B94372100D04999 /* Expression_78.tiff in Resources */,
				18A62BF01B94372100D04999 /* Expression_34.tiff in Resources */,
				18A62BDD1B94372100D04999 /* Expression_15.tiff in Resources */,
				18A62BF91B94372100D04999 /* Expression_43.tiff in Resources */,
				183AF4EB1B9133C900292936 /* Images.xcassets in Resources */,
				18A62BF21B94372100D04999 /* Expression_36.tiff in Resources */,
				18A62BE51B94372100D04999 /* Expression_23.tiff in Resources */,
				18A62C211B94372100D04999 /* Expression_83.tiff in Resources */,
				18A62BFA1B94372100D04999 /* Expression_44.tiff in Resources */,
				18A62BED1B94372100D04999 /* Expression_31.tiff in Resources */,
				18A62C0B1B94372100D04999 /* Expression_61.tiff in Resources */,
				18A62BF51B94372100D04999 /* Expression_39.tiff in Resources */,
				18A62BE71B94372100D04999 /* Expression_25.tiff in Resources */,
				18A62BE21B94372100D04999 /* Expression_20.tiff in Resources */,
				18A62C1E1B94372100D04999 /* Expression_80.tiff in Resources */,
				18A62C291B94372100D04999 /* Expression_91.tiff in Resources */,
				18A62BE31B94372100D04999 /* Expression_21.tiff in Resources */,
			);
			runOnlyForDeploymentPostprocessing = 0;
		};
		183AF4F11B9133C900292936 /* Resources */ = {
			isa = PBXResourcesBuildPhase;
			buildActionMask = 2147483647;
			files = (
			);
			runOnlyForDeploymentPostprocessing = 0;
		};
/* End PBXResourcesBuildPhase section */

/* Begin PBXSourcesBuildPhase section */
		183AF4D61B9133C900292936 /* Sources */ = {
			isa = PBXSourcesBuildPhase;
			buildActionMask = 2147483647;
			files = (
				183AF5151B9136D300292936 /* CIInputBar.m in Sources */,
				183AF4E61B9133C900292936 /* ViewController.m in Sources */,
				183AF52E1B917A6500292936 /* CIAnotherContentView.m in Sources */,
				183AF4E31B9133C900292936 /* AppDelegate.m in Sources */,
				183AF5071B91344800292936 /* CIDetailController.m in Sources */,
				18A62C531B959EA100D04999 /* CIEmotionAlertView.m in Sources */,
				183AF5291B91568A00292936 /* CIAnotherView.m in Sources */,
				183AF5241B91473F00292936 /* CIEmotionView.m in Sources */,
				183AF5111B91355600292936 /* CIDetailCell.m in Sources */,
				18A62C4B1B95365800D04999 /* CIEmotionBtnView.m in Sources */,
				183AF4E01B9133C900292936 /* main.m in Sources */,
				18A62C421B94569800D04999 /* CIEmotionListBtnView.m in Sources */,
			);
			runOnlyForDeploymentPostprocessing = 0;
		};
		183AF4EF1B9133C900292936 /* Sources */ = {
			isa = PBXSourcesBuildPhase;
			buildActionMask = 2147483647;
			files = (
				183AF4FA1B9133C900292936 /* ChatInputTests.m in Sources */,
			);
			runOnlyForDeploymentPostprocessing = 0;
		};
/* End PBXSourcesBuildPhase section */

/* Begin PBXTargetDependency section */
		183AF4F51B9133C900292936 /* PBXTargetDependency */ = {
			isa = PBXTargetDependency;
			target = 183AF4D91B9133C900292936 /* ChatInput */;
			targetProxy = 183AF4F41B9133C900292936 /* PBXContainerItemProxy */;
		};
/* End PBXTargetDependency section */

/* Begin PBXVariantGroup section */
		183AF4E71B9133C900292936 /* Main.storyboard */ = {
			isa = PBXVariantGroup;
			children = (
				183AF4E81B9133C900292936 /* Base */,
			);
			name = Main.storyboard;
			sourceTree = "<group>";
		};
		183AF4EC1B9133C900292936 /* LaunchScreen.xib */ = {
			isa = PBXVariantGroup;
			children = (
				183AF4ED1B9133C900292936 /* Base */,
			);
			name = LaunchScreen.xib;
			sourceTree = "<group>";
		};
/* End PBXVariantGroup section */

/* Begin XCBuildConfiguration section */
		183AF4FB1B9133C900292936 /* Debug */ = {
			isa = XCBuildConfiguration;
			buildSettings = {
				ALWAYS_SEARCH_USER_PATHS = NO;
				CLANG_CXX_LANGUAGE_STANDARD = "gnu++0x";
				CLANG_CXX_LIBRARY = "libc++";
				CLANG_ENABLE_MODULES = YES;
				CLANG_ENABLE_OBJC_ARC = YES;
				CLANG_WARN_BOOL_CONVERSION = YES;
				CLANG_WARN_CONSTANT_CONVERSION = YES;
				CLANG_WARN_DIRECT_OBJC_ISA_USAGE = YES_ERROR;
				CLANG_WARN_EMPTY_BODY = YES;
				CLANG_WARN_ENUM_CONVERSION = YES;
				CLANG_WARN_INT_CONVERSION = YES;
				CLANG_WARN_OBJC_ROOT_CLASS = YES_ERROR;
				CLANG_WARN_UNREACHABLE_CODE = YES;
				CLANG_WARN__DUPLICATE_METHOD_MATCH = YES;
				"CODE_SIGN_IDENTITY[sdk=iphoneos*]" = "iPhone Developer";
				COPY_PHASE_STRIP = NO;
				DEBUG_INFORMATION_FORMAT = "dwarf-with-dsym";
				ENABLE_STRICT_OBJC_MSGSEND = YES;
				GCC_C_LANGUAGE_STANDARD = gnu99;
				GCC_DYNAMIC_NO_PIC = NO;
				GCC_NO_COMMON_BLOCKS = YES;
				GCC_OPTIMIZATION_LEVEL = 0;
				GCC_PREPROCESSOR_DEFINITIONS = (
					"DEBUG=1",
					"$(inherited)",
				);
				GCC_SYMBOLS_PRIVATE_EXTERN = NO;
				GCC_WARN_64_TO_32_BIT_CONVERSION = YES;
				GCC_WARN_ABOUT_RETURN_TYPE = YES_ERROR;
				GCC_WARN_UNDECLARED_SELECTOR = YES;
				GCC_WARN_UNINITIALIZED_AUTOS = YES_AGGRESSIVE;
				GCC_WARN_UNUSED_FUNCTION = YES;
				GCC_WARN_UNUSED_VARIABLE = YES;
				IPHONEOS_DEPLOYMENT_TARGET = 8.4;
				MTL_ENABLE_DEBUG_INFO = YES;
				ONLY_ACTIVE_ARCH = YES;
				SDKROOT = iphoneos;
				TARGETED_DEVICE_FAMILY = "1,2";
			};
			name = Debug;
		};
		183AF4FC1B9133C900292936 /* Release */ = {
			isa = XCBuildConfiguration;
			buildSettings = {
				ALWAYS_SEARCH_USER_PATHS = NO;
				CLANG_CXX_LANGUAGE_STANDARD = "gnu++0x";
				CLANG_CXX_LIBRARY = "libc++";
				CLANG_ENABLE_MODULES = YES;
				CLANG_ENABLE_OBJC_ARC = YES;
				CLANG_WARN_BOOL_CONVERSION = YES;
				CLANG_WARN_CONSTANT_CONVERSION = YES;
				CLANG_WARN_DIRECT_OBJC_ISA_USAGE = YES_ERROR;
				CLANG_WARN_EMPTY_BODY = YES;
				CLANG_WARN_ENUM_CONVERSION = YES;
				CLANG_WARN_INT_CONVERSION = YES;
				CLANG_WARN_OBJC_ROOT_CLASS = YES_ERROR;
				CLANG_WARN_UNREACHABLE_CODE = YES;
				CLANG_WARN__DUPLICATE_METHOD_MATCH = YES;
				"CODE_SIGN_IDENTITY[sdk=iphoneos*]" = "iPhone Developer";
				COPY_PHASE_STRIP = NO;
				DEBUG_INFORMATION_FORMAT = "dwarf-with-dsym";
				ENABLE_NS_ASSERTIONS = NO;
				ENABLE_STRICT_OBJC_MSGSEND = YES;
				GCC_C_LANGUAGE_STANDARD = gnu99;
				GCC_NO_COMMON_BLOCKS = YES;
				GCC_WARN_64_TO_32_BIT_CONVERSION = YES;
				GCC_WARN_ABOUT_RETURN_TYPE = YES_ERROR;
				GCC_WARN_UNDECLARED_SELECTOR = YES;
				GCC_WARN_UNINITIALIZED_AUTOS = YES_AGGRESSIVE;
				GCC_WARN_UNUSED_FUNCTION = YES;
				GCC_WARN_UNUSED_VARIABLE = YES;
				IPHONEOS_DEPLOYMENT_TARGET = 8.4;
				MTL_ENABLE_DEBUG_INFO = NO;
				SDKROOT = iphoneos;
				TARGETED_DEVICE_FAMILY = "1,2";
				VALIDATE_PRODUCT = YES;
			};
			name = Release;
		};
		183AF4FE1B9133C900292936 /* Debug */ = {
			isa = XCBuildConfiguration;
			buildSettings = {
				ASSETCATALOG_COMPILER_APPICON_NAME = AppIcon;
				INFOPLIST_FILE = ChatInput/Info.plist;
				LD_RUNPATH_SEARCH_PATHS = "$(inherited) @executable_path/Frameworks";
				PRODUCT_NAME = "$(TARGET_NAME)";
			};
			name = Debug;
		};
		183AF4FF1B9133C900292936 /* Release */ = {
			isa = XCBuildConfiguration;
			buildSettings = {
				ASSETCATALOG_COMPILER_APPICON_NAME = AppIcon;
				INFOPLIST_FILE = ChatInput/Info.plist;
				LD_RUNPATH_SEARCH_PATHS = "$(inherited) @executable_path/Frameworks";
				PRODUCT_NAME = "$(TARGET_NAME)";
			};
			name = Release;
		};
		183AF5011B9133C900292936 /* Debug */ = {
			isa = XCBuildConfiguration;
			buildSettings = {
				BUNDLE_LOADER = "$(TEST_HOST)";
				FRAMEWORK_SEARCH_PATHS = (
					"$(SDKROOT)/Developer/Library/Frameworks",
					"$(inherited)",
				);
				GCC_PREPROCESSOR_DEFINITIONS = (
					"DEBUG=1",
					"$(inherited)",
				);
				INFOPLIST_FILE = ChatInputTests/Info.plist;
				LD_RUNPATH_SEARCH_PATHS = "$(inherited) @executable_path/Frameworks @loader_path/Frameworks";
				PRODUCT_NAME = "$(TARGET_NAME)";
				TEST_HOST = "$(BUILT_PRODUCTS_DIR)/ChatInput.app/ChatInput";
			};
			name = Debug;
		};
		183AF5021B9133C900292936 /* Release */ = {
			isa = XCBuildConfiguration;
			buildSettings = {
				BUNDLE_LOADER = "$(TEST_HOST)";
				FRAMEWORK_SEARCH_PATHS = (
					"$(SDKROOT)/Developer/Library/Frameworks",
					"$(inherited)",
				);
				INFOPLIST_FILE = ChatInputTests/Info.plist;
				LD_RUNPATH_SEARCH_PATHS = "$(inherited) @executable_path/Frameworks @loader_path/Frameworks";
				PRODUCT_NAME = "$(TARGET_NAME)";
				TEST_HOST = "$(BUILT_PRODUCTS_DIR)/ChatInput.app/ChatInput";
			};
			name = Release;
		};
/* End XCBuildConfiguration section */

/* Begin XCConfigurationList section */
		183AF4D51B9133C900292936 /* Build configuration list for PBXProject "ChatInput" */ = {
			isa = XCConfigurationList;
			buildConfigurations = (
				183AF4FB1B9133C900292936 /* Debug */,
				183AF4FC1B9133C900292936 /* Release */,
			);
			defaultConfigurationIsVisible = 0;
			defaultConfigurationName = Release;
		};
		183AF4FD1B9133C900292936 /* Build configuration list for PBXNativeTarget "ChatInput" */ = {
			isa = XCConfigurationList;
			buildConfigurations = (
				183AF4FE1B9133C900292936 /* Debug */,
				183AF4FF1B9133C900292936 /* Release */,
			);
			defaultConfigurationIsVisible = 0;
			defaultConfigurationName = Release;
		};
		183AF5001B9133C900292936 /* Build configuration list for PBXNativeTarget "ChatInputTests" */ = {
			isa = XCConfigurationList;
			buildConfigurations = (
				183AF5011B9133C900292936 /* Debug */,
				183AF5021B9133C900292936 /* Release */,
			);
			defaultConfigurationIsVisible = 0;
			defaultConfigurationName = Release;
		};
/* End XCConfigurationList section */
	};
	rootObject = 183AF4D21B9133C900292936 /* Project object */;
}
